// !$*UTF8*$!
{
	archiveVersion = 1;
	classes = {
	};
	objectVersion = 56;
	objects = {

/* Begin PBXBuildFile section */
		BA07C9682C3E6AE6006EF90D /* _0MultipleButtonsApp.swift in Sources */ = {isa = PBXBuildFile; fileRef = BA07C9672C3E6AE6006EF90D /* _0MultipleButtonsApp.swift */; };
		BA07C96A2C3E6AE6006EF90D /* ContentView.swift in Sources */ = {isa = PBXBuildFile; fileRef = BA07C9692C3E6AE6006EF90D /* ContentView.swift */; };
		BA07C96C2C3E6AE9006EF90D /* Assets.xcassets in Resources */ = {isa = PBXBuildFile; fileRef = BA07C96B2C3E6AE9006EF90D /* Assets.xcassets */; };
		BA07C9702C3E6AE9006EF90D /* Preview Assets.xcassets in Resources */ = {isa = PBXBuildFile; fileRef = BA07C96F2C3E6AE9006EF90D /* Preview Assets.xcassets */; };
		BA07C97A2C3E6AE9006EF90D /* _0MultipleButtonsTests.swift in Sources */ = {isa = PBXBuildFile; fileRef = BA07C9792C3E6AE9006EF90D /* _0MultipleButtonsTests.swift */; };
		BA07C9842C3E6AE9006EF90D /* _0MultipleButtonsUITests.swift in Sources */ = {isa = PBXBuildFile; fileRef = BA07C9832C3E6AE9006EF90D /* _0MultipleButtonsUITests.swift */; };
		BA07C9862C3E6AE9006EF90D /* _0MultipleButtonsUITestsLaunchTests.swift in Sources */ = {isa = PBXBuildFile; fileRef = BA07C9852C3E6AE9006EF90D /* _0MultipleButtonsUITestsLaunchTests.swift */; };
/* End PBXBuildFile section */

/* Begin PBXContainerItemProxy section */
		BA07C9762C3E6AE9006EF90D /* PBXContainerItemProxy */ = {
			isa = PBXContainerItemProxy;
			containerPortal = BA07C95C2C3E6AE6006EF90D /* Project object */;
			proxyType = 1;
			remoteGlobalIDString = BA07C9632C3E6AE6006EF90D;
			remoteInfo = 20MultipleButtons;
		};
		BA07C9802C3E6AE9006EF90D /* PBXContainerItemProxy */ = {
			isa = PBXContainerItemProxy;
			containerPortal = BA07C95C2C3E6AE6006EF90D /* Project object */;
			proxyType = 1;
			remoteGlobalIDString = BA07C9632C3E6AE6006EF90D;
			remoteInfo = 20MultipleButtons;
		};
/* End PBXContainerItemProxy section */

/* Begin PBXFileReference section */
		BA07C9642C3E6AE6006EF90D /* 20MultipleButtons.app */ = {isa = PBXFileReference; explicitFileType = wrapper.application; includeInIndex = 0; path = 20MultipleButtons.app; sourceTree = BUILT_PRODUCTS_DIR; };
		BA07C9672C3E6AE6006EF90D /* _0MultipleButtonsApp.swift */ = {isa = PBXFileReference; lastKnownFileType = sourcecode.swift; path = _0MultipleButtonsApp.swift; sourceTree = "<group>"; };
		BA07C9692C3E6AE6006EF90D /* ContentView.swift */ = {isa = PBXFileReference; lastKnownFileType = sourcecode.swift; path = ContentView.swift; sourceTree = "<group>"; };
		BA07C96B2C3E6AE9006EF90D /* Assets.xcassets */ = {isa = PBXFileReference; lastKnownFileType = folder.assetcatalog; path = Assets.xcassets; sourceTree = "<group>"; };
		BA07C96D2C3E6AE9006EF90D /* _0MultipleButtons.entitlements */ = {isa = PBXFileReference; lastKnownFileType = text.plist.entitlements; path = _0MultipleButtons.entitlements; sourceTree = "<group>"; };
		BA07C96F2C3E6AE9006EF90D /* Preview Assets.xcassets */ = {isa = PBXFileReference; lastKnownFileType = folder.assetcatalog; path = "Preview Assets.xcassets"; sourceTree = "<group>"; };
		BA07C9752C3E6AE9006EF90D /* 20MultipleButtonsTests.xctest */ = {isa = PBXFileReference; explicitFileType = wrapper.cfbundle; includeInIndex = 0; path = 20MultipleButtonsTests.xctest; sourceTree = BUILT_PRODUCTS_DIR; };
		BA07C9792C3E6AE9006EF90D /* _0MultipleButtonsTests.swift */ = {isa = PBXFileReference; lastKnownFileType = sourcecode.swift; path = _0MultipleButtonsTests.swift; sourceTree = "<group>"; };
		BA07C97F2C3E6AE9006EF90D /* 20MultipleButtonsUITests.xctest */ = {isa = PBXFileReference; explicitFileType = wrapper.cfbundle; includeInIndex = 0; path = 20MultipleButtonsUITests.xctest; sourceTree = BUILT_PRODUCTS_DIR; };
		BA07C9832C3E6AE9006EF90D /* _0MultipleButtonsUITests.swift */ = {isa = PBXFileReference; lastKnownFileType = sourcecode.swift; path = _0MultipleButtonsUITests.swift; sourceTree = "<group>"; };
		BA07C9852C3E6AE9006EF90D /* _0MultipleButtonsUITestsLaunchTests.swift */ = {isa = PBXFileReference; lastKnownFileType = sourcecode.swift; path = _0MultipleButtonsUITestsLaunchTests.swift; sourceTree = "<group>"; };
/* End PBXFileReference section */

/* Begin PBXFrameworksBuildPhase section */
		BA07C9612C3E6AE6006EF90D /* Frameworks */ = {
			isa = PBXFrameworksBuildPhase;
			buildActionMask = 2147483647;
			files = (
			);
			runOnlyForDeploymentPostprocessing = 0;
		};
		BA07C9722C3E6AE9006EF90D /* Frameworks */ = {
			isa = PBXFrameworksBuildPhase;
			buildActionMask = 2147483647;
			files = (
			);
			runOnlyForDeploymentPostprocessing = 0;
		};
		BA07C97C2C3E6AE9006EF90D /* Frameworks */ = {
			isa = PBXFrameworksBuildPhase;
			buildActionMask = 2147483647;
			files = (
			);
			runOnlyForDeploymentPostprocessing = 0;
		};
/* End PBXFrameworksBuildPhase section */

/* Begin PBXGroup section */
		BA07C95B2C3E6AE6006EF90D = {
			isa = PBXGroup;
			children = (
				BA07C9662C3E6AE6006EF90D /* 20MultipleButtons */,
				BA07C9782C3E6AE9006EF90D /* 20MultipleButtonsTests */,
				BA07C9822C3E6AE9006EF90D /* 20MultipleButtonsUITests */,
				BA07C9652C3E6AE6006EF90D /* Products */,
			);
			sourceTree = "<group>";
		};
		BA07C9652C3E6AE6006EF90D /* Products */ = {
			isa = PBXGroup;
			children = (
				BA07C9642C3E6AE6006EF90D /* 20MultipleButtons.app */,
				BA07C9752C3E6AE9006EF90D /* 20MultipleButtonsTests.xctest */,
				BA07C97F2C3E6AE9006EF90D /* 20MultipleButtonsUITests.xctest */,
			);
			name = Products;
			sourceTree = "<group>";
		};
		BA07C9662C3E6AE6006EF90D /* 20MultipleButtons */ = {
			isa = PBXGroup;
			children = (
				BA07C9672C3E6AE6006EF90D /* _0MultipleButtonsApp.swift */,
				BA07C9692C3E6AE6006EF90D /* ContentView.swift */,
				BA07C96B2C3E6AE9006EF90D /* Assets.xcassets */,
				BA07C96D2C3E6AE9006EF90D /* _0MultipleButtons.entitlements */,
				BA07C96E2C3E6AE9006EF90D /* Preview Content */,
			);
			path = 20MultipleButtons;
			sourceTree = "<group>";
		};
		BA07C96E2C3E6AE9006EF90D /* Preview Content */ = {
			isa = PBXGroup;
			children = (
				BA07C96F2C3E6AE9006EF90D /* Preview Assets.xcassets */,
			);
			path = "Preview Content";
			sourceTree = "<group>";
		};
		BA07C9782C3E6AE9006EF90D /* 20MultipleButtonsTests */ = {
			isa = PBXGroup;
			children = (
				BA07C9792C3E6AE9006EF90D /* _0MultipleButtonsTests.swift */,
			);
			path = 20MultipleButtonsTests;
			sourceTree = "<group>";
		};
		BA07C9822C3E6AE9006EF90D /* 20MultipleButtonsUITests */ = {
			isa = PBXGroup;
			children = (
				BA07C9832C3E6AE9006EF90D /* _0MultipleButtonsUITests.swift */,
				BA07C9852C3E6AE9006EF90D /* _0MultipleButtonsUITestsLaunchTests.swift */,
			);
			path = 20MultipleButtonsUITests;
			sourceTree = "<group>";
		};
/* End PBXGroup section */

/* Begin PBXNativeTarget section */
		BA07C9632C3E6AE6006EF90D /* 20MultipleButtons */ = {
			isa = PBXNativeTarget;
			buildConfigurationList = BA07C9892C3E6AE9006EF90D /* Build configuration list for PBXNativeTarget "20MultipleButtons" */;
			buildPhases = (
				BA07C9602C3E6AE6006EF90D /* Sources */,
				BA07C9612C3E6AE6006EF90D /* Frameworks */,
				BA07C9622C3E6AE6006EF90D /* Resources */,
			);
			buildRules = (
			);
			dependencies = (
			);
			name = 20MultipleButtons;
			productName = 20MultipleButtons;
			productReference = BA07C9642C3E6AE6006EF90D /* 20MultipleButtons.app */;
			productType = "com.apple.product-type.application";
		};
		BA07C9742C3E6AE9006EF90D /* 20MultipleButtonsTests */ = {
			isa = PBXNativeTarget;
			buildConfigurationList = BA07C98C2C3E6AE9006EF90D /* Build configuration list for PBXNativeTarget "20MultipleButtonsTests" */;
			buildPhases = (
				BA07C9712C3E6AE9006EF90D /* Sources */,
				BA07C9722C3E6AE9006EF90D /* Frameworks */,
				BA07C9732C3E6AE9006EF90D /* Resources */,
			);
			buildRules = (
			);
			dependencies = (
				BA07C9772C3E6AE9006EF90D /* PBXTargetDependency */,
			);
			name = 20MultipleButtonsTests;
			productName = 20MultipleButtonsTests;
			productReference = BA07C9752C3E6AE9006EF90D /* 20MultipleButtonsTests.xctest */;
			productType = "com.apple.product-type.bundle.unit-test";
		};
		BA07C97E2C3E6AE9006EF90D /* 20MultipleButtonsUITests */ = {
			isa = PBXNativeTarget;
			buildConfigurationList = BA07C98F2C3E6AE9006EF90D /* Build configuration list for PBXNativeTarget "20MultipleButtonsUITests" */;
			buildPhases = (
				BA07C97B2C3E6AE9006EF90D /* Sources */,
				BA07C97C2C3E6AE9006EF90D /* Frameworks */,
				BA07C97D2C3E6AE9006EF90D /* Resources */,
			);
			buildRules = (
			);
			dependencies = (
				BA07C9812C3E6AE9006EF90D /* PBXTargetDependency */,
			);
			name = 20MultipleButtonsUITests;
			productName = 20MultipleButtonsUITests;
			productReference = BA07C97F2C3E6AE9006EF90D /* 20MultipleButtonsUITests.xctest */;
			productType = "com.apple.product-type.bundle.ui-testing";
		};
/* End PBXNativeTarget section */

/* Begin PBXProject section */
		BA07C95C2C3E6AE6006EF90D /* Project object */ = {
			isa = PBXProject;
			attributes = {
				BuildIndependentTargetsInParallel = 1;
				LastSwiftUpdateCheck = 1540;
				LastUpgradeCheck = 1540;
				TargetAttributes = {
					BA07C9632C3E6AE6006EF90D = {
						CreatedOnToolsVersion = 15.4;
					};
					BA07C9742C3E6AE9006EF90D = {
						CreatedOnToolsVersion = 15.4;
						TestTargetID = BA07C9632C3E6AE6006EF90D;
					};
					BA07C97E2C3E6AE9006EF90D = {
						CreatedOnToolsVersion = 15.4;
						TestTargetID = BA07C9632C3E6AE6006EF90D;
					};
				};
			};
			buildConfigurationList = BA07C95F2C3E6AE6006EF90D /* Build configuration list for PBXProject "20MultipleButtons" */;
			compatibilityVersion = "Xcode 14.0";
			developmentRegion = en;
			hasScannedForEncodings = 0;
			knownRegions = (
				en,
				Base,
			);
			mainGroup = BA07C95B2C3E6AE6006EF90D;
			productRefGroup = BA07C9652C3E6AE6006EF90D /* Products */;
			projectDirPath = "";
			projectRoot = "";
			targets = (
				BA07C9632C3E6AE6006EF90D /* 20MultipleButtons */,
				BA07C9742C3E6AE9006EF90D /* 20MultipleButtonsTests */,
				BA07C97E2C3E6AE9006EF90D /* 20MultipleButtonsUITests */,
			);
		};
/* End PBXProject section */

/* Begin PBXResourcesBuildPhase section */
		BA07C9622C3E6AE6006EF90D /* Resources */ = {
			isa = PBXResourcesBuildPhase;
			buildActionMask = 2147483647;
			files = (
				BA07C9702C3E6AE9006EF90D /* Preview Assets.xcassets in Resources */,
				BA07C96C2C3E6AE9006EF90D /* Assets.xcassets in Resources */,
			);
			runOnlyForDeploymentPostprocessing = 0;
		};
		BA07C9732C3E6AE9006EF90D /* Resources */ = {
			isa = PBXResourcesBuildPhase;
			buildActionMask = 2147483647;
			files = (
			);
			runOnlyForDeploymentPostprocessing = 0;
		};
		BA07C97D2C3E6AE9006EF90D /* Resources */ = {
			isa = PBXResourcesBuildPhase;
			buildActionMask = 2147483647;
			files = (
			);
			runOnlyForDeploymentPostprocessing = 0;
		};
/* End PBXResourcesBuildPhase section */

/* Begin PBXSourcesBuildPhase section */
		BA07C9602C3E6AE6006EF90D /* Sources */ = {
			isa = PBXSourcesBuildPhase;
			buildActionMask = 2147483647;
			files = (
				BA07C96A2C3E6AE6006EF90D /* ContentView.swift in Sources */,
				BA07C9682C3E6AE6006EF90D /* _0MultipleButtonsApp.swift in Sources */,
			);
			runOnlyForDeploymentPostprocessing = 0;
		};
		BA07C9712C3E6AE9006EF90D /* Sources */ = {
			isa = PBXSourcesBuildPhase;
			buildActionMask = 2147483647;
			files = (
				BA07C97A2C3E6AE9006EF90D /* _0MultipleButtonsTests.swift in Sources */,
			);
			runOnlyForDeploymentPostprocessing = 0;
		};
		BA07C97B2C3E6AE9006EF90D /* Sources */ = {
			isa = PBXSourcesBuildPhase;
			buildActionMask = 2147483647;
			files = (
				BA07C9842C3E6AE9006EF90D /* _0MultipleButtonsUITests.swift in Sources */,
				BA07C9862C3E6AE9006EF90D /* _0MultipleButtonsUITestsLaunchTests.swift in Sources */,
			);
			runOnlyForDeploymentPostprocessing = 0;
		};
/* End PBXSourcesBuildPhase section */

/* Begin PBXTargetDependency section */
		BA07C9772C3E6AE9006EF90D /* PBXTargetDependency */ = {
			isa = PBXTargetDependency;
			target = BA07C9632C3E6AE6006EF90D /* 20MultipleButtons */;
			targetProxy = BA07C9762C3E6AE9006EF90D /* PBXContainerItemProxy */;
		};
		BA07C9812C3E6AE9006EF90D /* PBXTargetDependency */ = {
			isa = PBXTargetDependency;
			target = BA07C9632C3E6AE6006EF90D /* 20MultipleButtons */;
			targetProxy = BA07C9802C3E6AE9006EF90D /* PBXContainerItemProxy */;
		};
/* End PBXTargetDependency section */

/* Begin XCBuildConfiguration section */
		BA07C9872C3E6AE9006EF90D /* Debug */ = {
			isa = XCBuildConfiguration;
			buildSettings = {
				ALWAYS_SEARCH_USER_PATHS = NO;
				ASSETCATALOG_COMPILER_GENERATE_SWIFT_ASSET_SYMBOL_EXTENSIONS = YES;
				CLANG_ANALYZER_NONNULL = YES;
				CLANG_ANALYZER_NUMBER_OBJECT_CONVERSION = YES_AGGRESSIVE;
				CLANG_CXX_LANGUAGE_STANDARD = "gnu++20";
				CLANG_ENABLE_MODULES = YES;
				CLANG_ENABLE_OBJC_ARC = YES;
				CLANG_ENABLE_OBJC_WEAK = YES;
				CLANG_WARN_BLOCK_CAPTURE_AUTORELEASING = YES;
				CLANG_WARN_BOOL_CONVERSION = YES;
				CLANG_WARN_COMMA = YES;
				CLANG_WARN_CONSTANT_CONVERSION = YES;
				CLANG_WARN_DEPRECATED_OBJC_IMPLEMENTATIONS = YES;
				CLANG_WARN_DIRECT_OBJC_ISA_USAGE = YES_ERROR;
				CLANG_WARN_DOCUMENTATION_COMMENTS = YES;
				CLANG_WARN_EMPTY_BODY = YES;
				CLANG_WARN_ENUM_CONVERSION = YES;
				CLANG_WARN_INFINITE_RECURSION = YES;
				CLANG_WARN_INT_CONVERSION = YES;
				CLANG_WARN_NON_LITERAL_NULL_CONVERSION = YES;
				CLANG_WARN_OBJC_IMPLICIT_RETAIN_SELF = YES;
				CLANG_WARN_OBJC_LITERAL_CONVERSION = YES;
				CLANG_WARN_OBJC_ROOT_CLASS = YES_ERROR;
				CLANG_WARN_QUOTED_INCLUDE_IN_FRAMEWORK_HEADER = YES;
				CLANG_WARN_RANGE_LOOP_ANALYSIS = YES;
				CLANG_WARN_STRICT_PROTOTYPES = YES;
				CLANG_WARN_SUSPICIOUS_MOVE = YES;
				CLANG_WARN_UNGUARDED_AVAILABILITY = YES_AGGRESSIVE;
				CLANG_WARN_UNREACHABLE_CODE = YES;
				CLANG_WARN__DUPLICATE_METHOD_MATCH = YES;
				COPY_PHASE_STRIP = NO;
				DEBUG_INFORMATION_FORMAT = dwarf;
				ENABLE_STRICT_OBJC_MSGSEND = YES;
				ENABLE_TESTABILITY = YES;
				ENABLE_USER_SCRIPT_SANDBOXING = YES;
				GCC_C_LANGUAGE_STANDARD = gnu17;
				GCC_DYNAMIC_NO_PIC = NO;
				GCC_NO_COMMON_BLOCKS = YES;
				GCC_OPTIMIZATION_LEVEL = 0;
				GCC_PREPROCESSOR_DEFINITIONS = (
					"DEBUG=1",
					"$(inherited)",
				);
				GCC_WARN_64_TO_32_BIT_CONVERSION = YES;
				GCC_WARN_ABOUT_RETURN_TYPE = YES_ERROR;
				GCC_WARN_UNDECLARED_SELECTOR = YES;
				GCC_WARN_UNINITIALIZED_AUTOS = YES_AGGRESSIVE;
				GCC_WARN_UNUSED_FUNCTION = YES;
				GCC_WARN_UNUSED_VARIABLE = YES;
				LOCALIZATION_PREFERS_STRING_CATALOGS = YES;
				MTL_ENABLE_DEBUG_INFO = INCLUDE_SOURCE;
				MTL_FAST_MATH = YES;
				ONLY_ACTIVE_ARCH = YES;
				SWIFT_ACTIVE_COMPILATION_CONDITIONS = "DEBUG $(inherited)";
				SWIFT_OPTIMIZATION_LEVEL = "-Onone";
			};
			name = Debug;
		};
		BA07C9882C3E6AE9006EF90D /* Release */ = {
			isa = XCBuildConfiguration;
			buildSettings = {
				ALWAYS_SEARCH_USER_PATHS = NO;
				ASSETCATALOG_COMPILER_GENERATE_SWIFT_ASSET_SYMBOL_EXTENSIONS = YES;
				CLANG_ANALYZER_NONNULL = YES;
				CLANG_ANALYZER_NUMBER_OBJECT_CONVERSION = YES_AGGRESSIVE;
				CLANG_CXX_LANGUAGE_STANDARD = "gnu++20";
				CLANG_ENABLE_MODULES = YES;
				CLANG_ENABLE_OBJC_ARC = YES;
				CLANG_ENABLE_OBJC_WEAK = YES;
				CLANG_WARN_BLOCK_CAPTURE_AUTORELEASING = YES;
				CLANG_WARN_BOOL_CONVERSION = YES;
				CLANG_WARN_COMMA = YES;
				CLANG_WARN_CONSTANT_CONVERSION = YES;
				CLANG_WARN_DEPRECATED_OBJC_IMPLEMENTATIONS = YES;
				CLANG_WARN_DIRECT_OBJC_ISA_USAGE = YES_ERROR;
				CLANG_WARN_DOCUMENTATION_COMMENTS = YES;
				CLANG_WARN_EMPTY_BODY = YES;
				CLANG_WARN_ENUM_CONVERSION = YES;
				CLANG_WARN_INFINITE_RECURSION = YES;
				CLANG_WARN_INT_CONVERSION = YES;
				CLANG_WARN_NON_LITERAL_NULL_CONVERSION = YES;
				CLANG_WARN_OBJC_IMPLICIT_RETAIN_SELF = YES;
				CLANG_WARN_OBJC_LITERAL_CONVERSION = YES;
				CLANG_WARN_OBJC_ROOT_CLASS = YES_ERROR;
				CLANG_WARN_QUOTED_INCLUDE_IN_FRAMEWORK_HEADER = YES;
				CLANG_WARN_RANGE_LOOP_ANALYSIS = YES;
				CLANG_WARN_STRICT_PROTOTYPES = YES;
				CLANG_WARN_SUSPICIOUS_MOVE = YES;
				CLANG_WARN_UNGUARDED_AVAILABILITY = YES_AGGRESSIVE;
				CLANG_WARN_UNREACHABLE_CODE = YES;
				CLANG_WARN__DUPLICATE_METHOD_MATCH = YES;
				COPY_PHASE_STRIP = NO;
				DEBUG_INFORMATION_FORMAT = "dwarf-with-dsym";
				ENABLE_NS_ASSERTIONS = NO;
				ENABLE_STRICT_OBJC_MSGSEND = YES;
				ENABLE_USER_SCRIPT_SANDBOXING = YES;
				GCC_C_LANGUAGE_STANDARD = gnu17;
				GCC_NO_COMMON_BLOCKS = YES;
				GCC_WARN_64_TO_32_BIT_CONVERSION = YES;
				GCC_WARN_ABOUT_RETURN_TYPE = YES_ERROR;
				GCC_WARN_UNDECLARED_SELECTOR = YES;
				GCC_WARN_UNINITIALIZED_AUTOS = YES_AGGRESSIVE;
				GCC_WARN_UNUSED_FUNCTION = YES;
				GCC_WARN_UNUSED_VARIABLE = YES;
				LOCALIZATION_PREFERS_STRING_CATALOGS = YES;
				MTL_ENABLE_DEBUG_INFO = NO;
				MTL_FAST_MATH = YES;
				SWIFT_COMPILATION_MODE = wholemodule;
			};
			name = Release;
		};
		BA07C98A2C3E6AE9006EF90D /* Debug */ = {
			isa = XCBuildConfiguration;
			buildSettings = {
				ASSETCATALOG_COMPILER_APPICON_NAME = AppIcon;
				ASSETCATALOG_COMPILER_GLOBAL_ACCENT_COLOR_NAME = AccentColor;
				CODE_SIGN_ENTITLEMENTS = 20MultipleButtons/_0MultipleButtons.entitlements;
				CODE_SIGN_STYLE = Automatic;
				CURRENT_PROJECT_VERSION = 1;
				DEVELOPMENT_ASSET_PATHS = "\"20MultipleButtons/Preview Content\"";
				ENABLE_PREVIEWS = YES;
				GENERATE_INFOPLIST_FILE = YES;
				"INFOPLIST_KEY_UIApplicationSceneManifest_Generation[sdk=iphoneos*]" = YES;
				"INFOPLIST_KEY_UIApplicationSceneManifest_Generation[sdk=iphonesimulator*]" = YES;
				"INFOPLIST_KEY_UIApplicationSupportsIndirectInputEvents[sdk=iphoneos*]" = YES;
				"INFOPLIST_KEY_UIApplicationSupportsIndirectInputEvents[sdk=iphonesimulator*]" = YES;
				"INFOPLIST_KEY_UILaunchScreen_Generation[sdk=iphoneos*]" = YES;
				"INFOPLIST_KEY_UILaunchScreen_Generation[sdk=iphonesimulator*]" = YES;
				"INFOPLIST_KEY_UIStatusBarStyle[sdk=iphoneos*]" = UIStatusBarStyleDefault;
				"INFOPLIST_KEY_UIStatusBarStyle[sdk=iphonesimulator*]" = UIStatusBarStyleDefault;
				INFOPLIST_KEY_UISupportedInterfaceOrientations_iPad = "UIInterfaceOrientationPortrait UIInterfaceOrientationPortraitUpsideDown UIInterfaceOrientationLandscapeLeft UIInterfaceOrientationLandscapeRight";
				INFOPLIST_KEY_UISupportedInterfaceOrientations_iPhone = "UIInterfaceOrientationPortrait UIInterfaceOrientationLandscapeLeft UIInterfaceOrientationLandscapeRight";
				IPHONEOS_DEPLOYMENT_TARGET = 17.5;
				LD_RUNPATH_SEARCH_PATHS = "@executable_path/Frameworks";
				"LD_RUNPATH_SEARCH_PATHS[sdk=macosx*]" = "@executable_path/../Frameworks";
				MACOSX_DEPLOYMENT_TARGET = 14.4;
				MARKETING_VERSION = 1.0;
				PRODUCT_BUNDLE_IDENTIFIER = "com.sahil..-0MultipleButtons";
				PRODUCT_NAME = "$(TARGET_NAME)";
				SDKROOT = auto;
				SUPPORTED_PLATFORMS = "iphoneos iphonesimulator macosx";
				SWIFT_EMIT_LOC_STRINGS = YES;
				SWIFT_VERSION = 5.0;
				TARGETED_DEVICE_FAMILY = "1,2";
			};
			name = Debug;
		};
		BA07C98B2C3E6AE9006EF90D /* Release */ = {
			isa = XCBuildConfiguration;
			buildSettings = {
				ASSETCATALOG_COMPILER_APPICON_NAME = AppIcon;
				ASSETCATALOG_COMPILER_GLOBAL_ACCENT_COLOR_NAME = AccentColor;
				CODE_SIGN_ENTITLEMENTS = 20MultipleButtons/_0MultipleButtons.entitlements;
				CODE_SIGN_STYLE = Automatic;
				CURRENT_PROJECT_VERSION = 1;
				DEVELOPMENT_ASSET_PATHS = "\"20MultipleButtons/Preview Content\"";
				ENABLE_PREVIEWS = YES;
				GENERATE_INFOPLIST_FILE = YES;
				"INFOPLIST_KEY_UIApplicationSceneManifest_Generation[sdk=iphoneos*]" = YES;
				"INFOPLIST_KEY_UIApplicationSceneManifest_Generation[sdk=iphonesimulator*]" = YES;
				"INFOPLIST_KEY_UIApplicationSupportsIndirectInputEvents[sdk=iphoneos*]" = YES;
				"INFOPLIST_KEY_UIApplicationSupportsIndirectInputEvents[sdk=iphonesimulator*]" = YES;
				"INFOPLIST_KEY_UILaunchScreen_Generation[sdk=iphoneos*]" = YES;
				"INFOPLIST_KEY_UILaunchScreen_Generation[sdk=iphonesimulator*]" = YES;
				"INFOPLIST_KEY_UIStatusBarStyle[sdk=iphoneos*]" = UIStatusBarStyleDefault;
				"INFOPLIST_KEY_UIStatusBarStyle[sdk=iphonesimulator*]" = UIStatusBarStyleDefault;
				INFOPLIST_KEY_UISupportedInterfaceOrientations_iPad = "UIInterfaceOrientationPortrait UIInterfaceOrientationPortraitUpsideDown UIInterfaceOrientationLandscapeLeft UIInterfaceOrientationLandscapeRight";
				INFOPLIST_KEY_UISupportedInterfaceOrientations_iPhone = "UIInterfaceOrientationPortrait UIInterfaceOrientationLandscapeLeft UIInterfaceOrientationLandscapeRight";
				IPHONEOS_DEPLOYMENT_TARGET = 17.5;
				LD_RUNPATH_SEARCH_PATHS = "@executable_path/Frameworks";
				"LD_RUNPATH_SEARCH_PATHS[sdk=macosx*]" = "@executable_path/../Frameworks";
				MACOSX_DEPLOYMENT_TARGET = 14.4;
				MARKETING_VERSION = 1.0;
				PRODUCT_BUNDLE_IDENTIFIER = "com.sahil..-0MultipleButtons";
				PRODUCT_NAME = "$(TARGET_NAME)";
				SDKROOT = auto;
				SUPPORTED_PLATFORMS = "iphoneos iphonesimulator macosx";
				SWIFT_EMIT_LOC_STRINGS = YES;
				SWIFT_VERSION = 5.0;
				TARGETED_DEVICE_FAMILY = "1,2";
			};
			name = Release;
		};
		BA07C98D2C3E6AE9006EF90D /* Debug */ = {
			isa = XCBuildConfiguration;
			buildSettings = {
				ALWAYS_EMBED_SWIFT_STANDARD_LIBRARIES = YES;
				BUNDLE_LOADER = "$(TEST_HOST)";
				CODE_SIGN_STYLE = Automatic;
				CURRENT_PROJECT_VERSION = 1;
				GENERATE_INFOPLIST_FILE = YES;
				IPHONEOS_DEPLOYMENT_TARGET = 17.5;
				MACOSX_DEPLOYMENT_TARGET = 14.4;
				MARKETING_VERSION = 1.0;
				PRODUCT_BUNDLE_IDENTIFIER = "com.sahil..-0MultipleButtonsTests";
				PRODUCT_NAME = "$(TARGET_NAME)";
				SDKROOT = auto;
				SUPPORTED_PLATFORMS = "iphoneos iphonesimulator macosx";
				SWIFT_EMIT_LOC_STRINGS = NO;
				SWIFT_VERSION = 5.0;
				TARGETED_DEVICE_FAMILY = "1,2";
				TEST_HOST = "$(BUILT_PRODUCTS_DIR)/20MultipleButtons.app/$(BUNDLE_EXECUTABLE_FOLDER_PATH)/20MultipleButtons";
			};
			name = Debug;
		};
		BA07C98E2C3E6AE9006EF90D /* Release */ = {
			isa = XCBuildConfiguration;
			buildSettings = {
				ALWAYS_EMBED_SWIFT_STANDARD_LIBRARIES = YES;
				BUNDLE_LOADER = "$(TEST_HOST)";
				CODE_SIGN_STYLE = Automatic;
				CURRENT_PROJECT_VERSION = 1;
				GENERATE_INFOPLIST_FILE = YES;
				IPHONEOS_DEPLOYMENT_TARGET = 17.5;
				MACOSX_DEPLOYMENT_TARGET = 14.4;
				MARKETING_VERSION = 1.0;
				PRODUCT_BUNDLE_IDENTIFIER = "com.sahil..-0MultipleButtonsTests";
				PRODUCT_NAME = "$(TARGET_NAME)";
				SDKROOT = auto;
				SUPPORTED_PLATFORMS = "iphoneos iphonesimulator macosx";
				SWIFT_EMIT_LOC_STRINGS = NO;
				SWIFT_VERSION = 5.0;
				TARGETED_DEVICE_FAMILY = "1,2";
				TEST_HOST = "$(BUILT_PRODUCTS_DIR)/20MultipleButtons.app/$(BUNDLE_EXECUTABLE_FOLDER_PATH)/20MultipleButtons";
			};
			name = Release;
		};
		BA07C9902C3E6AE9006EF90D /* Debug */ = {
			isa = XCBuildConfiguration;
			buildSettings = {
				ALWAYS_EMBED_SWIFT_STANDARD_LIBRARIES = YES;
				CODE_SIGN_STYLE = Automatic;
				CURRENT_PROJECT_VERSION = 1;
				GENERATE_INFOPLIST_FILE = YES;
				IPHONEOS_DEPLOYMENT_TARGET = 17.5;
				MACOSX_DEPLOYMENT_TARGET = 14.4;
				MARKETING_VERSION = 1.0;
				PRODUCT_BUNDLE_IDENTIFIER = "com.sahil..-0MultipleButtonsUITests";
				PRODUCT_NAME = "$(TARGET_NAME)";
				SDKROOT = auto;
				SUPPORTED_PLATFORMS = "iphoneos iphonesimulator macosx";
				SWIFT_EMIT_LOC_STRINGS = NO;
				SWIFT_VERSION = 5.0;
				TARGETED_DEVICE_FAMILY = "1,2";
				TEST_TARGET_NAME = 20MultipleButtons;
			};
			name = Debug;
		};
		BA07C9912C3E6AE9006EF90D /* Release */ = {
			isa = XCBuildConfiguration;
			buildSettings = {
				ALWAYS_EMBED_SWIFT_STANDARD_LIBRARIES = YES;
				CODE_SIGN_STYLE = Automatic;
				CURRENT_PROJECT_VERSION = 1;
				GENERATE_INFOPLIST_FILE = YES;
				IPHONEOS_DEPLOYMENT_TARGET = 17.5;
				MACOSX_DEPLOYMENT_TARGET = 14.4;
				MARKETING_VERSION = 1.0;
				PRODUCT_BUNDLE_IDENTIFIER = "com.sahil..-0MultipleButtonsUITests";
				PRODUCT_NAME = "$(TARGET_NAME)";
				SDKROOT = auto;
				SUPPORTED_PLATFORMS = "iphoneos iphonesimulator macosx";
				SWIFT_EMIT_LOC_STRINGS = NO;
				SWIFT_VERSION = 5.0;
				TARGETED_DEVICE_FAMILY = "1,2";
				TEST_TARGET_NAME = 20MultipleButtons;
			};
			name = Release;
		};
/* End XCBuildConfiguration section */

/* Begin XCConfigurationList section */
		BA07C95F2C3E6AE6006EF90D /* Build configuration list for PBXProject "20MultipleButtons" */ = {
			isa = XCConfigurationList;
			buildConfigurations = (
				BA07C9872C3E6AE9006EF90D /* Debug */,
				BA07C9882C3E6AE9006EF90D /* Release */,
			);
			defaultConfigurationIsVisible = 0;
			defaultConfigurationName = Release;
		};
		BA07C9892C3E6AE9006EF90D /* Build configuration list for PBXNativeTarget "20MultipleButtons" */ = {
			isa = XCConfigurationList;
			buildConfigurations = (
				BA07C98A2C3E6AE9006EF90D /* Debug */,
				BA07C98B2C3E6AE9006EF90D /* Release */,
			);
			defaultConfigurationIsVisible = 0;
			defaultConfigurationName = Release;
		};
		BA07C98C2C3E6AE9006EF90D /* Build configuration list for PBXNativeTarget "20MultipleButtonsTests" */ = {
			isa = XCConfigurationList;
			buildConfigurations = (
				BA07C98D2C3E6AE9006EF90D /* Debug */,
				BA07C98E2C3E6AE9006EF90D /* Release */,
			);
			defaultConfigurationIsVisible = 0;
			defaultConfigurationName = Release;
		};
		BA07C98F2C3E6AE9006EF90D /* Build configuration list for PBXNativeTarget "20MultipleButtonsUITests" */ = {
			isa = XCConfigurationList;
			buildConfigurations = (
				BA07C9902C3E6AE9006EF90D /* Debug */,
				BA07C9912C3E6AE9006EF90D /* Release */,
			);
			defaultConfigurationIsVisible = 0;
			defaultConfigurationName = Release;
		};
/* End XCConfigurationList section */
	};
	rootObject = BA07C95C2C3E6AE6006EF90D /* Project object */;
}
