// !$*UTF8*$!
{
	archiveVersion = 1;
	classes = {
	};
	objectVersion = 56;
	objects = {

/* Begin PBXBuildFile section */
		BAC390BA2C51515C0028D914 /* _4TextfieldApp.swift in Sources */ = {isa = PBXBuildFile; fileRef = BAC390B92C51515C0028D914 /* _4TextfieldApp.swift */; };
		BAC390BC2C51515C0028D914 /* ContentView.swift in Sources */ = {isa = PBXBuildFile; fileRef = BAC390BB2C51515C0028D914 /* ContentView.swift */; };
		BAC390BE2C51515D0028D914 /* Assets.xcassets in Resources */ = {isa = PBXBuildFile; fileRef = BAC390BD2C51515D0028D914 /* Assets.xcassets */; };
		BAC390C22C51515D0028D914 /* Preview Assets.xcassets in Resources */ = {isa = PBXBuildFile; fileRef = BAC390C12C51515D0028D914 /* Preview Assets.xcassets */; };
		BAC390CC2C51515E0028D914 /* _4TextfieldTests.swift in Sources */ = {isa = PBXBuildFile; fileRef = BAC390CB2C51515E0028D914 /* _4TextfieldTests.swift */; };
		BAC390D62C51515E0028D914 /* _4TextfieldUITests.swift in Sources */ = {isa = PBXBuildFile; fileRef = BAC390D52C51515E0028D914 /* _4TextfieldUITests.swift */; };
		BAC390D82C51515E0028D914 /* _4TextfieldUITestsLaunchTests.swift in Sources */ = {isa = PBXBuildFile; fileRef = BAC390D72C51515E0028D914 /* _4TextfieldUITestsLaunchTests.swift */; };
/* End PBXBuildFile section */

/* Begin PBXContainerItemProxy section */
		BAC390C82C51515E0028D914 /* PBXContainerItemProxy */ = {
			isa = PBXContainerItemProxy;
			containerPortal = BAC390AE2C51515C0028D914 /* Project object */;
			proxyType = 1;
			remoteGlobalIDString = BAC390B52C51515C0028D914;
			remoteInfo = 24Textfield;
		};
		BAC390D22C51515E0028D914 /* PBXContainerItemProxy */ = {
			isa = PBXContainerItemProxy;
			containerPortal = BAC390AE2C51515C0028D914 /* Project object */;
			proxyType = 1;
			remoteGlobalIDString = BAC390B52C51515C0028D914;
			remoteInfo = 24Textfield;
		};
/* End PBXContainerItemProxy section */

/* Begin PBXFileReference section */
		BAC390B62C51515C0028D914 /* 24Textfield.app */ = {isa = PBXFileReference; explicitFileType = wrapper.application; includeInIndex = 0; path = 24Textfield.app; sourceTree = BUILT_PRODUCTS_DIR; };
		BAC390B92C51515C0028D914 /* _4TextfieldApp.swift */ = {isa = PBXFileReference; lastKnownFileType = sourcecode.swift; path = _4TextfieldApp.swift; sourceTree = "<group>"; };
		BAC390BB2C51515C0028D914 /* ContentView.swift */ = {isa = PBXFileReference; lastKnownFileType = sourcecode.swift; path = ContentView.swift; sourceTree = "<group>"; };
		BAC390BD2C51515D0028D914 /* Assets.xcassets */ = {isa = PBXFileReference; lastKnownFileType = folder.assetcatalog; path = Assets.xcassets; sourceTree = "<group>"; };
		BAC390BF2C51515D0028D914 /* _4Textfield.entitlements */ = {isa = PBXFileReference; lastKnownFileType = text.plist.entitlements; path = _4Textfield.entitlements; sourceTree = "<group>"; };
		BAC390C12C51515D0028D914 /* Preview Assets.xcassets */ = {isa = PBXFileReference; lastKnownFileType = folder.assetcatalog; path = "Preview Assets.xcassets"; sourceTree = "<group>"; };
		BAC390C72C51515E0028D914 /* 24TextfieldTests.xctest */ = {isa = PBXFileReference; explicitFileType = wrapper.cfbundle; includeInIndex = 0; path = 24TextfieldTests.xctest; sourceTree = BUILT_PRODUCTS_DIR; };
		BAC390CB2C51515E0028D914 /* _4TextfieldTests.swift */ = {isa = PBXFileReference; lastKnownFileType = sourcecode.swift; path = _4TextfieldTests.swift; sourceTree = "<group>"; };
		BAC390D12C51515E0028D914 /* 24TextfieldUITests.xctest */ = {isa = PBXFileReference; explicitFileType = wrapper.cfbundle; includeInIndex = 0; path = 24TextfieldUITests.xctest; sourceTree = BUILT_PRODUCTS_DIR; };
		BAC390D52C51515E0028D914 /* _4TextfieldUITests.swift */ = {isa = PBXFileReference; lastKnownFileType = sourcecode.swift; path = _4TextfieldUITests.swift; sourceTree = "<group>"; };
		BAC390D72C51515E0028D914 /* _4TextfieldUITestsLaunchTests.swift */ = {isa = PBXFileReference; lastKnownFileType = sourcecode.swift; path = _4TextfieldUITestsLaunchTests.swift; sourceTree = "<group>"; };
/* End PBXFileReference section */

/* Begin PBXFrameworksBuildPhase section */
		BAC390B32C51515C0028D914 /* Frameworks */ = {
			isa = PBXFrameworksBuildPhase;
			buildActionMask = 2147483647;
			files = (
			);
			runOnlyForDeploymentPostprocessing = 0;
		};
		BAC390C42C51515E0028D914 /* Frameworks */ = {
			isa = PBXFrameworksBuildPhase;
			buildActionMask = 2147483647;
			files = (
			);
			runOnlyForDeploymentPostprocessing = 0;
		};
		BAC390CE2C51515E0028D914 /* Frameworks */ = {
			isa = PBXFrameworksBuildPhase;
			buildActionMask = 2147483647;
			files = (
			);
			runOnlyForDeploymentPostprocessing = 0;
		};
/* End PBXFrameworksBuildPhase section */

/* Begin PBXGroup section */
		BAC390AD2C51515C0028D914 = {
			isa = PBXGroup;
			children = (
				BAC390B82C51515C0028D914 /* 24Textfield */,
				BAC390CA2C51515E0028D914 /* 24TextfieldTests */,
				BAC390D42C51515E0028D914 /* 24TextfieldUITests */,
				BAC390B72C51515C0028D914 /* Products */,
			);
			sourceTree = "<group>";
		};
		BAC390B72C51515C0028D914 /* Products */ = {
			isa = PBXGroup;
			children = (
				BAC390B62C51515C0028D914 /* 24Textfield.app */,
				BAC390C72C51515E0028D914 /* 24TextfieldTests.xctest */,
				BAC390D12C51515E0028D914 /* 24TextfieldUITests.xctest */,
			);
			name = Products;
			sourceTree = "<group>";
		};
		BAC390B82C51515C0028D914 /* 24Textfield */ = {
			isa = PBXGroup;
			children = (
				BAC390B92C51515C0028D914 /* _4TextfieldApp.swift */,
				BAC390BB2C51515C0028D914 /* ContentView.swift */,
				BAC390BD2C51515D0028D914 /* Assets.xcassets */,
				BAC390BF2C51515D0028D914 /* _4Textfield.entitlements */,
				BAC390C02C51515D0028D914 /* Preview Content */,
			);
			path = 24Textfield;
			sourceTree = "<group>";
		};
		BAC390C02C51515D0028D914 /* Preview Content */ = {
			isa = PBXGroup;
			children = (
				BAC390C12C51515D0028D914 /* Preview Assets.xcassets */,
			);
			path = "Preview Content";
			sourceTree = "<group>";
		};
		BAC390CA2C51515E0028D914 /* 24TextfieldTests */ = {
			isa = PBXGroup;
			children = (
				BAC390CB2C51515E0028D914 /* _4TextfieldTests.swift */,
			);
			path = 24TextfieldTests;
			sourceTree = "<group>";
		};
		BAC390D42C51515E0028D914 /* 24TextfieldUITests */ = {
			isa = PBXGroup;
			children = (
				BAC390D52C51515E0028D914 /* _4TextfieldUITests.swift */,
				BAC390D72C51515E0028D914 /* _4TextfieldUITestsLaunchTests.swift */,
			);
			path = 24TextfieldUITests;
			sourceTree = "<group>";
		};
/* End PBXGroup section */

/* Begin PBXNativeTarget section */
		BAC390B52C51515C0028D914 /* 24Textfield */ = {
			isa = PBXNativeTarget;
			buildConfigurationList = BAC390DB2C51515E0028D914 /* Build configuration list for PBXNativeTarget "24Textfield" */;
			buildPhases = (
				BAC390B22C51515C0028D914 /* Sources */,
				BAC390B32C51515C0028D914 /* Frameworks */,
				BAC390B42C51515C0028D914 /* Resources */,
			);
			buildRules = (
			);
			dependencies = (
			);
			name = 24Textfield;
			productName = 24Textfield;
			productReference = BAC390B62C51515C0028D914 /* 24Textfield.app */;
			productType = "com.apple.product-type.application";
		};
		BAC390C62C51515E0028D914 /* 24TextfieldTests */ = {
			isa = PBXNativeTarget;
			buildConfigurationList = BAC390DE2C51515E0028D914 /* Build configuration list for PBXNativeTarget "24TextfieldTests" */;
			buildPhases = (
				BAC390C32C51515E0028D914 /* Sources */,
				BAC390C42C51515E0028D914 /* Frameworks */,
				BAC390C52C51515E0028D914 /* Resources */,
			);
			buildRules = (
			);
			dependencies = (
				BAC390C92C51515E0028D914 /* PBXTargetDependency */,
			);
			name = 24TextfieldTests;
			productName = 24TextfieldTests;
			productReference = BAC390C72C51515E0028D914 /* 24TextfieldTests.xctest */;
			productType = "com.apple.product-type.bundle.unit-test";
		};
		BAC390D02C51515E0028D914 /* 24TextfieldUITests */ = {
			isa = PBXNativeTarget;
			buildConfigurationList = BAC390E12C51515E0028D914 /* Build configuration list for PBXNativeTarget "24TextfieldUITests" */;
			buildPhases = (
				BAC390CD2C51515E0028D914 /* Sources */,
				BAC390CE2C51515E0028D914 /* Frameworks */,
				BAC390CF2C51515E0028D914 /* Resources */,
			);
			buildRules = (
			);
			dependencies = (
				BAC390D32C51515E0028D914 /* PBXTargetDependency */,
			);
			name = 24TextfieldUITests;
			productName = 24TextfieldUITests;
			productReference = BAC390D12C51515E0028D914 /* 24TextfieldUITests.xctest */;
			productType = "com.apple.product-type.bundle.ui-testing";
		};
/* End PBXNativeTarget section */

/* Begin PBXProject section */
		BAC390AE2C51515C0028D914 /* Project object */ = {
			isa = PBXProject;
			attributes = {
				BuildIndependentTargetsInParallel = 1;
				LastSwiftUpdateCheck = 1540;
				LastUpgradeCheck = 1540;
				TargetAttributes = {
					BAC390B52C51515C0028D914 = {
						CreatedOnToolsVersion = 15.4;
					};
					BAC390C62C51515E0028D914 = {
						CreatedOnToolsVersion = 15.4;
						TestTargetID = BAC390B52C51515C0028D914;
					};
					BAC390D02C51515E0028D914 = {
						CreatedOnToolsVersion = 15.4;
						TestTargetID = BAC390B52C51515C0028D914;
					};
				};
			};
			buildConfigurationList = BAC390B12C51515C0028D914 /* Build configuration list for PBXProject "24Textfield" */;
			compatibilityVersion = "Xcode 14.0";
			developmentRegion = en;
			hasScannedForEncodings = 0;
			knownRegions = (
				en,
				Base,
			);
			mainGroup = BAC390AD2C51515C0028D914;
			productRefGroup = BAC390B72C51515C0028D914 /* Products */;
			projectDirPath = "";
			projectRoot = "";
			targets = (
				BAC390B52C51515C0028D914 /* 24Textfield */,
				BAC390C62C51515E0028D914 /* 24TextfieldTests */,
				BAC390D02C51515E0028D914 /* 24TextfieldUITests */,
			);
		};
/* End PBXProject section */

/* Begin PBXResourcesBuildPhase section */
		BAC390B42C51515C0028D914 /* Resources */ = {
			isa = PBXResourcesBuildPhase;
			buildActionMask = 2147483647;
			files = (
				BAC390C22C51515D0028D914 /* Preview Assets.xcassets in Resources */,
				BAC390BE2C51515D0028D914 /* Assets.xcassets in Resources */,
			);
			runOnlyForDeploymentPostprocessing = 0;
		};
		BAC390C52C51515E0028D914 /* Resources */ = {
			isa = PBXResourcesBuildPhase;
			buildActionMask = 2147483647;
			files = (
			);
			runOnlyForDeploymentPostprocessing = 0;
		};
		BAC390CF2C51515E0028D914 /* Resources */ = {
			isa = PBXResourcesBuildPhase;
			buildActionMask = 2147483647;
			files = (
			);
			runOnlyForDeploymentPostprocessing = 0;
		};
/* End PBXResourcesBuildPhase section */

/* Begin PBXSourcesBuildPhase section */
		BAC390B22C51515C0028D914 /* Sources */ = {
			isa = PBXSourcesBuildPhase;
			buildActionMask = 2147483647;
			files = (
				BAC390BC2C51515C0028D914 /* ContentView.swift in Sources */,
				BAC390BA2C51515C0028D914 /* _4TextfieldApp.swift in Sources */,
			);
			runOnlyForDeploymentPostprocessing = 0;
		};
		BAC390C32C51515E0028D914 /* Sources */ = {
			isa = PBXSourcesBuildPhase;
			buildActionMask = 2147483647;
			files = (
				BAC390CC2C51515E0028D914 /* _4TextfieldTests.swift in Sources */,
			);
			runOnlyForDeploymentPostprocessing = 0;
		};
		BAC390CD2C51515E0028D914 /* Sources */ = {
			isa = PBXSourcesBuildPhase;
			buildActionMask = 2147483647;
			files = (
				BAC390D62C51515E0028D914 /* _4TextfieldUITests.swift in Sources */,
				BAC390D82C51515E0028D914 /* _4TextfieldUITestsLaunchTests.swift in Sources */,
			);
			runOnlyForDeploymentPostprocessing = 0;
		};
/* End PBXSourcesBuildPhase section */

/* Begin PBXTargetDependency section */
		BAC390C92C51515E0028D914 /* PBXTargetDependency */ = {
			isa = PBXTargetDependency;
			target = BAC390B52C51515C0028D914 /* 24Textfield */;
			targetProxy = BAC390C82C51515E0028D914 /* PBXContainerItemProxy */;
		};
		BAC390D32C51515E0028D914 /* PBXTargetDependency */ = {
			isa = PBXTargetDependency;
			target = BAC390B52C51515C0028D914 /* 24Textfield */;
			targetProxy = BAC390D22C51515E0028D914 /* PBXContainerItemProxy */;
		};
/* End PBXTargetDependency section */

/* Begin XCBuildConfiguration section */
		BAC390D92C51515E0028D914 /* Debug */ = {
			isa = XCBuildConfiguration;
			buildSettings = {
				ALWAYS_SEARCH_USER_PATHS = NO;
				ASSETCATALOG_COMPILER_GENERATE_SWIFT_ASSET_SYMBOL_EXTENSIONS = YES;
				CLANG_ANALYZER_NONNULL = YES;
				CLANG_ANALYZER_NUMBER_OBJECT_CONVERSION = YES_AGGRESSIVE;
				CLANG_CXX_LANGUAGE_STANDARD = "gnu++20";
				CLANG_ENABLE_MODULES = YES;
				CLANG_ENABLE_OBJC_ARC = YES;
				CLANG_ENABLE_OBJC_WEAK = YES;
				CLANG_WARN_BLOCK_CAPTURE_AUTORELEASING = YES;
				CLANG_WARN_BOOL_CONVERSION = YES;
				CLANG_WARN_COMMA = YES;
				CLANG_WARN_CONSTANT_CONVERSION = YES;
				CLANG_WARN_DEPRECATED_OBJC_IMPLEMENTATIONS = YES;
				CLANG_WARN_DIRECT_OBJC_ISA_USAGE = YES_ERROR;
				CLANG_WARN_DOCUMENTATION_COMMENTS = YES;
				CLANG_WARN_EMPTY_BODY = YES;
				CLANG_WARN_ENUM_CONVERSION = YES;
				CLANG_WARN_INFINITE_RECURSION = YES;
				CLANG_WARN_INT_CONVERSION = YES;
				CLANG_WARN_NON_LITERAL_NULL_CONVERSION = YES;
				CLANG_WARN_OBJC_IMPLICIT_RETAIN_SELF = YES;
				CLANG_WARN_OBJC_LITERAL_CONVERSION = YES;
				CLANG_WARN_OBJC_ROOT_CLASS = YES_ERROR;
				CLANG_WARN_QUOTED_INCLUDE_IN_FRAMEWORK_HEADER = YES;
				CLANG_WARN_RANGE_LOOP_ANALYSIS = YES;
				CLANG_WARN_STRICT_PROTOTYPES = YES;
				CLANG_WARN_SUSPICIOUS_MOVE = YES;
				CLANG_WARN_UNGUARDED_AVAILABILITY = YES_AGGRESSIVE;
				CLANG_WARN_UNREACHABLE_CODE = YES;
				CLANG_WARN__DUPLICATE_METHOD_MATCH = YES;
				COPY_PHASE_STRIP = NO;
				DEBUG_INFORMATION_FORMAT = dwarf;
				ENABLE_STRICT_OBJC_MSGSEND = YES;
				ENABLE_TESTABILITY = YES;
				ENABLE_USER_SCRIPT_SANDBOXING = YES;
				GCC_C_LANGUAGE_STANDARD = gnu17;
				GCC_DYNAMIC_NO_PIC = NO;
				GCC_NO_COMMON_BLOCKS = YES;
				GCC_OPTIMIZATION_LEVEL = 0;
				GCC_PREPROCESSOR_DEFINITIONS = (
					"DEBUG=1",
					"$(inherited)",
				);
				GCC_WARN_64_TO_32_BIT_CONVERSION = YES;
				GCC_WARN_ABOUT_RETURN_TYPE = YES_ERROR;
				GCC_WARN_UNDECLARED_SELECTOR = YES;
				GCC_WARN_UNINITIALIZED_AUTOS = YES_AGGRESSIVE;
				GCC_WARN_UNUSED_FUNCTION = YES;
				GCC_WARN_UNUSED_VARIABLE = YES;
				LOCALIZATION_PREFERS_STRING_CATALOGS = YES;
				MTL_ENABLE_DEBUG_INFO = INCLUDE_SOURCE;
				MTL_FAST_MATH = YES;
				ONLY_ACTIVE_ARCH = YES;
				SWIFT_ACTIVE_COMPILATION_CONDITIONS = "DEBUG $(inherited)";
				SWIFT_OPTIMIZATION_LEVEL = "-Onone";
			};
			name = Debug;
		};
		BAC390DA2C51515E0028D914 /* Release */ = {
			isa = XCBuildConfiguration;
			buildSettings = {
				ALWAYS_SEARCH_USER_PATHS = NO;
				ASSETCATALOG_COMPILER_GENERATE_SWIFT_ASSET_SYMBOL_EXTENSIONS = YES;
				CLANG_ANALYZER_NONNULL = YES;
				CLANG_ANALYZER_NUMBER_OBJECT_CONVERSION = YES_AGGRESSIVE;
				CLANG_CXX_LANGUAGE_STANDARD = "gnu++20";
				CLANG_ENABLE_MODULES = YES;
				CLANG_ENABLE_OBJC_ARC = YES;
				CLANG_ENABLE_OBJC_WEAK = YES;
				CLANG_WARN_BLOCK_CAPTURE_AUTORELEASING = YES;
				CLANG_WARN_BOOL_CONVERSION = YES;
				CLANG_WARN_COMMA = YES;
				CLANG_WARN_CONSTANT_CONVERSION = YES;
				CLANG_WARN_DEPRECATED_OBJC_IMPLEMENTATIONS = YES;
				CLANG_WARN_DIRECT_OBJC_ISA_USAGE = YES_ERROR;
				CLANG_WARN_DOCUMENTATION_COMMENTS = YES;
				CLANG_WARN_EMPTY_BODY = YES;
				CLANG_WARN_ENUM_CONVERSION = YES;
				CLANG_WARN_INFINITE_RECURSION = YES;
				CLANG_WARN_INT_CONVERSION = YES;
				CLANG_WARN_NON_LITERAL_NULL_CONVERSION = YES;
				CLANG_WARN_OBJC_IMPLICIT_RETAIN_SELF = YES;
				CLANG_WARN_OBJC_LITERAL_CONVERSION = YES;
				CLANG_WARN_OBJC_ROOT_CLASS = YES_ERROR;
				CLANG_WARN_QUOTED_INCLUDE_IN_FRAMEWORK_HEADER = YES;
				CLANG_WARN_RANGE_LOOP_ANALYSIS = YES;
				CLANG_WARN_STRICT_PROTOTYPES = YES;
				CLANG_WARN_SUSPICIOUS_MOVE = YES;
				CLANG_WARN_UNGUARDED_AVAILABILITY = YES_AGGRESSIVE;
				CLANG_WARN_UNREACHABLE_CODE = YES;
				CLANG_WARN__DUPLICATE_METHOD_MATCH = YES;
				COPY_PHASE_STRIP = NO;
				DEBUG_INFORMATION_FORMAT = "dwarf-with-dsym";
				ENABLE_NS_ASSERTIONS = NO;
				ENABLE_STRICT_OBJC_MSGSEND = YES;
				ENABLE_USER_SCRIPT_SANDBOXING = YES;
				GCC_C_LANGUAGE_STANDARD = gnu17;
				GCC_NO_COMMON_BLOCKS = YES;
				GCC_WARN_64_TO_32_BIT_CONVERSION = YES;
				GCC_WARN_ABOUT_RETURN_TYPE = YES_ERROR;
				GCC_WARN_UNDECLARED_SELECTOR = YES;
				GCC_WARN_UNINITIALIZED_AUTOS = YES_AGGRESSIVE;
				GCC_WARN_UNUSED_FUNCTION = YES;
				GCC_WARN_UNUSED_VARIABLE = YES;
				LOCALIZATION_PREFERS_STRING_CATALOGS = YES;
				MTL_ENABLE_DEBUG_INFO = NO;
				MTL_FAST_MATH = YES;
				SWIFT_COMPILATION_MODE = wholemodule;
			};
			name = Release;
		};
		BAC390DC2C51515E0028D914 /* Debug */ = {
			isa = XCBuildConfiguration;
			buildSettings = {
				ASSETCATALOG_COMPILER_APPICON_NAME = AppIcon;
				ASSETCATALOG_COMPILER_GLOBAL_ACCENT_COLOR_NAME = AccentColor;
				CODE_SIGN_ENTITLEMENTS = 24Textfield/_4Textfield.entitlements;
				CODE_SIGN_STYLE = Automatic;
				CURRENT_PROJECT_VERSION = 1;
				DEVELOPMENT_ASSET_PATHS = "\"24Textfield/Preview Content\"";
				ENABLE_PREVIEWS = YES;
				GENERATE_INFOPLIST_FILE = YES;
				"INFOPLIST_KEY_UIApplicationSceneManifest_Generation[sdk=iphoneos*]" = YES;
				"INFOPLIST_KEY_UIApplicationSceneManifest_Generation[sdk=iphonesimulator*]" = YES;
				"INFOPLIST_KEY_UIApplicationSupportsIndirectInputEvents[sdk=iphoneos*]" = YES;
				"INFOPLIST_KEY_UIApplicationSupportsIndirectInputEvents[sdk=iphonesimulator*]" = YES;
				"INFOPLIST_KEY_UILaunchScreen_Generation[sdk=iphoneos*]" = YES;
				"INFOPLIST_KEY_UILaunchScreen_Generation[sdk=iphonesimulator*]" = YES;
				"INFOPLIST_KEY_UIStatusBarStyle[sdk=iphoneos*]" = UIStatusBarStyleDefault;
				"INFOPLIST_KEY_UIStatusBarStyle[sdk=iphonesimulator*]" = UIStatusBarStyleDefault;
				INFOPLIST_KEY_UISupportedInterfaceOrientations_iPad = "UIInterfaceOrientationPortrait UIInterfaceOrientationPortraitUpsideDown UIInterfaceOrientationLandscapeLeft UIInterfaceOrientationLandscapeRight";
				INFOPLIST_KEY_UISupportedInterfaceOrientations_iPhone = "UIInterfaceOrientationPortrait UIInterfaceOrientationLandscapeLeft UIInterfaceOrientationLandscapeRight";
				IPHONEOS_DEPLOYMENT_TARGET = 17.5;
				LD_RUNPATH_SEARCH_PATHS = "@executable_path/Frameworks";
				"LD_RUNPATH_SEARCH_PATHS[sdk=macosx*]" = "@executable_path/../Frameworks";
				MACOSX_DEPLOYMENT_TARGET = 14.5;
				MARKETING_VERSION = 1.0;
				PRODUCT_BUNDLE_IDENTIFIER = "com.sahil..-4Textfield";
				PRODUCT_NAME = "$(TARGET_NAME)";
				SDKROOT = auto;
				SUPPORTED_PLATFORMS = "iphoneos iphonesimulator macosx";
				SWIFT_EMIT_LOC_STRINGS = YES;
				SWIFT_VERSION = 5.0;
				TARGETED_DEVICE_FAMILY = "1,2";
			};
			name = Debug;
		};
		BAC390DD2C51515E0028D914 /* Release */ = {
			isa = XCBuildConfiguration;
			buildSettings = {
				ASSETCATALOG_COMPILER_APPICON_NAME = AppIcon;
				ASSETCATALOG_COMPILER_GLOBAL_ACCENT_COLOR_NAME = AccentColor;
				CODE_SIGN_ENTITLEMENTS = 24Textfield/_4Textfield.entitlements;
				CODE_SIGN_STYLE = Automatic;
				CURRENT_PROJECT_VERSION = 1;
				DEVELOPMENT_ASSET_PATHS = "\"24Textfield/Preview Content\"";
				ENABLE_PREVIEWS = YES;
				GENERATE_INFOPLIST_FILE = YES;
				"INFOPLIST_KEY_UIApplicationSceneManifest_Generation[sdk=iphoneos*]" = YES;
				"INFOPLIST_KEY_UIApplicationSceneManifest_Generation[sdk=iphonesimulator*]" = YES;
				"INFOPLIST_KEY_UIApplicationSupportsIndirectInputEvents[sdk=iphoneos*]" = YES;
				"INFOPLIST_KEY_UIApplicationSupportsIndirectInputEvents[sdk=iphonesimulator*]" = YES;
				"INFOPLIST_KEY_UILaunchScreen_Generation[sdk=iphoneos*]" = YES;
				"INFOPLIST_KEY_UILaunchScreen_Generation[sdk=iphonesimulator*]" = YES;
				"INFOPLIST_KEY_UIStatusBarStyle[sdk=iphoneos*]" = UIStatusBarStyleDefault;
				"INFOPLIST_KEY_UIStatusBarStyle[sdk=iphonesimulator*]" = UIStatusBarStyleDefault;
				INFOPLIST_KEY_UISupportedInterfaceOrientations_iPad = "UIInterfaceOrientationPortrait UIInterfaceOrientationPortraitUpsideDown UIInterfaceOrientationLandscapeLeft UIInterfaceOrientationLandscapeRight";
				INFOPLIST_KEY_UISupportedInterfaceOrientations_iPhone = "UIInterfaceOrientationPortrait UIInterfaceOrientationLandscapeLeft UIInterfaceOrientationLandscapeRight";
				IPHONEOS_DEPLOYMENT_TARGET = 17.5;
				LD_RUNPATH_SEARCH_PATHS = "@executable_path/Frameworks";
				"LD_RUNPATH_SEARCH_PATHS[sdk=macosx*]" = "@executable_path/../Frameworks";
				MACOSX_DEPLOYMENT_TARGET = 14.5;
				MARKETING_VERSION = 1.0;
				PRODUCT_BUNDLE_IDENTIFIER = "com.sahil..-4Textfield";
				PRODUCT_NAME = "$(TARGET_NAME)";
				SDKROOT = auto;
				SUPPORTED_PLATFORMS = "iphoneos iphonesimulator macosx";
				SWIFT_EMIT_LOC_STRINGS = YES;
				SWIFT_VERSION = 5.0;
				TARGETED_DEVICE_FAMILY = "1,2";
			};
			name = Release;
		};
		BAC390DF2C51515E0028D914 /* Debug */ = {
			isa = XCBuildConfiguration;
			buildSettings = {
				ALWAYS_EMBED_SWIFT_STANDARD_LIBRARIES = YES;
				BUNDLE_LOADER = "$(TEST_HOST)";
				CODE_SIGN_STYLE = Automatic;
				CURRENT_PROJECT_VERSION = 1;
				GENERATE_INFOPLIST_FILE = YES;
				IPHONEOS_DEPLOYMENT_TARGET = 17.5;
				MACOSX_DEPLOYMENT_TARGET = 14.5;
				MARKETING_VERSION = 1.0;
				PRODUCT_BUNDLE_IDENTIFIER = "com.sahil..-4TextfieldTests";
				PRODUCT_NAME = "$(TARGET_NAME)";
				SDKROOT = auto;
				SUPPORTED_PLATFORMS = "iphoneos iphonesimulator macosx";
				SWIFT_EMIT_LOC_STRINGS = NO;
				SWIFT_VERSION = 5.0;
				TARGETED_DEVICE_FAMILY = "1,2";
				TEST_HOST = "$(BUILT_PRODUCTS_DIR)/24Textfield.app/$(BUNDLE_EXECUTABLE_FOLDER_PATH)/24Textfield";
			};
			name = Debug;
		};
		BAC390E02C51515E0028D914 /* Release */ = {
			isa = XCBuildConfiguration;
			buildSettings = {
				ALWAYS_EMBED_SWIFT_STANDARD_LIBRARIES = YES;
				BUNDLE_LOADER = "$(TEST_HOST)";
				CODE_SIGN_STYLE = Automatic;
				CURRENT_PROJECT_VERSION = 1;
				GENERATE_INFOPLIST_FILE = YES;
				IPHONEOS_DEPLOYMENT_TARGET = 17.5;
				MACOSX_DEPLOYMENT_TARGET = 14.5;
				MARKETING_VERSION = 1.0;
				PRODUCT_BUNDLE_IDENTIFIER = "com.sahil..-4TextfieldTests";
				PRODUCT_NAME = "$(TARGET_NAME)";
				SDKROOT = auto;
				SUPPORTED_PLATFORMS = "iphoneos iphonesimulator macosx";
				SWIFT_EMIT_LOC_STRINGS = NO;
				SWIFT_VERSION = 5.0;
				TARGETED_DEVICE_FAMILY = "1,2";
				TEST_HOST = "$(BUILT_PRODUCTS_DIR)/24Textfield.app/$(BUNDLE_EXECUTABLE_FOLDER_PATH)/24Textfield";
			};
			name = Release;
		};
		BAC390E22C51515E0028D914 /* Debug */ = {
			isa = XCBuildConfiguration;
			buildSettings = {
				ALWAYS_EMBED_SWIFT_STANDARD_LIBRARIES = YES;
				CODE_SIGN_STYLE = Automatic;
				CURRENT_PROJECT_VERSION = 1;
				GENERATE_INFOPLIST_FILE = YES;
				IPHONEOS_DEPLOYMENT_TARGET = 17.5;
				MACOSX_DEPLOYMENT_TARGET = 14.5;
				MARKETING_VERSION = 1.0;
				PRODUCT_BUNDLE_IDENTIFIER = "com.sahil..-4TextfieldUITests";
				PRODUCT_NAME = "$(TARGET_NAME)";
				SDKROOT = auto;
				SUPPORTED_PLATFORMS = "iphoneos iphonesimulator macosx";
				SWIFT_EMIT_LOC_STRINGS = NO;
				SWIFT_VERSION = 5.0;
				TARGETED_DEVICE_FAMILY = "1,2";
				TEST_TARGET_NAME = 24Textfield;
			};
			name = Debug;
		};
		BAC390E32C51515E0028D914 /* Release */ = {
			isa = XCBuildConfiguration;
			buildSettings = {
				ALWAYS_EMBED_SWIFT_STANDARD_LIBRARIES = YES;
				CODE_SIGN_STYLE = Automatic;
				CURRENT_PROJECT_VERSION = 1;
				GENERATE_INFOPLIST_FILE = YES;
				IPHONEOS_DEPLOYMENT_TARGET = 17.5;
				MACOSX_DEPLOYMENT_TARGET = 14.5;
				MARKETING_VERSION = 1.0;
				PRODUCT_BUNDLE_IDENTIFIER = "com.sahil..-4TextfieldUITests";
				PRODUCT_NAME = "$(TARGET_NAME)";
				SDKROOT = auto;
				SUPPORTED_PLATFORMS = "iphoneos iphonesimulator macosx";
				SWIFT_EMIT_LOC_STRINGS = NO;
				SWIFT_VERSION = 5.0;
				TARGETED_DEVICE_FAMILY = "1,2";
				TEST_TARGET_NAME = 24Textfield;
			};
			name = Release;
		};
/* End XCBuildConfiguration section */

/* Begin XCConfigurationList section */
		BAC390B12C51515C0028D914 /* Build configuration list for PBXProject "24Textfield" */ = {
			isa = XCConfigurationList;
			buildConfigurations = (
				BAC390D92C51515E0028D914 /* Debug */,
				BAC390DA2C51515E0028D914 /* Release */,
			);
			defaultConfigurationIsVisible = 0;
			defaultConfigurationName = Release;
		};
		BAC390DB2C51515E0028D914 /* Build configuration list for PBXNativeTarget "24Textfield" */ = {
			isa = XCConfigurationList;
			buildConfigurations = (
				BAC390DC2C51515E0028D914 /* Debug */,
				BAC390DD2C51515E0028D914 /* Release */,
			);
			defaultConfigurationIsVisible = 0;
			defaultConfigurationName = Release;
		};
		BAC390DE2C51515E0028D914 /* Build configuration list for PBXNativeTarget "24TextfieldTests" */ = {
			isa = XCConfigurationList;
			buildConfigurations = (
				BAC390DF2C51515E0028D914 /* Debug */,
				BAC390E02C51515E0028D914 /* Release */,
			);
			defaultConfigurationIsVisible = 0;
			defaultConfigurationName = Release;
		};
		BAC390E12C51515E0028D914 /* Build configuration list for PBXNativeTarget "24TextfieldUITests" */ = {
			isa = XCConfigurationList;
			buildConfigurations = (
				BAC390E22C51515E0028D914 /* Debug */,
				BAC390E32C51515E0028D914 /* Release */,
			);
			defaultConfigurationIsVisible = 0;
			defaultConfigurationName = Release;
		};
/* End XCConfigurationList section */
	};
	rootObject = BAC390AE2C51515C0028D914 /* Project object */;
}
