// !$*UTF8*$!
{
	archiveVersion = 1;
	classes = {
	};
	objectVersion = 56;
	objects = {

/* Begin PBXBuildFile section */
		BA07CAB72C46CEDA006EF90D /* _3AnimateBasicsApp.swift in Sources */ = {isa = PBXBuildFile; fileRef = BA07CAB62C46CEDA006EF90D /* _3AnimateBasicsApp.swift */; };
		BA07CAB92C46CEDA006EF90D /* ContentView.swift in Sources */ = {isa = PBXBuildFile; fileRef = BA07CAB82C46CEDA006EF90D /* ContentView.swift */; };
		BA07CABB2C46CEDC006EF90D /* Assets.xcassets in Resources */ = {isa = PBXBuildFile; fileRef = BA07CABA2C46CEDC006EF90D /* Assets.xcassets */; };
		BA07CABF2C46CEDC006EF90D /* Preview Assets.xcassets in Resources */ = {isa = PBXBuildFile; fileRef = BA07CABE2C46CEDC006EF90D /* Preview Assets.xcassets */; };
		BA07CAC92C46CEDD006EF90D /* _3AnimateBasicsTests.swift in Sources */ = {isa = PBXBuildFile; fileRef = BA07CAC82C46CEDD006EF90D /* _3AnimateBasicsTests.swift */; };
		BA07CAD32C46CEDD006EF90D /* _3AnimateBasicsUITests.swift in Sources */ = {isa = PBXBuildFile; fileRef = BA07CAD22C46CEDD006EF90D /* _3AnimateBasicsUITests.swift */; };
		BA07CAD52C46CEDD006EF90D /* _3AnimateBasicsUITestsLaunchTests.swift in Sources */ = {isa = PBXBuildFile; fileRef = BA07CAD42C46CEDD006EF90D /* _3AnimateBasicsUITestsLaunchTests.swift */; };
/* End PBXBuildFile section */

/* Begin PBXContainerItemProxy section */
		BA07CAC52C46CEDD006EF90D /* PBXContainerItemProxy */ = {
			isa = PBXContainerItemProxy;
			containerPortal = BA07CAAB2C46CEDA006EF90D /* Project object */;
			proxyType = 1;
			remoteGlobalIDString = BA07CAB22C46CEDA006EF90D;
			remoteInfo = 23AnimateBasics;
		};
		BA07CACF2C46CEDD006EF90D /* PBXContainerItemProxy */ = {
			isa = PBXContainerItemProxy;
			containerPortal = BA07CAAB2C46CEDA006EF90D /* Project object */;
			proxyType = 1;
			remoteGlobalIDString = BA07CAB22C46CEDA006EF90D;
			remoteInfo = 23AnimateBasics;
		};
/* End PBXContainerItemProxy section */

/* Begin PBXFileReference section */
		BA07CAB32C46CEDA006EF90D /* 23AnimateBasics.app */ = {isa = PBXFileReference; explicitFileType = wrapper.application; includeInIndex = 0; path = 23AnimateBasics.app; sourceTree = BUILT_PRODUCTS_DIR; };
		BA07CAB62C46CEDA006EF90D /* _3AnimateBasicsApp.swift */ = {isa = PBXFileReference; lastKnownFileType = sourcecode.swift; path = _3AnimateBasicsApp.swift; sourceTree = "<group>"; };
		BA07CAB82C46CEDA006EF90D /* ContentView.swift */ = {isa = PBXFileReference; lastKnownFileType = sourcecode.swift; path = ContentView.swift; sourceTree = "<group>"; };
		BA07CABA2C46CEDC006EF90D /* Assets.xcassets */ = {isa = PBXFileReference; lastKnownFileType = folder.assetcatalog; path = Assets.xcassets; sourceTree = "<group>"; };
		BA07CABC2C46CEDC006EF90D /* _3AnimateBasics.entitlements */ = {isa = PBXFileReference; lastKnownFileType = text.plist.entitlements; path = _3AnimateBasics.entitlements; sourceTree = "<group>"; };
		BA07CABE2C46CEDC006EF90D /* Preview Assets.xcassets */ = {isa = PBXFileReference; lastKnownFileType = folder.assetcatalog; path = "Preview Assets.xcassets"; sourceTree = "<group>"; };
		BA07CAC42C46CEDD006EF90D /* 23AnimateBasicsTests.xctest */ = {isa = PBXFileReference; explicitFileType = wrapper.cfbundle; includeInIndex = 0; path = 23AnimateBasicsTests.xctest; sourceTree = BUILT_PRODUCTS_DIR; };
		BA07CAC82C46CEDD006EF90D /* _3AnimateBasicsTests.swift */ = {isa = PBXFileReference; lastKnownFileType = sourcecode.swift; path = _3AnimateBasicsTests.swift; sourceTree = "<group>"; };
		BA07CACE2C46CEDD006EF90D /* 23AnimateBasicsUITests.xctest */ = {isa = PBXFileReference; explicitFileType = wrapper.cfbundle; includeInIndex = 0; path = 23AnimateBasicsUITests.xctest; sourceTree = BUILT_PRODUCTS_DIR; };
		BA07CAD22C46CEDD006EF90D /* _3AnimateBasicsUITests.swift */ = {isa = PBXFileReference; lastKnownFileType = sourcecode.swift; path = _3AnimateBasicsUITests.swift; sourceTree = "<group>"; };
		BA07CAD42C46CEDD006EF90D /* _3AnimateBasicsUITestsLaunchTests.swift */ = {isa = PBXFileReference; lastKnownFileType = sourcecode.swift; path = _3AnimateBasicsUITestsLaunchTests.swift; sourceTree = "<group>"; };
/* End PBXFileReference section */

/* Begin PBXFrameworksBuildPhase section */
		BA07CAB02C46CEDA006EF90D /* Frameworks */ = {
			isa = PBXFrameworksBuildPhase;
			buildActionMask = 2147483647;
			files = (
			);
			runOnlyForDeploymentPostprocessing = 0;
		};
		BA07CAC12C46CEDD006EF90D /* Frameworks */ = {
			isa = PBXFrameworksBuildPhase;
			buildActionMask = 2147483647;
			files = (
			);
			runOnlyForDeploymentPostprocessing = 0;
		};
		BA07CACB2C46CEDD006EF90D /* Frameworks */ = {
			isa = PBXFrameworksBuildPhase;
			buildActionMask = 2147483647;
			files = (
			);
			runOnlyForDeploymentPostprocessing = 0;
		};
/* End PBXFrameworksBuildPhase section */

/* Begin PBXGroup section */
		BA07CAAA2C46CEDA006EF90D = {
			isa = PBXGroup;
			children = (
				BA07CAB52C46CEDA006EF90D /* 23AnimateBasics */,
				BA07CAC72C46CEDD006EF90D /* 23AnimateBasicsTests */,
				BA07CAD12C46CEDD006EF90D /* 23AnimateBasicsUITests */,
				BA07CAB42C46CEDA006EF90D /* Products */,
			);
			sourceTree = "<group>";
		};
		BA07CAB42C46CEDA006EF90D /* Products */ = {
			isa = PBXGroup;
			children = (
				BA07CAB32C46CEDA006EF90D /* 23AnimateBasics.app */,
				BA07CAC42C46CEDD006EF90D /* 23AnimateBasicsTests.xctest */,
				BA07CACE2C46CEDD006EF90D /* 23AnimateBasicsUITests.xctest */,
			);
			name = Products;
			sourceTree = "<group>";
		};
		BA07CAB52C46CEDA006EF90D /* 23AnimateBasics */ = {
			isa = PBXGroup;
			children = (
				BA07CAB62C46CEDA006EF90D /* _3AnimateBasicsApp.swift */,
				BA07CAB82C46CEDA006EF90D /* ContentView.swift */,
				BA07CABA2C46CEDC006EF90D /* Assets.xcassets */,
				BA07CABC2C46CEDC006EF90D /* _3AnimateBasics.entitlements */,
				BA07CABD2C46CEDC006EF90D /* Preview Content */,
			);
			path = 23AnimateBasics;
			sourceTree = "<group>";
		};
		BA07CABD2C46CEDC006EF90D /* Preview Content */ = {
			isa = PBXGroup;
			children = (
				BA07CABE2C46CEDC006EF90D /* Preview Assets.xcassets */,
			);
			path = "Preview Content";
			sourceTree = "<group>";
		};
		BA07CAC72C46CEDD006EF90D /* 23AnimateBasicsTests */ = {
			isa = PBXGroup;
			children = (
				BA07CAC82C46CEDD006EF90D /* _3AnimateBasicsTests.swift */,
			);
			path = 23AnimateBasicsTests;
			sourceTree = "<group>";
		};
		BA07CAD12C46CEDD006EF90D /* 23AnimateBasicsUITests */ = {
			isa = PBXGroup;
			children = (
				BA07CAD22C46CEDD006EF90D /* _3AnimateBasicsUITests.swift */,
				BA07CAD42C46CEDD006EF90D /* _3AnimateBasicsUITestsLaunchTests.swift */,
			);
			path = 23AnimateBasicsUITests;
			sourceTree = "<group>";
		};
/* End PBXGroup section */

/* Begin PBXNativeTarget section */
		BA07CAB22C46CEDA006EF90D /* 23AnimateBasics */ = {
			isa = PBXNativeTarget;
			buildConfigurationList = BA07CAD82C46CEDD006EF90D /* Build configuration list for PBXNativeTarget "23AnimateBasics" */;
			buildPhases = (
				BA07CAAF2C46CEDA006EF90D /* Sources */,
				BA07CAB02C46CEDA006EF90D /* Frameworks */,
				BA07CAB12C46CEDA006EF90D /* Resources */,
			);
			buildRules = (
			);
			dependencies = (
			);
			name = 23AnimateBasics;
			productName = 23AnimateBasics;
			productReference = BA07CAB32C46CEDA006EF90D /* 23AnimateBasics.app */;
			productType = "com.apple.product-type.application";
		};
		BA07CAC32C46CEDD006EF90D /* 23AnimateBasicsTests */ = {
			isa = PBXNativeTarget;
			buildConfigurationList = BA07CADB2C46CEDD006EF90D /* Build configuration list for PBXNativeTarget "23AnimateBasicsTests" */;
			buildPhases = (
				BA07CAC02C46CEDD006EF90D /* Sources */,
				BA07CAC12C46CEDD006EF90D /* Frameworks */,
				BA07CAC22C46CEDD006EF90D /* Resources */,
			);
			buildRules = (
			);
			dependencies = (
				BA07CAC62C46CEDD006EF90D /* PBXTargetDependency */,
			);
			name = 23AnimateBasicsTests;
			productName = 23AnimateBasicsTests;
			productReference = BA07CAC42C46CEDD006EF90D /* 23AnimateBasicsTests.xctest */;
			productType = "com.apple.product-type.bundle.unit-test";
		};
		BA07CACD2C46CEDD006EF90D /* 23AnimateBasicsUITests */ = {
			isa = PBXNativeTarget;
			buildConfigurationList = BA07CADE2C46CEDD006EF90D /* Build configuration list for PBXNativeTarget "23AnimateBasicsUITests" */;
			buildPhases = (
				BA07CACA2C46CEDD006EF90D /* Sources */,
				BA07CACB2C46CEDD006EF90D /* Frameworks */,
				BA07CACC2C46CEDD006EF90D /* Resources */,
			);
			buildRules = (
			);
			dependencies = (
				BA07CAD02C46CEDD006EF90D /* PBXTargetDependency */,
			);
			name = 23AnimateBasicsUITests;
			productName = 23AnimateBasicsUITests;
			productReference = BA07CACE2C46CEDD006EF90D /* 23AnimateBasicsUITests.xctest */;
			productType = "com.apple.product-type.bundle.ui-testing";
		};
/* End PBXNativeTarget section */

/* Begin PBXProject section */
		BA07CAAB2C46CEDA006EF90D /* Project object */ = {
			isa = PBXProject;
			attributes = {
				BuildIndependentTargetsInParallel = 1;
				LastSwiftUpdateCheck = 1540;
				LastUpgradeCheck = 1540;
				TargetAttributes = {
					BA07CAB22C46CEDA006EF90D = {
						CreatedOnToolsVersion = 15.4;
					};
					BA07CAC32C46CEDD006EF90D = {
						CreatedOnToolsVersion = 15.4;
						TestTargetID = BA07CAB22C46CEDA006EF90D;
					};
					BA07CACD2C46CEDD006EF90D = {
						CreatedOnToolsVersion = 15.4;
						TestTargetID = BA07CAB22C46CEDA006EF90D;
					};
				};
			};
			buildConfigurationList = BA07CAAE2C46CEDA006EF90D /* Build configuration list for PBXProject "23AnimateBasics" */;
			compatibilityVersion = "Xcode 14.0";
			developmentRegion = en;
			hasScannedForEncodings = 0;
			knownRegions = (
				en,
				Base,
			);
			mainGroup = BA07CAAA2C46CEDA006EF90D;
			productRefGroup = BA07CAB42C46CEDA006EF90D /* Products */;
			projectDirPath = "";
			projectRoot = "";
			targets = (
				BA07CAB22C46CEDA006EF90D /* 23AnimateBasics */,
				BA07CAC32C46CEDD006EF90D /* 23AnimateBasicsTests */,
				BA07CACD2C46CEDD006EF90D /* 23AnimateBasicsUITests */,
			);
		};
/* End PBXProject section */

/* Begin PBXResourcesBuildPhase section */
		BA07CAB12C46CEDA006EF90D /* Resources */ = {
			isa = PBXResourcesBuildPhase;
			buildActionMask = 2147483647;
			files = (
				BA07CABF2C46CEDC006EF90D /* Preview Assets.xcassets in Resources */,
				BA07CABB2C46CEDC006EF90D /* Assets.xcassets in Resources */,
			);
			runOnlyForDeploymentPostprocessing = 0;
		};
		BA07CAC22C46CEDD006EF90D /* Resources */ = {
			isa = PBXResourcesBuildPhase;
			buildActionMask = 2147483647;
			files = (
			);
			runOnlyForDeploymentPostprocessing = 0;
		};
		BA07CACC2C46CEDD006EF90D /* Resources */ = {
			isa = PBXResourcesBuildPhase;
			buildActionMask = 2147483647;
			files = (
			);
			runOnlyForDeploymentPostprocessing = 0;
		};
/* End PBXResourcesBuildPhase section */

/* Begin PBXSourcesBuildPhase section */
		BA07CAAF2C46CEDA006EF90D /* Sources */ = {
			isa = PBXSourcesBuildPhase;
			buildActionMask = 2147483647;
			files = (
				BA07CAB92C46CEDA006EF90D /* ContentView.swift in Sources */,
				BA07CAB72C46CEDA006EF90D /* _3AnimateBasicsApp.swift in Sources */,
			);
			runOnlyForDeploymentPostprocessing = 0;
		};
		BA07CAC02C46CEDD006EF90D /* Sources */ = {
			isa = PBXSourcesBuildPhase;
			buildActionMask = 2147483647;
			files = (
				BA07CAC92C46CEDD006EF90D /* _3AnimateBasicsTests.swift in Sources */,
			);
			runOnlyForDeploymentPostprocessing = 0;
		};
		BA07CACA2C46CEDD006EF90D /* Sources */ = {
			isa = PBXSourcesBuildPhase;
			buildActionMask = 2147483647;
			files = (
				BA07CAD32C46CEDD006EF90D /* _3AnimateBasicsUITests.swift in Sources */,
				BA07CAD52C46CEDD006EF90D /* _3AnimateBasicsUITestsLaunchTests.swift in Sources */,
			);
			runOnlyForDeploymentPostprocessing = 0;
		};
/* End PBXSourcesBuildPhase section */

/* Begin PBXTargetDependency section */
		BA07CAC62C46CEDD006EF90D /* PBXTargetDependency */ = {
			isa = PBXTargetDependency;
			target = BA07CAB22C46CEDA006EF90D /* 23AnimateBasics */;
			targetProxy = BA07CAC52C46CEDD006EF90D /* PBXContainerItemProxy */;
		};
		BA07CAD02C46CEDD006EF90D /* PBXTargetDependency */ = {
			isa = PBXTargetDependency;
			target = BA07CAB22C46CEDA006EF90D /* 23AnimateBasics */;
			targetProxy = BA07CACF2C46CEDD006EF90D /* PBXContainerItemProxy */;
		};
/* End PBXTargetDependency section */

/* Begin XCBuildConfiguration section */
		BA07CAD62C46CEDD006EF90D /* Debug */ = {
			isa = XCBuildConfiguration;
			buildSettings = {
				ALWAYS_SEARCH_USER_PATHS = NO;
				ASSETCATALOG_COMPILER_GENERATE_SWIFT_ASSET_SYMBOL_EXTENSIONS = YES;
				CLANG_ANALYZER_NONNULL = YES;
				CLANG_ANALYZER_NUMBER_OBJECT_CONVERSION = YES_AGGRESSIVE;
				CLANG_CXX_LANGUAGE_STANDARD = "gnu++20";
				CLANG_ENABLE_MODULES = YES;
				CLANG_ENABLE_OBJC_ARC = YES;
				CLANG_ENABLE_OBJC_WEAK = YES;
				CLANG_WARN_BLOCK_CAPTURE_AUTORELEASING = YES;
				CLANG_WARN_BOOL_CONVERSION = YES;
				CLANG_WARN_COMMA = YES;
				CLANG_WARN_CONSTANT_CONVERSION = YES;
				CLANG_WARN_DEPRECATED_OBJC_IMPLEMENTATIONS = YES;
				CLANG_WARN_DIRECT_OBJC_ISA_USAGE = YES_ERROR;
				CLANG_WARN_DOCUMENTATION_COMMENTS = YES;
				CLANG_WARN_EMPTY_BODY = YES;
				CLANG_WARN_ENUM_CONVERSION = YES;
				CLANG_WARN_INFINITE_RECURSION = YES;
				CLANG_WARN_INT_CONVERSION = YES;
				CLANG_WARN_NON_LITERAL_NULL_CONVERSION = YES;
				CLANG_WARN_OBJC_IMPLICIT_RETAIN_SELF = YES;
				CLANG_WARN_OBJC_LITERAL_CONVERSION = YES;
				CLANG_WARN_OBJC_ROOT_CLASS = YES_ERROR;
				CLANG_WARN_QUOTED_INCLUDE_IN_FRAMEWORK_HEADER = YES;
				CLANG_WARN_RANGE_LOOP_ANALYSIS = YES;
				CLANG_WARN_STRICT_PROTOTYPES = YES;
				CLANG_WARN_SUSPICIOUS_MOVE = YES;
				CLANG_WARN_UNGUARDED_AVAILABILITY = YES_AGGRESSIVE;
				CLANG_WARN_UNREACHABLE_CODE = YES;
				CLANG_WARN__DUPLICATE_METHOD_MATCH = YES;
				COPY_PHASE_STRIP = NO;
				DEBUG_INFORMATION_FORMAT = dwarf;
				ENABLE_STRICT_OBJC_MSGSEND = YES;
				ENABLE_TESTABILITY = YES;
				ENABLE_USER_SCRIPT_SANDBOXING = YES;
				GCC_C_LANGUAGE_STANDARD = gnu17;
				GCC_DYNAMIC_NO_PIC = NO;
				GCC_NO_COMMON_BLOCKS = YES;
				GCC_OPTIMIZATION_LEVEL = 0;
				GCC_PREPROCESSOR_DEFINITIONS = (
					"DEBUG=1",
					"$(inherited)",
				);
				GCC_WARN_64_TO_32_BIT_CONVERSION = YES;
				GCC_WARN_ABOUT_RETURN_TYPE = YES_ERROR;
				GCC_WARN_UNDECLARED_SELECTOR = YES;
				GCC_WARN_UNINITIALIZED_AUTOS = YES_AGGRESSIVE;
				GCC_WARN_UNUSED_FUNCTION = YES;
				GCC_WARN_UNUSED_VARIABLE = YES;
				LOCALIZATION_PREFERS_STRING_CATALOGS = YES;
				MTL_ENABLE_DEBUG_INFO = INCLUDE_SOURCE;
				MTL_FAST_MATH = YES;
				ONLY_ACTIVE_ARCH = YES;
				SWIFT_ACTIVE_COMPILATION_CONDITIONS = "DEBUG $(inherited)";
				SWIFT_OPTIMIZATION_LEVEL = "-Onone";
			};
			name = Debug;
		};
		BA07CAD72C46CEDD006EF90D /* Release */ = {
			isa = XCBuildConfiguration;
			buildSettings = {
				ALWAYS_SEARCH_USER_PATHS = NO;
				ASSETCATALOG_COMPILER_GENERATE_SWIFT_ASSET_SYMBOL_EXTENSIONS = YES;
				CLANG_ANALYZER_NONNULL = YES;
				CLANG_ANALYZER_NUMBER_OBJECT_CONVERSION = YES_AGGRESSIVE;
				CLANG_CXX_LANGUAGE_STANDARD = "gnu++20";
				CLANG_ENABLE_MODULES = YES;
				CLANG_ENABLE_OBJC_ARC = YES;
				CLANG_ENABLE_OBJC_WEAK = YES;
				CLANG_WARN_BLOCK_CAPTURE_AUTORELEASING = YES;
				CLANG_WARN_BOOL_CONVERSION = YES;
				CLANG_WARN_COMMA = YES;
				CLANG_WARN_CONSTANT_CONVERSION = YES;
				CLANG_WARN_DEPRECATED_OBJC_IMPLEMENTATIONS = YES;
				CLANG_WARN_DIRECT_OBJC_ISA_USAGE = YES_ERROR;
				CLANG_WARN_DOCUMENTATION_COMMENTS = YES;
				CLANG_WARN_EMPTY_BODY = YES;
				CLANG_WARN_ENUM_CONVERSION = YES;
				CLANG_WARN_INFINITE_RECURSION = YES;
				CLANG_WARN_INT_CONVERSION = YES;
				CLANG_WARN_NON_LITERAL_NULL_CONVERSION = YES;
				CLANG_WARN_OBJC_IMPLICIT_RETAIN_SELF = YES;
				CLANG_WARN_OBJC_LITERAL_CONVERSION = YES;
				CLANG_WARN_OBJC_ROOT_CLASS = YES_ERROR;
				CLANG_WARN_QUOTED_INCLUDE_IN_FRAMEWORK_HEADER = YES;
				CLANG_WARN_RANGE_LOOP_ANALYSIS = YES;
				CLANG_WARN_STRICT_PROTOTYPES = YES;
				CLANG_WARN_SUSPICIOUS_MOVE = YES;
				CLANG_WARN_UNGUARDED_AVAILABILITY = YES_AGGRESSIVE;
				CLANG_WARN_UNREACHABLE_CODE = YES;
				CLANG_WARN__DUPLICATE_METHOD_MATCH = YES;
				COPY_PHASE_STRIP = NO;
				DEBUG_INFORMATION_FORMAT = "dwarf-with-dsym";
				ENABLE_NS_ASSERTIONS = NO;
				ENABLE_STRICT_OBJC_MSGSEND = YES;
				ENABLE_USER_SCRIPT_SANDBOXING = YES;
				GCC_C_LANGUAGE_STANDARD = gnu17;
				GCC_NO_COMMON_BLOCKS = YES;
				GCC_WARN_64_TO_32_BIT_CONVERSION = YES;
				GCC_WARN_ABOUT_RETURN_TYPE = YES_ERROR;
				GCC_WARN_UNDECLARED_SELECTOR = YES;
				GCC_WARN_UNINITIALIZED_AUTOS = YES_AGGRESSIVE;
				GCC_WARN_UNUSED_FUNCTION = YES;
				GCC_WARN_UNUSED_VARIABLE = YES;
				LOCALIZATION_PREFERS_STRING_CATALOGS = YES;
				MTL_ENABLE_DEBUG_INFO = NO;
				MTL_FAST_MATH = YES;
				SWIFT_COMPILATION_MODE = wholemodule;
			};
			name = Release;
		};
		BA07CAD92C46CEDD006EF90D /* Debug */ = {
			isa = XCBuildConfiguration;
			buildSettings = {
				ASSETCATALOG_COMPILER_APPICON_NAME = AppIcon;
				ASSETCATALOG_COMPILER_GLOBAL_ACCENT_COLOR_NAME = AccentColor;
				CODE_SIGN_ENTITLEMENTS = 23AnimateBasics/_3AnimateBasics.entitlements;
				CODE_SIGN_STYLE = Automatic;
				CURRENT_PROJECT_VERSION = 1;
				DEVELOPMENT_ASSET_PATHS = "\"23AnimateBasics/Preview Content\"";
				ENABLE_PREVIEWS = YES;
				GENERATE_INFOPLIST_FILE = YES;
				"INFOPLIST_KEY_UIApplicationSceneManifest_Generation[sdk=iphoneos*]" = YES;
				"INFOPLIST_KEY_UIApplicationSceneManifest_Generation[sdk=iphonesimulator*]" = YES;
				"INFOPLIST_KEY_UIApplicationSupportsIndirectInputEvents[sdk=iphoneos*]" = YES;
				"INFOPLIST_KEY_UIApplicationSupportsIndirectInputEvents[sdk=iphonesimulator*]" = YES;
				"INFOPLIST_KEY_UILaunchScreen_Generation[sdk=iphoneos*]" = YES;
				"INFOPLIST_KEY_UILaunchScreen_Generation[sdk=iphonesimulator*]" = YES;
				"INFOPLIST_KEY_UIStatusBarStyle[sdk=iphoneos*]" = UIStatusBarStyleDefault;
				"INFOPLIST_KEY_UIStatusBarStyle[sdk=iphonesimulator*]" = UIStatusBarStyleDefault;
				INFOPLIST_KEY_UISupportedInterfaceOrientations_iPad = "UIInterfaceOrientationPortrait UIInterfaceOrientationPortraitUpsideDown UIInterfaceOrientationLandscapeLeft UIInterfaceOrientationLandscapeRight";
				INFOPLIST_KEY_UISupportedInterfaceOrientations_iPhone = "UIInterfaceOrientationPortrait UIInterfaceOrientationLandscapeLeft UIInterfaceOrientationLandscapeRight";
				IPHONEOS_DEPLOYMENT_TARGET = 17.5;
				LD_RUNPATH_SEARCH_PATHS = "@executable_path/Frameworks";
				"LD_RUNPATH_SEARCH_PATHS[sdk=macosx*]" = "@executable_path/../Frameworks";
				MACOSX_DEPLOYMENT_TARGET = 14.4;
				MARKETING_VERSION = 1.0;
				PRODUCT_BUNDLE_IDENTIFIER = "com.sahil..-3AnimateBasics";
				PRODUCT_NAME = "$(TARGET_NAME)";
				SDKROOT = auto;
				SUPPORTED_PLATFORMS = "iphoneos iphonesimulator macosx";
				SWIFT_EMIT_LOC_STRINGS = YES;
				SWIFT_VERSION = 5.0;
				TARGETED_DEVICE_FAMILY = "1,2";
			};
			name = Debug;
		};
		BA07CADA2C46CEDD006EF90D /* Release */ = {
			isa = XCBuildConfiguration;
			buildSettings = {
				ASSETCATALOG_COMPILER_APPICON_NAME = AppIcon;
				ASSETCATALOG_COMPILER_GLOBAL_ACCENT_COLOR_NAME = AccentColor;
				CODE_SIGN_ENTITLEMENTS = 23AnimateBasics/_3AnimateBasics.entitlements;
				CODE_SIGN_STYLE = Automatic;
				CURRENT_PROJECT_VERSION = 1;
				DEVELOPMENT_ASSET_PATHS = "\"23AnimateBasics/Preview Content\"";
				ENABLE_PREVIEWS = YES;
				GENERATE_INFOPLIST_FILE = YES;
				"INFOPLIST_KEY_UIApplicationSceneManifest_Generation[sdk=iphoneos*]" = YES;
				"INFOPLIST_KEY_UIApplicationSceneManifest_Generation[sdk=iphonesimulator*]" = YES;
				"INFOPLIST_KEY_UIApplicationSupportsIndirectInputEvents[sdk=iphoneos*]" = YES;
				"INFOPLIST_KEY_UIApplicationSupportsIndirectInputEvents[sdk=iphonesimulator*]" = YES;
				"INFOPLIST_KEY_UILaunchScreen_Generation[sdk=iphoneos*]" = YES;
				"INFOPLIST_KEY_UILaunchScreen_Generation[sdk=iphonesimulator*]" = YES;
				"INFOPLIST_KEY_UIStatusBarStyle[sdk=iphoneos*]" = UIStatusBarStyleDefault;
				"INFOPLIST_KEY_UIStatusBarStyle[sdk=iphonesimulator*]" = UIStatusBarStyleDefault;
				INFOPLIST_KEY_UISupportedInterfaceOrientations_iPad = "UIInterfaceOrientationPortrait UIInterfaceOrientationPortraitUpsideDown UIInterfaceOrientationLandscapeLeft UIInterfaceOrientationLandscapeRight";
				INFOPLIST_KEY_UISupportedInterfaceOrientations_iPhone = "UIInterfaceOrientationPortrait UIInterfaceOrientationLandscapeLeft UIInterfaceOrientationLandscapeRight";
				IPHONEOS_DEPLOYMENT_TARGET = 17.5;
				LD_RUNPATH_SEARCH_PATHS = "@executable_path/Frameworks";
				"LD_RUNPATH_SEARCH_PATHS[sdk=macosx*]" = "@executable_path/../Frameworks";
				MACOSX_DEPLOYMENT_TARGET = 14.4;
				MARKETING_VERSION = 1.0;
				PRODUCT_BUNDLE_IDENTIFIER = "com.sahil..-3AnimateBasics";
				PRODUCT_NAME = "$(TARGET_NAME)";
				SDKROOT = auto;
				SUPPORTED_PLATFORMS = "iphoneos iphonesimulator macosx";
				SWIFT_EMIT_LOC_STRINGS = YES;
				SWIFT_VERSION = 5.0;
				TARGETED_DEVICE_FAMILY = "1,2";
			};
			name = Release;
		};
		BA07CADC2C46CEDD006EF90D /* Debug */ = {
			isa = XCBuildConfiguration;
			buildSettings = {
				ALWAYS_EMBED_SWIFT_STANDARD_LIBRARIES = YES;
				BUNDLE_LOADER = "$(TEST_HOST)";
				CODE_SIGN_STYLE = Automatic;
				CURRENT_PROJECT_VERSION = 1;
				GENERATE_INFOPLIST_FILE = YES;
				IPHONEOS_DEPLOYMENT_TARGET = 17.5;
				MACOSX_DEPLOYMENT_TARGET = 14.4;
				MARKETING_VERSION = 1.0;
				PRODUCT_BUNDLE_IDENTIFIER = "com.sahil..-3AnimateBasicsTests";
				PRODUCT_NAME = "$(TARGET_NAME)";
				SDKROOT = auto;
				SUPPORTED_PLATFORMS = "iphoneos iphonesimulator macosx";
				SWIFT_EMIT_LOC_STRINGS = NO;
				SWIFT_VERSION = 5.0;
				TARGETED_DEVICE_FAMILY = "1,2";
				TEST_HOST = "$(BUILT_PRODUCTS_DIR)/23AnimateBasics.app/$(BUNDLE_EXECUTABLE_FOLDER_PATH)/23AnimateBasics";
			};
			name = Debug;
		};
		BA07CADD2C46CEDD006EF90D /* Release */ = {
			isa = XCBuildConfiguration;
			buildSettings = {
				ALWAYS_EMBED_SWIFT_STANDARD_LIBRARIES = YES;
				BUNDLE_LOADER = "$(TEST_HOST)";
				CODE_SIGN_STYLE = Automatic;
				CURRENT_PROJECT_VERSION = 1;
				GENERATE_INFOPLIST_FILE = YES;
				IPHONEOS_DEPLOYMENT_TARGET = 17.5;
				MACOSX_DEPLOYMENT_TARGET = 14.4;
				MARKETING_VERSION = 1.0;
				PRODUCT_BUNDLE_IDENTIFIER = "com.sahil..-3AnimateBasicsTests";
				PRODUCT_NAME = "$(TARGET_NAME)";
				SDKROOT = auto;
				SUPPORTED_PLATFORMS = "iphoneos iphonesimulator macosx";
				SWIFT_EMIT_LOC_STRINGS = NO;
				SWIFT_VERSION = 5.0;
				TARGETED_DEVICE_FAMILY = "1,2";
				TEST_HOST = "$(BUILT_PRODUCTS_DIR)/23AnimateBasics.app/$(BUNDLE_EXECUTABLE_FOLDER_PATH)/23AnimateBasics";
			};
			name = Release;
		};
		BA07CADF2C46CEDD006EF90D /* Debug */ = {
			isa = XCBuildConfiguration;
			buildSettings = {
				ALWAYS_EMBED_SWIFT_STANDARD_LIBRARIES = YES;
				CODE_SIGN_STYLE = Automatic;
				CURRENT_PROJECT_VERSION = 1;
				GENERATE_INFOPLIST_FILE = YES;
				IPHONEOS_DEPLOYMENT_TARGET = 17.5;
				MACOSX_DEPLOYMENT_TARGET = 14.4;
				MARKETING_VERSION = 1.0;
				PRODUCT_BUNDLE_IDENTIFIER = "com.sahil..-3AnimateBasicsUITests";
				PRODUCT_NAME = "$(TARGET_NAME)";
				SDKROOT = auto;
				SUPPORTED_PLATFORMS = "iphoneos iphonesimulator macosx";
				SWIFT_EMIT_LOC_STRINGS = NO;
				SWIFT_VERSION = 5.0;
				TARGETED_DEVICE_FAMILY = "1,2";
				TEST_TARGET_NAME = 23AnimateBasics;
			};
			name = Debug;
		};
		BA07CAE02C46CEDD006EF90D /* Release */ = {
			isa = XCBuildConfiguration;
			buildSettings = {
				ALWAYS_EMBED_SWIFT_STANDARD_LIBRARIES = YES;
				CODE_SIGN_STYLE = Automatic;
				CURRENT_PROJECT_VERSION = 1;
				GENERATE_INFOPLIST_FILE = YES;
				IPHONEOS_DEPLOYMENT_TARGET = 17.5;
				MACOSX_DEPLOYMENT_TARGET = 14.4;
				MARKETING_VERSION = 1.0;
				PRODUCT_BUNDLE_IDENTIFIER = "com.sahil..-3AnimateBasicsUITests";
				PRODUCT_NAME = "$(TARGET_NAME)";
				SDKROOT = auto;
				SUPPORTED_PLATFORMS = "iphoneos iphonesimulator macosx";
				SWIFT_EMIT_LOC_STRINGS = NO;
				SWIFT_VERSION = 5.0;
				TARGETED_DEVICE_FAMILY = "1,2";
				TEST_TARGET_NAME = 23AnimateBasics;
			};
			name = Release;
		};
/* End XCBuildConfiguration section */

/* Begin XCConfigurationList section */
		BA07CAAE2C46CEDA006EF90D /* Build configuration list for PBXProject "23AnimateBasics" */ = {
			isa = XCConfigurationList;
			buildConfigurations = (
				BA07CAD62C46CEDD006EF90D /* Debug */,
				BA07CAD72C46CEDD006EF90D /* Release */,
			);
			defaultConfigurationIsVisible = 0;
			defaultConfigurationName = Release;
		};
		BA07CAD82C46CEDD006EF90D /* Build configuration list for PBXNativeTarget "23AnimateBasics" */ = {
			isa = XCConfigurationList;
			buildConfigurations = (
				BA07CAD92C46CEDD006EF90D /* Debug */,
				BA07CADA2C46CEDD006EF90D /* Release */,
			);
			defaultConfigurationIsVisible = 0;
			defaultConfigurationName = Release;
		};
		BA07CADB2C46CEDD006EF90D /* Build configuration list for PBXNativeTarget "23AnimateBasicsTests" */ = {
			isa = XCConfigurationList;
			buildConfigurations = (
				BA07CADC2C46CEDD006EF90D /* Debug */,
				BA07CADD2C46CEDD006EF90D /* Release */,
			);
			defaultConfigurationIsVisible = 0;
			defaultConfigurationName = Release;
		};
		BA07CADE2C46CEDD006EF90D /* Build configuration list for PBXNativeTarget "23AnimateBasicsUITests" */ = {
			isa = XCConfigurationList;
			buildConfigurations = (
				BA07CADF2C46CEDD006EF90D /* Debug */,
				BA07CAE02C46CEDD006EF90D /* Release */,
			);
			defaultConfigurationIsVisible = 0;
			defaultConfigurationName = Release;
		};
/* End XCConfigurationList section */
	};
	rootObject = BA07CAAB2C46CEDA006EF90D /* Project object */;
}
