// !$*UTF8*$!
{
	archiveVersion = 1;
	classes = {
	};
	objectVersion = 56;
	objects = {

/* Begin PBXBuildFile section */
		BA07C5592C3690EF006EF90D /* _3ImagesApp.swift in Sources */ = {isa = PBXBuildFile; fileRef = BA07C5582C3690EF006EF90D /* _3ImagesApp.swift */; };
		BA07C55B2C3690EF006EF90D /* ContentView.swift in Sources */ = {isa = PBXBuildFile; fileRef = BA07C55A2C3690EF006EF90D /* ContentView.swift */; };
		BA07C55D2C3690F1006EF90D /* Assets.xcassets in Resources */ = {isa = PBXBuildFile; fileRef = BA07C55C2C3690F1006EF90D /* Assets.xcassets */; };
		BA07C5602C3690F1006EF90D /* Preview Assets.xcassets in Resources */ = {isa = PBXBuildFile; fileRef = BA07C55F2C3690F1006EF90D /* Preview Assets.xcassets */; };
		BA07C56A2C3690F2006EF90D /* _3ImagesTests.swift in Sources */ = {isa = PBXBuildFile; fileRef = BA07C5692C3690F2006EF90D /* _3ImagesTests.swift */; };
		BA07C5742C3690F2006EF90D /* _3ImagesUITests.swift in Sources */ = {isa = PBXBuildFile; fileRef = BA07C5732C3690F2006EF90D /* _3ImagesUITests.swift */; };
		BA07C5762C3690F2006EF90D /* _3ImagesUITestsLaunchTests.swift in Sources */ = {isa = PBXBuildFile; fileRef = BA07C5752C3690F2006EF90D /* _3ImagesUITestsLaunchTests.swift */; };
/* End PBXBuildFile section */

/* Begin PBXContainerItemProxy section */
		BA07C5662C3690F2006EF90D /* PBXContainerItemProxy */ = {
			isa = PBXContainerItemProxy;
			containerPortal = BA07C54D2C3690EE006EF90D /* Project object */;
			proxyType = 1;
			remoteGlobalIDString = BA07C5542C3690EF006EF90D;
			remoteInfo = 03Images;
		};
		BA07C5702C3690F2006EF90D /* PBXContainerItemProxy */ = {
			isa = PBXContainerItemProxy;
			containerPortal = BA07C54D2C3690EE006EF90D /* Project object */;
			proxyType = 1;
			remoteGlobalIDString = BA07C5542C3690EF006EF90D;
			remoteInfo = 03Images;
		};
/* End PBXContainerItemProxy section */

/* Begin PBXFileReference section */
		BA07C5552C3690EF006EF90D /* 03Images.app */ = {isa = PBXFileReference; explicitFileType = wrapper.application; includeInIndex = 0; path = 03Images.app; sourceTree = BUILT_PRODUCTS_DIR; };
		BA07C5582C3690EF006EF90D /* _3ImagesApp.swift */ = {isa = PBXFileReference; lastKnownFileType = sourcecode.swift; path = _3ImagesApp.swift; sourceTree = "<group>"; };
		BA07C55A2C3690EF006EF90D /* ContentView.swift */ = {isa = PBXFileReference; lastKnownFileType = sourcecode.swift; path = ContentView.swift; sourceTree = "<group>"; };
		BA07C55C2C3690F1006EF90D /* Assets.xcassets */ = {isa = PBXFileReference; lastKnownFileType = folder.assetcatalog; path = Assets.xcassets; sourceTree = "<group>"; };
		BA07C55F2C3690F1006EF90D /* Preview Assets.xcassets */ = {isa = PBXFileReference; lastKnownFileType = folder.assetcatalog; path = "Preview Assets.xcassets"; sourceTree = "<group>"; };
		BA07C5652C3690F2006EF90D /* 03ImagesTests.xctest */ = {isa = PBXFileReference; explicitFileType = wrapper.cfbundle; includeInIndex = 0; path = 03ImagesTests.xctest; sourceTree = BUILT_PRODUCTS_DIR; };
		BA07C5692C3690F2006EF90D /* _3ImagesTests.swift */ = {isa = PBXFileReference; lastKnownFileType = sourcecode.swift; path = _3ImagesTests.swift; sourceTree = "<group>"; };
		BA07C56F2C3690F2006EF90D /* 03ImagesUITests.xctest */ = {isa = PBXFileReference; explicitFileType = wrapper.cfbundle; includeInIndex = 0; path = 03ImagesUITests.xctest; sourceTree = BUILT_PRODUCTS_DIR; };
		BA07C5732C3690F2006EF90D /* _3ImagesUITests.swift */ = {isa = PBXFileReference; lastKnownFileType = sourcecode.swift; path = _3ImagesUITests.swift; sourceTree = "<group>"; };
		BA07C5752C3690F2006EF90D /* _3ImagesUITestsLaunchTests.swift */ = {isa = PBXFileReference; lastKnownFileType = sourcecode.swift; path = _3ImagesUITestsLaunchTests.swift; sourceTree = "<group>"; };
/* End PBXFileReference section */

/* Begin PBXFrameworksBuildPhase section */
		BA07C5522C3690EF006EF90D /* Frameworks */ = {
			isa = PBXFrameworksBuildPhase;
			buildActionMask = 2147483647;
			files = (
			);
			runOnlyForDeploymentPostprocessing = 0;
		};
		BA07C5622C3690F2006EF90D /* Frameworks */ = {
			isa = PBXFrameworksBuildPhase;
			buildActionMask = 2147483647;
			files = (
			);
			runOnlyForDeploymentPostprocessing = 0;
		};
		BA07C56C2C3690F2006EF90D /* Frameworks */ = {
			isa = PBXFrameworksBuildPhase;
			buildActionMask = 2147483647;
			files = (
			);
			runOnlyForDeploymentPostprocessing = 0;
		};
/* End PBXFrameworksBuildPhase section */

/* Begin PBXGroup section */
		BA07C54C2C3690EE006EF90D = {
			isa = PBXGroup;
			children = (
				BA07C5572C3690EF006EF90D /* 03Images */,
				BA07C5682C3690F2006EF90D /* 03ImagesTests */,
				BA07C5722C3690F2006EF90D /* 03ImagesUITests */,
				BA07C5562C3690EF006EF90D /* Products */,
			);
			sourceTree = "<group>";
		};
		BA07C5562C3690EF006EF90D /* Products */ = {
			isa = PBXGroup;
			children = (
				BA07C5552C3690EF006EF90D /* 03Images.app */,
				BA07C5652C3690F2006EF90D /* 03ImagesTests.xctest */,
				BA07C56F2C3690F2006EF90D /* 03ImagesUITests.xctest */,
			);
			name = Products;
			sourceTree = "<group>";
		};
		BA07C5572C3690EF006EF90D /* 03Images */ = {
			isa = PBXGroup;
			children = (
				BA07C5582C3690EF006EF90D /* _3ImagesApp.swift */,
				BA07C55A2C3690EF006EF90D /* ContentView.swift */,
				BA07C55C2C3690F1006EF90D /* Assets.xcassets */,
				BA07C55E2C3690F1006EF90D /* Preview Content */,
			);
			path = 03Images;
			sourceTree = "<group>";
		};
		BA07C55E2C3690F1006EF90D /* Preview Content */ = {
			isa = PBXGroup;
			children = (
				BA07C55F2C3690F1006EF90D /* Preview Assets.xcassets */,
			);
			path = "Preview Content";
			sourceTree = "<group>";
		};
		BA07C5682C3690F2006EF90D /* 03ImagesTests */ = {
			isa = PBXGroup;
			children = (
				BA07C5692C3690F2006EF90D /* _3ImagesTests.swift */,
			);
			path = 03ImagesTests;
			sourceTree = "<group>";
		};
		BA07C5722C3690F2006EF90D /* 03ImagesUITests */ = {
			isa = PBXGroup;
			children = (
				BA07C5732C3690F2006EF90D /* _3ImagesUITests.swift */,
				BA07C5752C3690F2006EF90D /* _3ImagesUITestsLaunchTests.swift */,
			);
			path = 03ImagesUITests;
			sourceTree = "<group>";
		};
/* End PBXGroup section */

/* Begin PBXNativeTarget section */
		BA07C5542C3690EF006EF90D /* 03Images */ = {
			isa = PBXNativeTarget;
			buildConfigurationList = BA07C5792C3690F2006EF90D /* Build configuration list for PBXNativeTarget "03Images" */;
			buildPhases = (
				BA07C5512C3690EF006EF90D /* Sources */,
				BA07C5522C3690EF006EF90D /* Frameworks */,
				BA07C5532C3690EF006EF90D /* Resources */,
			);
			buildRules = (
			);
			dependencies = (
			);
			name = 03Images;
			productName = 03Images;
			productReference = BA07C5552C3690EF006EF90D /* 03Images.app */;
			productType = "com.apple.product-type.application";
		};
		BA07C5642C3690F2006EF90D /* 03ImagesTests */ = {
			isa = PBXNativeTarget;
			buildConfigurationList = BA07C57C2C3690F2006EF90D /* Build configuration list for PBXNativeTarget "03ImagesTests" */;
			buildPhases = (
				BA07C5612C3690F2006EF90D /* Sources */,
				BA07C5622C3690F2006EF90D /* Frameworks */,
				BA07C5632C3690F2006EF90D /* Resources */,
			);
			buildRules = (
			);
			dependencies = (
				BA07C5672C3690F2006EF90D /* PBXTargetDependency */,
			);
			name = 03ImagesTests;
			productName = 03ImagesTests;
			productReference = BA07C5652C3690F2006EF90D /* 03ImagesTests.xctest */;
			productType = "com.apple.product-type.bundle.unit-test";
		};
		BA07C56E2C3690F2006EF90D /* 03ImagesUITests */ = {
			isa = PBXNativeTarget;
			buildConfigurationList = BA07C57F2C3690F2006EF90D /* Build configuration list for PBXNativeTarget "03ImagesUITests" */;
			buildPhases = (
				BA07C56B2C3690F2006EF90D /* Sources */,
				BA07C56C2C3690F2006EF90D /* Frameworks */,
				BA07C56D2C3690F2006EF90D /* Resources */,
			);
			buildRules = (
			);
			dependencies = (
				BA07C5712C3690F2006EF90D /* PBXTargetDependency */,
			);
			name = 03ImagesUITests;
			productName = 03ImagesUITests;
			productReference = BA07C56F2C3690F2006EF90D /* 03ImagesUITests.xctest */;
			productType = "com.apple.product-type.bundle.ui-testing";
		};
/* End PBXNativeTarget section */

/* Begin PBXProject section */
		BA07C54D2C3690EE006EF90D /* Project object */ = {
			isa = PBXProject;
			attributes = {
				BuildIndependentTargetsInParallel = 1;
				LastSwiftUpdateCheck = 1540;
				LastUpgradeCheck = 1540;
				TargetAttributes = {
					BA07C5542C3690EF006EF90D = {
						CreatedOnToolsVersion = 15.4;
					};
					BA07C5642C3690F2006EF90D = {
						CreatedOnToolsVersion = 15.4;
						TestTargetID = BA07C5542C3690EF006EF90D;
					};
					BA07C56E2C3690F2006EF90D = {
						CreatedOnToolsVersion = 15.4;
						TestTargetID = BA07C5542C3690EF006EF90D;
					};
				};
			};
			buildConfigurationList = BA07C5502C3690EE006EF90D /* Build configuration list for PBXProject "03Images" */;
			compatibilityVersion = "Xcode 14.0";
			developmentRegion = en;
			hasScannedForEncodings = 0;
			knownRegions = (
				en,
				Base,
			);
			mainGroup = BA07C54C2C3690EE006EF90D;
			productRefGroup = BA07C5562C3690EF006EF90D /* Products */;
			projectDirPath = "";
			projectRoot = "";
			targets = (
				BA07C5542C3690EF006EF90D /* 03Images */,
				BA07C5642C3690F2006EF90D /* 03ImagesTests */,
				BA07C56E2C3690F2006EF90D /* 03ImagesUITests */,
			);
		};
/* End PBXProject section */

/* Begin PBXResourcesBuildPhase section */
		BA07C5532C3690EF006EF90D /* Resources */ = {
			isa = PBXResourcesBuildPhase;
			buildActionMask = 2147483647;
			files = (
				BA07C5602C3690F1006EF90D /* Preview Assets.xcassets in Resources */,
				BA07C55D2C3690F1006EF90D /* Assets.xcassets in Resources */,
			);
			runOnlyForDeploymentPostprocessing = 0;
		};
		BA07C5632C3690F2006EF90D /* Resources */ = {
			isa = PBXResourcesBuildPhase;
			buildActionMask = 2147483647;
			files = (
			);
			runOnlyForDeploymentPostprocessing = 0;
		};
		BA07C56D2C3690F2006EF90D /* Resources */ = {
			isa = PBXResourcesBuildPhase;
			buildActionMask = 2147483647;
			files = (
			);
			runOnlyForDeploymentPostprocessing = 0;
		};
/* End PBXResourcesBuildPhase section */

/* Begin PBXSourcesBuildPhase section */
		BA07C5512C3690EF006EF90D /* Sources */ = {
			isa = PBXSourcesBuildPhase;
			buildActionMask = 2147483647;
			files = (
				BA07C55B2C3690EF006EF90D /* ContentView.swift in Sources */,
				BA07C5592C3690EF006EF90D /* _3ImagesApp.swift in Sources */,
			);
			runOnlyForDeploymentPostprocessing = 0;
		};
		BA07C5612C3690F2006EF90D /* Sources */ = {
			isa = PBXSourcesBuildPhase;
			buildActionMask = 2147483647;
			files = (
				BA07C56A2C3690F2006EF90D /* _3ImagesTests.swift in Sources */,
			);
			runOnlyForDeploymentPostprocessing = 0;
		};
		BA07C56B2C3690F2006EF90D /* Sources */ = {
			isa = PBXSourcesBuildPhase;
			buildActionMask = 2147483647;
			files = (
				BA07C5762C3690F2006EF90D /* _3ImagesUITestsLaunchTests.swift in Sources */,
				BA07C5742C3690F2006EF90D /* _3ImagesUITests.swift in Sources */,
			);
			runOnlyForDeploymentPostprocessing = 0;
		};
/* End PBXSourcesBuildPhase section */

/* Begin PBXTargetDependency section */
		BA07C5672C3690F2006EF90D /* PBXTargetDependency */ = {
			isa = PBXTargetDependency;
			target = BA07C5542C3690EF006EF90D /* 03Images */;
			targetProxy = BA07C5662C3690F2006EF90D /* PBXContainerItemProxy */;
		};
		BA07C5712C3690F2006EF90D /* PBXTargetDependency */ = {
			isa = PBXTargetDependency;
			target = BA07C5542C3690EF006EF90D /* 03Images */;
			targetProxy = BA07C5702C3690F2006EF90D /* PBXContainerItemProxy */;
		};
/* End PBXTargetDependency section */

/* Begin XCBuildConfiguration section */
		BA07C5772C3690F2006EF90D /* Debug */ = {
			isa = XCBuildConfiguration;
			buildSettings = {
				ALWAYS_SEARCH_USER_PATHS = NO;
				ASSETCATALOG_COMPILER_GENERATE_SWIFT_ASSET_SYMBOL_EXTENSIONS = YES;
				CLANG_ANALYZER_NONNULL = YES;
				CLANG_ANALYZER_NUMBER_OBJECT_CONVERSION = YES_AGGRESSIVE;
				CLANG_CXX_LANGUAGE_STANDARD = "gnu++20";
				CLANG_ENABLE_MODULES = YES;
				CLANG_ENABLE_OBJC_ARC = YES;
				CLANG_ENABLE_OBJC_WEAK = YES;
				CLANG_WARN_BLOCK_CAPTURE_AUTORELEASING = YES;
				CLANG_WARN_BOOL_CONVERSION = YES;
				CLANG_WARN_COMMA = YES;
				CLANG_WARN_CONSTANT_CONVERSION = YES;
				CLANG_WARN_DEPRECATED_OBJC_IMPLEMENTATIONS = YES;
				CLANG_WARN_DIRECT_OBJC_ISA_USAGE = YES_ERROR;
				CLANG_WARN_DOCUMENTATION_COMMENTS = YES;
				CLANG_WARN_EMPTY_BODY = YES;
				CLANG_WARN_ENUM_CONVERSION = YES;
				CLANG_WARN_INFINITE_RECURSION = YES;
				CLANG_WARN_INT_CONVERSION = YES;
				CLANG_WARN_NON_LITERAL_NULL_CONVERSION = YES;
				CLANG_WARN_OBJC_IMPLICIT_RETAIN_SELF = YES;
				CLANG_WARN_OBJC_LITERAL_CONVERSION = YES;
				CLANG_WARN_OBJC_ROOT_CLASS = YES_ERROR;
				CLANG_WARN_QUOTED_INCLUDE_IN_FRAMEWORK_HEADER = YES;
				CLANG_WARN_RANGE_LOOP_ANALYSIS = YES;
				CLANG_WARN_STRICT_PROTOTYPES = YES;
				CLANG_WARN_SUSPICIOUS_MOVE = YES;
				CLANG_WARN_UNGUARDED_AVAILABILITY = YES_AGGRESSIVE;
				CLANG_WARN_UNREACHABLE_CODE = YES;
				CLANG_WARN__DUPLICATE_METHOD_MATCH = YES;
				COPY_PHASE_STRIP = NO;
				DEBUG_INFORMATION_FORMAT = dwarf;
				ENABLE_STRICT_OBJC_MSGSEND = YES;
				ENABLE_TESTABILITY = YES;
				ENABLE_USER_SCRIPT_SANDBOXING = YES;
				GCC_C_LANGUAGE_STANDARD = gnu17;
				GCC_DYNAMIC_NO_PIC = NO;
				GCC_NO_COMMON_BLOCKS = YES;
				GCC_OPTIMIZATION_LEVEL = 0;
				GCC_PREPROCESSOR_DEFINITIONS = (
					"DEBUG=1",
					"$(inherited)",
				);
				GCC_WARN_64_TO_32_BIT_CONVERSION = YES;
				GCC_WARN_ABOUT_RETURN_TYPE = YES_ERROR;
				GCC_WARN_UNDECLARED_SELECTOR = YES;
				GCC_WARN_UNINITIALIZED_AUTOS = YES_AGGRESSIVE;
				GCC_WARN_UNUSED_FUNCTION = YES;
				GCC_WARN_UNUSED_VARIABLE = YES;
				IPHONEOS_DEPLOYMENT_TARGET = 17.5;
				LOCALIZATION_PREFERS_STRING_CATALOGS = YES;
				MTL_ENABLE_DEBUG_INFO = INCLUDE_SOURCE;
				MTL_FAST_MATH = YES;
				ONLY_ACTIVE_ARCH = YES;
				SDKROOT = iphoneos;
				SWIFT_ACTIVE_COMPILATION_CONDITIONS = "DEBUG $(inherited)";
				SWIFT_OPTIMIZATION_LEVEL = "-Onone";
			};
			name = Debug;
		};
		BA07C5782C3690F2006EF90D /* Release */ = {
			isa = XCBuildConfiguration;
			buildSettings = {
				ALWAYS_SEARCH_USER_PATHS = NO;
				ASSETCATALOG_COMPILER_GENERATE_SWIFT_ASSET_SYMBOL_EXTENSIONS = YES;
				CLANG_ANALYZER_NONNULL = YES;
				CLANG_ANALYZER_NUMBER_OBJECT_CONVERSION = YES_AGGRESSIVE;
				CLANG_CXX_LANGUAGE_STANDARD = "gnu++20";
				CLANG_ENABLE_MODULES = YES;
				CLANG_ENABLE_OBJC_ARC = YES;
				CLANG_ENABLE_OBJC_WEAK = YES;
				CLANG_WARN_BLOCK_CAPTURE_AUTORELEASING = YES;
				CLANG_WARN_BOOL_CONVERSION = YES;
				CLANG_WARN_COMMA = YES;
				CLANG_WARN_CONSTANT_CONVERSION = YES;
				CLANG_WARN_DEPRECATED_OBJC_IMPLEMENTATIONS = YES;
				CLANG_WARN_DIRECT_OBJC_ISA_USAGE = YES_ERROR;
				CLANG_WARN_DOCUMENTATION_COMMENTS = YES;
				CLANG_WARN_EMPTY_BODY = YES;
				CLANG_WARN_ENUM_CONVERSION = YES;
				CLANG_WARN_INFINITE_RECURSION = YES;
				CLANG_WARN_INT_CONVERSION = YES;
				CLANG_WARN_NON_LITERAL_NULL_CONVERSION = YES;
				CLANG_WARN_OBJC_IMPLICIT_RETAIN_SELF = YES;
				CLANG_WARN_OBJC_LITERAL_CONVERSION = YES;
				CLANG_WARN_OBJC_ROOT_CLASS = YES_ERROR;
				CLANG_WARN_QUOTED_INCLUDE_IN_FRAMEWORK_HEADER = YES;
				CLANG_WARN_RANGE_LOOP_ANALYSIS = YES;
				CLANG_WARN_STRICT_PROTOTYPES = YES;
				CLANG_WARN_SUSPICIOUS_MOVE = YES;
				CLANG_WARN_UNGUARDED_AVAILABILITY = YES_AGGRESSIVE;
				CLANG_WARN_UNREACHABLE_CODE = YES;
				CLANG_WARN__DUPLICATE_METHOD_MATCH = YES;
				COPY_PHASE_STRIP = NO;
				DEBUG_INFORMATION_FORMAT = "dwarf-with-dsym";
				ENABLE_NS_ASSERTIONS = NO;
				ENABLE_STRICT_OBJC_MSGSEND = YES;
				ENABLE_USER_SCRIPT_SANDBOXING = YES;
				GCC_C_LANGUAGE_STANDARD = gnu17;
				GCC_NO_COMMON_BLOCKS = YES;
				GCC_WARN_64_TO_32_BIT_CONVERSION = YES;
				GCC_WARN_ABOUT_RETURN_TYPE = YES_ERROR;
				GCC_WARN_UNDECLARED_SELECTOR = YES;
				GCC_WARN_UNINITIALIZED_AUTOS = YES_AGGRESSIVE;
				GCC_WARN_UNUSED_FUNCTION = YES;
				GCC_WARN_UNUSED_VARIABLE = YES;
				IPHONEOS_DEPLOYMENT_TARGET = 17.5;
				LOCALIZATION_PREFERS_STRING_CATALOGS = YES;
				MTL_ENABLE_DEBUG_INFO = NO;
				MTL_FAST_MATH = YES;
				SDKROOT = iphoneos;
				SWIFT_COMPILATION_MODE = wholemodule;
				VALIDATE_PRODUCT = YES;
			};
			name = Release;
		};
		BA07C57A2C3690F2006EF90D /* Debug */ = {
			isa = XCBuildConfiguration;
			buildSettings = {
				ASSETCATALOG_COMPILER_APPICON_NAME = AppIcon;
				ASSETCATALOG_COMPILER_GLOBAL_ACCENT_COLOR_NAME = AccentColor;
				CODE_SIGN_STYLE = Automatic;
				CURRENT_PROJECT_VERSION = 1;
				DEVELOPMENT_ASSET_PATHS = "\"03Images/Preview Content\"";
				ENABLE_PREVIEWS = YES;
				GENERATE_INFOPLIST_FILE = YES;
				INFOPLIST_KEY_UIApplicationSceneManifest_Generation = YES;
				INFOPLIST_KEY_UIApplicationSupportsIndirectInputEvents = YES;
				INFOPLIST_KEY_UILaunchScreen_Generation = YES;
				INFOPLIST_KEY_UISupportedInterfaceOrientations_iPad = "UIInterfaceOrientationPortrait UIInterfaceOrientationPortraitUpsideDown UIInterfaceOrientationLandscapeLeft UIInterfaceOrientationLandscapeRight";
				INFOPLIST_KEY_UISupportedInterfaceOrientations_iPhone = "UIInterfaceOrientationPortrait UIInterfaceOrientationLandscapeLeft UIInterfaceOrientationLandscapeRight";
				LD_RUNPATH_SEARCH_PATHS = (
					"$(inherited)",
					"@executable_path/Frameworks",
				);
				MARKETING_VERSION = 1.0;
				PRODUCT_BUNDLE_IDENTIFIER = "com.sahil..-3Images";
				PRODUCT_NAME = "$(TARGET_NAME)";
				SWIFT_EMIT_LOC_STRINGS = YES;
				SWIFT_VERSION = 5.0;
				TARGETED_DEVICE_FAMILY = "1,2";
			};
			name = Debug;
		};
		BA07C57B2C3690F2006EF90D /* Release */ = {
			isa = XCBuildConfiguration;
			buildSettings = {
				ASSETCATALOG_COMPILER_APPICON_NAME = AppIcon;
				ASSETCATALOG_COMPILER_GLOBAL_ACCENT_COLOR_NAME = AccentColor;
				CODE_SIGN_STYLE = Automatic;
				CURRENT_PROJECT_VERSION = 1;
				DEVELOPMENT_ASSET_PATHS = "\"03Images/Preview Content\"";
				ENABLE_PREVIEWS = YES;
				GENERATE_INFOPLIST_FILE = YES;
				INFOPLIST_KEY_UIApplicationSceneManifest_Generation = YES;
				INFOPLIST_KEY_UIApplicationSupportsIndirectInputEvents = YES;
				INFOPLIST_KEY_UILaunchScreen_Generation = YES;
				INFOPLIST_KEY_UISupportedInterfaceOrientations_iPad = "UIInterfaceOrientationPortrait UIInterfaceOrientationPortraitUpsideDown UIInterfaceOrientationLandscapeLeft UIInterfaceOrientationLandscapeRight";
				INFOPLIST_KEY_UISupportedInterfaceOrientations_iPhone = "UIInterfaceOrientationPortrait UIInterfaceOrientationLandscapeLeft UIInterfaceOrientationLandscapeRight";
				LD_RUNPATH_SEARCH_PATHS = (
					"$(inherited)",
					"@executable_path/Frameworks",
				);
				MARKETING_VERSION = 1.0;
				PRODUCT_BUNDLE_IDENTIFIER = "com.sahil..-3Images";
				PRODUCT_NAME = "$(TARGET_NAME)";
				SWIFT_EMIT_LOC_STRINGS = YES;
				SWIFT_VERSION = 5.0;
				TARGETED_DEVICE_FAMILY = "1,2";
			};
			name = Release;
		};
		BA07C57D2C3690F2006EF90D /* Debug */ = {
			isa = XCBuildConfiguration;
			buildSettings = {
				ALWAYS_EMBED_SWIFT_STANDARD_LIBRARIES = YES;
				BUNDLE_LOADER = "$(TEST_HOST)";
				CODE_SIGN_STYLE = Automatic;
				CURRENT_PROJECT_VERSION = 1;
				GENERATE_INFOPLIST_FILE = YES;
				IPHONEOS_DEPLOYMENT_TARGET = 17.5;
				MARKETING_VERSION = 1.0;
				PRODUCT_BUNDLE_IDENTIFIER = "com.sahil..-3ImagesTests";
				PRODUCT_NAME = "$(TARGET_NAME)";
				SWIFT_EMIT_LOC_STRINGS = NO;
				SWIFT_VERSION = 5.0;
				TARGETED_DEVICE_FAMILY = "1,2";
				TEST_HOST = "$(BUILT_PRODUCTS_DIR)/03Images.app/$(BUNDLE_EXECUTABLE_FOLDER_PATH)/03Images";
			};
			name = Debug;
		};
		BA07C57E2C3690F2006EF90D /* Release */ = {
			isa = XCBuildConfiguration;
			buildSettings = {
				ALWAYS_EMBED_SWIFT_STANDARD_LIBRARIES = YES;
				BUNDLE_LOADER = "$(TEST_HOST)";
				CODE_SIGN_STYLE = Automatic;
				CURRENT_PROJECT_VERSION = 1;
				GENERATE_INFOPLIST_FILE = YES;
				IPHONEOS_DEPLOYMENT_TARGET = 17.5;
				MARKETING_VERSION = 1.0;
				PRODUCT_BUNDLE_IDENTIFIER = "com.sahil..-3ImagesTests";
				PRODUCT_NAME = "$(TARGET_NAME)";
				SWIFT_EMIT_LOC_STRINGS = NO;
				SWIFT_VERSION = 5.0;
				TARGETED_DEVICE_FAMILY = "1,2";
				TEST_HOST = "$(BUILT_PRODUCTS_DIR)/03Images.app/$(BUNDLE_EXECUTABLE_FOLDER_PATH)/03Images";
			};
			name = Release;
		};
		BA07C5802C3690F2006EF90D /* Debug */ = {
			isa = XCBuildConfiguration;
			buildSettings = {
				ALWAYS_EMBED_SWIFT_STANDARD_LIBRARIES = YES;
				CODE_SIGN_STYLE = Automatic;
				CURRENT_PROJECT_VERSION = 1;
				GENERATE_INFOPLIST_FILE = YES;
				MARKETING_VERSION = 1.0;
				PRODUCT_BUNDLE_IDENTIFIER = "com.sahil..-3ImagesUITests";
				PRODUCT_NAME = "$(TARGET_NAME)";
				SWIFT_EMIT_LOC_STRINGS = NO;
				SWIFT_VERSION = 5.0;
				TARGETED_DEVICE_FAMILY = "1,2";
				TEST_TARGET_NAME = 03Images;
			};
			name = Debug;
		};
		BA07C5812C3690F2006EF90D /* Release */ = {
			isa = XCBuildConfiguration;
			buildSettings = {
				ALWAYS_EMBED_SWIFT_STANDARD_LIBRARIES = YES;
				CODE_SIGN_STYLE = Automatic;
				CURRENT_PROJECT_VERSION = 1;
				GENERATE_INFOPLIST_FILE = YES;
				MARKETING_VERSION = 1.0;
				PRODUCT_BUNDLE_IDENTIFIER = "com.sahil..-3ImagesUITests";
				PRODUCT_NAME = "$(TARGET_NAME)";
				SWIFT_EMIT_LOC_STRINGS = NO;
				SWIFT_VERSION = 5.0;
				TARGETED_DEVICE_FAMILY = "1,2";
				TEST_TARGET_NAME = 03Images;
			};
			name = Release;
		};
/* End XCBuildConfiguration section */

/* Begin XCConfigurationList section */
		BA07C5502C3690EE006EF90D /* Build configuration list for PBXProject "03Images" */ = {
			isa = XCConfigurationList;
			buildConfigurations = (
				BA07C5772C3690F2006EF90D /* Debug */,
				BA07C5782C3690F2006EF90D /* Release */,
			);
			defaultConfigurationIsVisible = 0;
			defaultConfigurationName = Release;
		};
		BA07C5792C3690F2006EF90D /* Build configuration list for PBXNativeTarget "03Images" */ = {
			isa = XCConfigurationList;
			buildConfigurations = (
				BA07C57A2C3690F2006EF90D /* Debug */,
				BA07C57B2C3690F2006EF90D /* Release */,
			);
			defaultConfigurationIsVisible = 0;
			defaultConfigurationName = Release;
		};
		BA07C57C2C3690F2006EF90D /* Build configuration list for PBXNativeTarget "03ImagesTests" */ = {
			isa = XCConfigurationList;
			buildConfigurations = (
				BA07C57D2C3690F2006EF90D /* Debug */,
				BA07C57E2C3690F2006EF90D /* Release */,
			);
			defaultConfigurationIsVisible = 0;
			defaultConfigurationName = Release;
		};
		BA07C57F2C3690F2006EF90D /* Build configuration list for PBXNativeTarget "03ImagesUITests" */ = {
			isa = XCConfigurationList;
			buildConfigurations = (
				BA07C5802C3690F2006EF90D /* Debug */,
				BA07C5812C3690F2006EF90D /* Release */,
			);
			defaultConfigurationIsVisible = 0;
			defaultConfigurationName = Release;
		};
/* End XCConfigurationList section */
	};
	rootObject = BA07C54D2C3690EE006EF90D /* Project object */;
}
