// !$*UTF8*$!
{
	archiveVersion = 1;
	classes = {
	};
	objectVersion = 56;
	objects = {

/* Begin PBXBuildFile section */
		BA07C8F82C3D737E006EF90D /* _8ScrollViewsApp.swift in Sources */ = {isa = PBXBuildFile; fileRef = BA07C8F72C3D737E006EF90D /* _8ScrollViewsApp.swift */; };
		BA07C8FA2C3D737E006EF90D /* ContentView.swift in Sources */ = {isa = PBXBuildFile; fileRef = BA07C8F92C3D737E006EF90D /* ContentView.swift */; };
		BA07C8FC2C3D7381006EF90D /* Assets.xcassets in Resources */ = {isa = PBXBuildFile; fileRef = BA07C8FB2C3D7381006EF90D /* Assets.xcassets */; };
		BA07C9002C3D7381006EF90D /* Preview Assets.xcassets in Resources */ = {isa = PBXBuildFile; fileRef = BA07C8FF2C3D7381006EF90D /* Preview Assets.xcassets */; };
		BA07C90A2C3D7382006EF90D /* _8ScrollViewsTests.swift in Sources */ = {isa = PBXBuildFile; fileRef = BA07C9092C3D7382006EF90D /* _8ScrollViewsTests.swift */; };
		BA07C9142C3D7382006EF90D /* _8ScrollViewsUITests.swift in Sources */ = {isa = PBXBuildFile; fileRef = BA07C9132C3D7382006EF90D /* _8ScrollViewsUITests.swift */; };
		BA07C9162C3D7382006EF90D /* _8ScrollViewsUITestsLaunchTests.swift in Sources */ = {isa = PBXBuildFile; fileRef = BA07C9152C3D7382006EF90D /* _8ScrollViewsUITestsLaunchTests.swift */; };
		BA07C9232C3E4A16006EF90D /* CardView.swift in Sources */ = {isa = PBXBuildFile; fileRef = BA07C9222C3E4A16006EF90D /* CardView.swift */; };
/* End PBXBuildFile section */

/* Begin PBXContainerItemProxy section */
		BA07C9062C3D7382006EF90D /* PBXContainerItemProxy */ = {
			isa = PBXContainerItemProxy;
			containerPortal = BA07C8EC2C3D737E006EF90D /* Project object */;
			proxyType = 1;
			remoteGlobalIDString = BA07C8F32C3D737E006EF90D;
			remoteInfo = 18ScrollViews;
		};
		BA07C9102C3D7382006EF90D /* PBXContainerItemProxy */ = {
			isa = PBXContainerItemProxy;
			containerPortal = BA07C8EC2C3D737E006EF90D /* Project object */;
			proxyType = 1;
			remoteGlobalIDString = BA07C8F32C3D737E006EF90D;
			remoteInfo = 18ScrollViews;
		};
/* End PBXContainerItemProxy section */

/* Begin PBXFileReference section */
		BA07C8F42C3D737E006EF90D /* 18ScrollViews.app */ = {isa = PBXFileReference; explicitFileType = wrapper.application; includeInIndex = 0; path = 18ScrollViews.app; sourceTree = BUILT_PRODUCTS_DIR; };
		BA07C8F72C3D737E006EF90D /* _8ScrollViewsApp.swift */ = {isa = PBXFileReference; lastKnownFileType = sourcecode.swift; path = _8ScrollViewsApp.swift; sourceTree = "<group>"; };
		BA07C8F92C3D737E006EF90D /* ContentView.swift */ = {isa = PBXFileReference; lastKnownFileType = sourcecode.swift; path = ContentView.swift; sourceTree = "<group>"; };
		BA07C8FB2C3D7381006EF90D /* Assets.xcassets */ = {isa = PBXFileReference; lastKnownFileType = folder.assetcatalog; path = Assets.xcassets; sourceTree = "<group>"; };
		BA07C8FD2C3D7381006EF90D /* _8ScrollViews.entitlements */ = {isa = PBXFileReference; lastKnownFileType = text.plist.entitlements; path = _8ScrollViews.entitlements; sourceTree = "<group>"; };
		BA07C8FF2C3D7381006EF90D /* Preview Assets.xcassets */ = {isa = PBXFileReference; lastKnownFileType = folder.assetcatalog; path = "Preview Assets.xcassets"; sourceTree = "<group>"; };
		BA07C9052C3D7382006EF90D /* 18ScrollViewsTests.xctest */ = {isa = PBXFileReference; explicitFileType = wrapper.cfbundle; includeInIndex = 0; path = 18ScrollViewsTests.xctest; sourceTree = BUILT_PRODUCTS_DIR; };
		BA07C9092C3D7382006EF90D /* _8ScrollViewsTests.swift */ = {isa = PBXFileReference; lastKnownFileType = sourcecode.swift; path = _8ScrollViewsTests.swift; sourceTree = "<group>"; };
		BA07C90F2C3D7382006EF90D /* 18ScrollViewsUITests.xctest */ = {isa = PBXFileReference; explicitFileType = wrapper.cfbundle; includeInIndex = 0; path = 18ScrollViewsUITests.xctest; sourceTree = BUILT_PRODUCTS_DIR; };
		BA07C9132C3D7382006EF90D /* _8ScrollViewsUITests.swift */ = {isa = PBXFileReference; lastKnownFileType = sourcecode.swift; path = _8ScrollViewsUITests.swift; sourceTree = "<group>"; };
		BA07C9152C3D7382006EF90D /* _8ScrollViewsUITestsLaunchTests.swift */ = {isa = PBXFileReference; lastKnownFileType = sourcecode.swift; path = _8ScrollViewsUITestsLaunchTests.swift; sourceTree = "<group>"; };
		BA07C9222C3E4A16006EF90D /* CardView.swift */ = {isa = PBXFileReference; lastKnownFileType = sourcecode.swift; path = CardView.swift; sourceTree = "<group>"; };
/* End PBXFileReference section */

/* Begin PBXFrameworksBuildPhase section */
		BA07C8F12C3D737E006EF90D /* Frameworks */ = {
			isa = PBXFrameworksBuildPhase;
			buildActionMask = 2147483647;
			files = (
			);
			runOnlyForDeploymentPostprocessing = 0;
		};
		BA07C9022C3D7382006EF90D /* Frameworks */ = {
			isa = PBXFrameworksBuildPhase;
			buildActionMask = 2147483647;
			files = (
			);
			runOnlyForDeploymentPostprocessing = 0;
		};
		BA07C90C2C3D7382006EF90D /* Frameworks */ = {
			isa = PBXFrameworksBuildPhase;
			buildActionMask = 2147483647;
			files = (
			);
			runOnlyForDeploymentPostprocessing = 0;
		};
/* End PBXFrameworksBuildPhase section */

/* Begin PBXGroup section */
		BA07C8EB2C3D737E006EF90D = {
			isa = PBXGroup;
			children = (
				BA07C8F62C3D737E006EF90D /* 18ScrollViews */,
				BA07C9082C3D7382006EF90D /* 18ScrollViewsTests */,
				BA07C9122C3D7382006EF90D /* 18ScrollViewsUITests */,
				BA07C8F52C3D737E006EF90D /* Products */,
			);
			sourceTree = "<group>";
		};
		BA07C8F52C3D737E006EF90D /* Products */ = {
			isa = PBXGroup;
			children = (
				BA07C8F42C3D737E006EF90D /* 18ScrollViews.app */,
				BA07C9052C3D7382006EF90D /* 18ScrollViewsTests.xctest */,
				BA07C90F2C3D7382006EF90D /* 18ScrollViewsUITests.xctest */,
			);
			name = Products;
			sourceTree = "<group>";
		};
		BA07C8F62C3D737E006EF90D /* 18ScrollViews */ = {
			isa = PBXGroup;
			children = (
				BA07C8F72C3D737E006EF90D /* _8ScrollViewsApp.swift */,
				BA07C8F92C3D737E006EF90D /* ContentView.swift */,
				BA07C8FB2C3D7381006EF90D /* Assets.xcassets */,
				BA07C8FD2C3D7381006EF90D /* _8ScrollViews.entitlements */,
				BA07C8FE2C3D7381006EF90D /* Preview Content */,
				BA07C9222C3E4A16006EF90D /* CardView.swift */,
			);
			path = 18ScrollViews;
			sourceTree = "<group>";
		};
		BA07C8FE2C3D7381006EF90D /* Preview Content */ = {
			isa = PBXGroup;
			children = (
				BA07C8FF2C3D7381006EF90D /* Preview Assets.xcassets */,
			);
			path = "Preview Content";
			sourceTree = "<group>";
		};
		BA07C9082C3D7382006EF90D /* 18ScrollViewsTests */ = {
			isa = PBXGroup;
			children = (
				BA07C9092C3D7382006EF90D /* _8ScrollViewsTests.swift */,
			);
			path = 18ScrollViewsTests;
			sourceTree = "<group>";
		};
		BA07C9122C3D7382006EF90D /* 18ScrollViewsUITests */ = {
			isa = PBXGroup;
			children = (
				BA07C9132C3D7382006EF90D /* _8ScrollViewsUITests.swift */,
				BA07C9152C3D7382006EF90D /* _8ScrollViewsUITestsLaunchTests.swift */,
			);
			path = 18ScrollViewsUITests;
			sourceTree = "<group>";
		};
/* End PBXGroup section */

/* Begin PBXNativeTarget section */
		BA07C8F32C3D737E006EF90D /* 18ScrollViews */ = {
			isa = PBXNativeTarget;
			buildConfigurationList = BA07C9192C3D7382006EF90D /* Build configuration list for PBXNativeTarget "18ScrollViews" */;
			buildPhases = (
				BA07C8F02C3D737E006EF90D /* Sources */,
				BA07C8F12C3D737E006EF90D /* Frameworks */,
				BA07C8F22C3D737E006EF90D /* Resources */,
			);
			buildRules = (
			);
			dependencies = (
			);
			name = 18ScrollViews;
			productName = 18ScrollViews;
			productReference = BA07C8F42C3D737E006EF90D /* 18ScrollViews.app */;
			productType = "com.apple.product-type.application";
		};
		BA07C9042C3D7382006EF90D /* 18ScrollViewsTests */ = {
			isa = PBXNativeTarget;
			buildConfigurationList = BA07C91C2C3D7382006EF90D /* Build configuration list for PBXNativeTarget "18ScrollViewsTests" */;
			buildPhases = (
				BA07C9012C3D7382006EF90D /* Sources */,
				BA07C9022C3D7382006EF90D /* Frameworks */,
				BA07C9032C3D7382006EF90D /* Resources */,
			);
			buildRules = (
			);
			dependencies = (
				BA07C9072C3D7382006EF90D /* PBXTargetDependency */,
			);
			name = 18ScrollViewsTests;
			productName = 18ScrollViewsTests;
			productReference = BA07C9052C3D7382006EF90D /* 18ScrollViewsTests.xctest */;
			productType = "com.apple.product-type.bundle.unit-test";
		};
		BA07C90E2C3D7382006EF90D /* 18ScrollViewsUITests */ = {
			isa = PBXNativeTarget;
			buildConfigurationList = BA07C91F2C3D7382006EF90D /* Build configuration list for PBXNativeTarget "18ScrollViewsUITests" */;
			buildPhases = (
				BA07C90B2C3D7382006EF90D /* Sources */,
				BA07C90C2C3D7382006EF90D /* Frameworks */,
				BA07C90D2C3D7382006EF90D /* Resources */,
			);
			buildRules = (
			);
			dependencies = (
				BA07C9112C3D7382006EF90D /* PBXTargetDependency */,
			);
			name = 18ScrollViewsUITests;
			productName = 18ScrollViewsUITests;
			productReference = BA07C90F2C3D7382006EF90D /* 18ScrollViewsUITests.xctest */;
			productType = "com.apple.product-type.bundle.ui-testing";
		};
/* End PBXNativeTarget section */

/* Begin PBXProject section */
		BA07C8EC2C3D737E006EF90D /* Project object */ = {
			isa = PBXProject;
			attributes = {
				BuildIndependentTargetsInParallel = 1;
				LastSwiftUpdateCheck = 1540;
				LastUpgradeCheck = 1540;
				TargetAttributes = {
					BA07C8F32C3D737E006EF90D = {
						CreatedOnToolsVersion = 15.4;
					};
					BA07C9042C3D7382006EF90D = {
						CreatedOnToolsVersion = 15.4;
						TestTargetID = BA07C8F32C3D737E006EF90D;
					};
					BA07C90E2C3D7382006EF90D = {
						CreatedOnToolsVersion = 15.4;
						TestTargetID = BA07C8F32C3D737E006EF90D;
					};
				};
			};
			buildConfigurationList = BA07C8EF2C3D737E006EF90D /* Build configuration list for PBXProject "18ScrollViews" */;
			compatibilityVersion = "Xcode 14.0";
			developmentRegion = en;
			hasScannedForEncodings = 0;
			knownRegions = (
				en,
				Base,
			);
			mainGroup = BA07C8EB2C3D737E006EF90D;
			productRefGroup = BA07C8F52C3D737E006EF90D /* Products */;
			projectDirPath = "";
			projectRoot = "";
			targets = (
				BA07C8F32C3D737E006EF90D /* 18ScrollViews */,
				BA07C9042C3D7382006EF90D /* 18ScrollViewsTests */,
				BA07C90E2C3D7382006EF90D /* 18ScrollViewsUITests */,
			);
		};
/* End PBXProject section */

/* Begin PBXResourcesBuildPhase section */
		BA07C8F22C3D737E006EF90D /* Resources */ = {
			isa = PBXResourcesBuildPhase;
			buildActionMask = 2147483647;
			files = (
				BA07C9002C3D7381006EF90D /* Preview Assets.xcassets in Resources */,
				BA07C8FC2C3D7381006EF90D /* Assets.xcassets in Resources */,
			);
			runOnlyForDeploymentPostprocessing = 0;
		};
		BA07C9032C3D7382006EF90D /* Resources */ = {
			isa = PBXResourcesBuildPhase;
			buildActionMask = 2147483647;
			files = (
			);
			runOnlyForDeploymentPostprocessing = 0;
		};
		BA07C90D2C3D7382006EF90D /* Resources */ = {
			isa = PBXResourcesBuildPhase;
			buildActionMask = 2147483647;
			files = (
			);
			runOnlyForDeploymentPostprocessing = 0;
		};
/* End PBXResourcesBuildPhase section */

/* Begin PBXSourcesBuildPhase section */
		BA07C8F02C3D737E006EF90D /* Sources */ = {
			isa = PBXSourcesBuildPhase;
			buildActionMask = 2147483647;
			files = (
				BA07C8FA2C3D737E006EF90D /* ContentView.swift in Sources */,
				BA07C9232C3E4A16006EF90D /* CardView.swift in Sources */,
				BA07C8F82C3D737E006EF90D /* _8ScrollViewsApp.swift in Sources */,
			);
			runOnlyForDeploymentPostprocessing = 0;
		};
		BA07C9012C3D7382006EF90D /* Sources */ = {
			isa = PBXSourcesBuildPhase;
			buildActionMask = 2147483647;
			files = (
				BA07C90A2C3D7382006EF90D /* _8ScrollViewsTests.swift in Sources */,
			);
			runOnlyForDeploymentPostprocessing = 0;
		};
		BA07C90B2C3D7382006EF90D /* Sources */ = {
			isa = PBXSourcesBuildPhase;
			buildActionMask = 2147483647;
			files = (
				BA07C9142C3D7382006EF90D /* _8ScrollViewsUITests.swift in Sources */,
				BA07C9162C3D7382006EF90D /* _8ScrollViewsUITestsLaunchTests.swift in Sources */,
			);
			runOnlyForDeploymentPostprocessing = 0;
		};
/* End PBXSourcesBuildPhase section */

/* Begin PBXTargetDependency section */
		BA07C9072C3D7382006EF90D /* PBXTargetDependency */ = {
			isa = PBXTargetDependency;
			target = BA07C8F32C3D737E006EF90D /* 18ScrollViews */;
			targetProxy = BA07C9062C3D7382006EF90D /* PBXContainerItemProxy */;
		};
		BA07C9112C3D7382006EF90D /* PBXTargetDependency */ = {
			isa = PBXTargetDependency;
			target = BA07C8F32C3D737E006EF90D /* 18ScrollViews */;
			targetProxy = BA07C9102C3D7382006EF90D /* PBXContainerItemProxy */;
		};
/* End PBXTargetDependency section */

/* Begin XCBuildConfiguration section */
		BA07C9172C3D7382006EF90D /* Debug */ = {
			isa = XCBuildConfiguration;
			buildSettings = {
				ALWAYS_SEARCH_USER_PATHS = NO;
				ASSETCATALOG_COMPILER_GENERATE_SWIFT_ASSET_SYMBOL_EXTENSIONS = YES;
				CLANG_ANALYZER_NONNULL = YES;
				CLANG_ANALYZER_NUMBER_OBJECT_CONVERSION = YES_AGGRESSIVE;
				CLANG_CXX_LANGUAGE_STANDARD = "gnu++20";
				CLANG_ENABLE_MODULES = YES;
				CLANG_ENABLE_OBJC_ARC = YES;
				CLANG_ENABLE_OBJC_WEAK = YES;
				CLANG_WARN_BLOCK_CAPTURE_AUTORELEASING = YES;
				CLANG_WARN_BOOL_CONVERSION = YES;
				CLANG_WARN_COMMA = YES;
				CLANG_WARN_CONSTANT_CONVERSION = YES;
				CLANG_WARN_DEPRECATED_OBJC_IMPLEMENTATIONS = YES;
				CLANG_WARN_DIRECT_OBJC_ISA_USAGE = YES_ERROR;
				CLANG_WARN_DOCUMENTATION_COMMENTS = YES;
				CLANG_WARN_EMPTY_BODY = YES;
				CLANG_WARN_ENUM_CONVERSION = YES;
				CLANG_WARN_INFINITE_RECURSION = YES;
				CLANG_WARN_INT_CONVERSION = YES;
				CLANG_WARN_NON_LITERAL_NULL_CONVERSION = YES;
				CLANG_WARN_OBJC_IMPLICIT_RETAIN_SELF = YES;
				CLANG_WARN_OBJC_LITERAL_CONVERSION = YES;
				CLANG_WARN_OBJC_ROOT_CLASS = YES_ERROR;
				CLANG_WARN_QUOTED_INCLUDE_IN_FRAMEWORK_HEADER = YES;
				CLANG_WARN_RANGE_LOOP_ANALYSIS = YES;
				CLANG_WARN_STRICT_PROTOTYPES = YES;
				CLANG_WARN_SUSPICIOUS_MOVE = YES;
				CLANG_WARN_UNGUARDED_AVAILABILITY = YES_AGGRESSIVE;
				CLANG_WARN_UNREACHABLE_CODE = YES;
				CLANG_WARN__DUPLICATE_METHOD_MATCH = YES;
				COPY_PHASE_STRIP = NO;
				DEBUG_INFORMATION_FORMAT = dwarf;
				ENABLE_STRICT_OBJC_MSGSEND = YES;
				ENABLE_TESTABILITY = YES;
				ENABLE_USER_SCRIPT_SANDBOXING = YES;
				GCC_C_LANGUAGE_STANDARD = gnu17;
				GCC_DYNAMIC_NO_PIC = NO;
				GCC_NO_COMMON_BLOCKS = YES;
				GCC_OPTIMIZATION_LEVEL = 0;
				GCC_PREPROCESSOR_DEFINITIONS = (
					"DEBUG=1",
					"$(inherited)",
				);
				GCC_WARN_64_TO_32_BIT_CONVERSION = YES;
				GCC_WARN_ABOUT_RETURN_TYPE = YES_ERROR;
				GCC_WARN_UNDECLARED_SELECTOR = YES;
				GCC_WARN_UNINITIALIZED_AUTOS = YES_AGGRESSIVE;
				GCC_WARN_UNUSED_FUNCTION = YES;
				GCC_WARN_UNUSED_VARIABLE = YES;
				LOCALIZATION_PREFERS_STRING_CATALOGS = YES;
				MTL_ENABLE_DEBUG_INFO = INCLUDE_SOURCE;
				MTL_FAST_MATH = YES;
				ONLY_ACTIVE_ARCH = YES;
				SWIFT_ACTIVE_COMPILATION_CONDITIONS = "DEBUG $(inherited)";
				SWIFT_OPTIMIZATION_LEVEL = "-Onone";
			};
			name = Debug;
		};
		BA07C9182C3D7382006EF90D /* Release */ = {
			isa = XCBuildConfiguration;
			buildSettings = {
				ALWAYS_SEARCH_USER_PATHS = NO;
				ASSETCATALOG_COMPILER_GENERATE_SWIFT_ASSET_SYMBOL_EXTENSIONS = YES;
				CLANG_ANALYZER_NONNULL = YES;
				CLANG_ANALYZER_NUMBER_OBJECT_CONVERSION = YES_AGGRESSIVE;
				CLANG_CXX_LANGUAGE_STANDARD = "gnu++20";
				CLANG_ENABLE_MODULES = YES;
				CLANG_ENABLE_OBJC_ARC = YES;
				CLANG_ENABLE_OBJC_WEAK = YES;
				CLANG_WARN_BLOCK_CAPTURE_AUTORELEASING = YES;
				CLANG_WARN_BOOL_CONVERSION = YES;
				CLANG_WARN_COMMA = YES;
				CLANG_WARN_CONSTANT_CONVERSION = YES;
				CLANG_WARN_DEPRECATED_OBJC_IMPLEMENTATIONS = YES;
				CLANG_WARN_DIRECT_OBJC_ISA_USAGE = YES_ERROR;
				CLANG_WARN_DOCUMENTATION_COMMENTS = YES;
				CLANG_WARN_EMPTY_BODY = YES;
				CLANG_WARN_ENUM_CONVERSION = YES;
				CLANG_WARN_INFINITE_RECURSION = YES;
				CLANG_WARN_INT_CONVERSION = YES;
				CLANG_WARN_NON_LITERAL_NULL_CONVERSION = YES;
				CLANG_WARN_OBJC_IMPLICIT_RETAIN_SELF = YES;
				CLANG_WARN_OBJC_LITERAL_CONVERSION = YES;
				CLANG_WARN_OBJC_ROOT_CLASS = YES_ERROR;
				CLANG_WARN_QUOTED_INCLUDE_IN_FRAMEWORK_HEADER = YES;
				CLANG_WARN_RANGE_LOOP_ANALYSIS = YES;
				CLANG_WARN_STRICT_PROTOTYPES = YES;
				CLANG_WARN_SUSPICIOUS_MOVE = YES;
				CLANG_WARN_UNGUARDED_AVAILABILITY = YES_AGGRESSIVE;
				CLANG_WARN_UNREACHABLE_CODE = YES;
				CLANG_WARN__DUPLICATE_METHOD_MATCH = YES;
				COPY_PHASE_STRIP = NO;
				DEBUG_INFORMATION_FORMAT = "dwarf-with-dsym";
				ENABLE_NS_ASSERTIONS = NO;
				ENABLE_STRICT_OBJC_MSGSEND = YES;
				ENABLE_USER_SCRIPT_SANDBOXING = YES;
				GCC_C_LANGUAGE_STANDARD = gnu17;
				GCC_NO_COMMON_BLOCKS = YES;
				GCC_WARN_64_TO_32_BIT_CONVERSION = YES;
				GCC_WARN_ABOUT_RETURN_TYPE = YES_ERROR;
				GCC_WARN_UNDECLARED_SELECTOR = YES;
				GCC_WARN_UNINITIALIZED_AUTOS = YES_AGGRESSIVE;
				GCC_WARN_UNUSED_FUNCTION = YES;
				GCC_WARN_UNUSED_VARIABLE = YES;
				LOCALIZATION_PREFERS_STRING_CATALOGS = YES;
				MTL_ENABLE_DEBUG_INFO = NO;
				MTL_FAST_MATH = YES;
				SWIFT_COMPILATION_MODE = wholemodule;
			};
			name = Release;
		};
		BA07C91A2C3D7382006EF90D /* Debug */ = {
			isa = XCBuildConfiguration;
			buildSettings = {
				ASSETCATALOG_COMPILER_APPICON_NAME = AppIcon;
				ASSETCATALOG_COMPILER_GLOBAL_ACCENT_COLOR_NAME = AccentColor;
				CODE_SIGN_ENTITLEMENTS = 18ScrollViews/_8ScrollViews.entitlements;
				CODE_SIGN_STYLE = Automatic;
				CURRENT_PROJECT_VERSION = 1;
				DEVELOPMENT_ASSET_PATHS = "\"18ScrollViews/Preview Content\"";
				ENABLE_PREVIEWS = YES;
				GENERATE_INFOPLIST_FILE = YES;
				"INFOPLIST_KEY_UIApplicationSceneManifest_Generation[sdk=iphoneos*]" = YES;
				"INFOPLIST_KEY_UIApplicationSceneManifest_Generation[sdk=iphonesimulator*]" = YES;
				"INFOPLIST_KEY_UIApplicationSupportsIndirectInputEvents[sdk=iphoneos*]" = YES;
				"INFOPLIST_KEY_UIApplicationSupportsIndirectInputEvents[sdk=iphonesimulator*]" = YES;
				"INFOPLIST_KEY_UILaunchScreen_Generation[sdk=iphoneos*]" = YES;
				"INFOPLIST_KEY_UILaunchScreen_Generation[sdk=iphonesimulator*]" = YES;
				"INFOPLIST_KEY_UIStatusBarStyle[sdk=iphoneos*]" = UIStatusBarStyleDefault;
				"INFOPLIST_KEY_UIStatusBarStyle[sdk=iphonesimulator*]" = UIStatusBarStyleDefault;
				INFOPLIST_KEY_UISupportedInterfaceOrientations_iPad = "UIInterfaceOrientationPortrait UIInterfaceOrientationPortraitUpsideDown UIInterfaceOrientationLandscapeLeft UIInterfaceOrientationLandscapeRight";
				INFOPLIST_KEY_UISupportedInterfaceOrientations_iPhone = "UIInterfaceOrientationPortrait UIInterfaceOrientationLandscapeLeft UIInterfaceOrientationLandscapeRight";
				IPHONEOS_DEPLOYMENT_TARGET = 17.5;
				LD_RUNPATH_SEARCH_PATHS = "@executable_path/Frameworks";
				"LD_RUNPATH_SEARCH_PATHS[sdk=macosx*]" = "@executable_path/../Frameworks";
				MACOSX_DEPLOYMENT_TARGET = 14.4;
				MARKETING_VERSION = 1.0;
				PRODUCT_BUNDLE_IDENTIFIER = "com.sahil..-8ScrollViews";
				PRODUCT_NAME = "$(TARGET_NAME)";
				SDKROOT = auto;
				SUPPORTED_PLATFORMS = "iphoneos iphonesimulator macosx";
				SWIFT_EMIT_LOC_STRINGS = YES;
				SWIFT_VERSION = 5.0;
				TARGETED_DEVICE_FAMILY = "1,2";
			};
			name = Debug;
		};
		BA07C91B2C3D7382006EF90D /* Release */ = {
			isa = XCBuildConfiguration;
			buildSettings = {
				ASSETCATALOG_COMPILER_APPICON_NAME = AppIcon;
				ASSETCATALOG_COMPILER_GLOBAL_ACCENT_COLOR_NAME = AccentColor;
				CODE_SIGN_ENTITLEMENTS = 18ScrollViews/_8ScrollViews.entitlements;
				CODE_SIGN_STYLE = Automatic;
				CURRENT_PROJECT_VERSION = 1;
				DEVELOPMENT_ASSET_PATHS = "\"18ScrollViews/Preview Content\"";
				ENABLE_PREVIEWS = YES;
				GENERATE_INFOPLIST_FILE = YES;
				"INFOPLIST_KEY_UIApplicationSceneManifest_Generation[sdk=iphoneos*]" = YES;
				"INFOPLIST_KEY_UIApplicationSceneManifest_Generation[sdk=iphonesimulator*]" = YES;
				"INFOPLIST_KEY_UIApplicationSupportsIndirectInputEvents[sdk=iphoneos*]" = YES;
				"INFOPLIST_KEY_UIApplicationSupportsIndirectInputEvents[sdk=iphonesimulator*]" = YES;
				"INFOPLIST_KEY_UILaunchScreen_Generation[sdk=iphoneos*]" = YES;
				"INFOPLIST_KEY_UILaunchScreen_Generation[sdk=iphonesimulator*]" = YES;
				"INFOPLIST_KEY_UIStatusBarStyle[sdk=iphoneos*]" = UIStatusBarStyleDefault;
				"INFOPLIST_KEY_UIStatusBarStyle[sdk=iphonesimulator*]" = UIStatusBarStyleDefault;
				INFOPLIST_KEY_UISupportedInterfaceOrientations_iPad = "UIInterfaceOrientationPortrait UIInterfaceOrientationPortraitUpsideDown UIInterfaceOrientationLandscapeLeft UIInterfaceOrientationLandscapeRight";
				INFOPLIST_KEY_UISupportedInterfaceOrientations_iPhone = "UIInterfaceOrientationPortrait UIInterfaceOrientationLandscapeLeft UIInterfaceOrientationLandscapeRight";
				IPHONEOS_DEPLOYMENT_TARGET = 17.5;
				LD_RUNPATH_SEARCH_PATHS = "@executable_path/Frameworks";
				"LD_RUNPATH_SEARCH_PATHS[sdk=macosx*]" = "@executable_path/../Frameworks";
				MACOSX_DEPLOYMENT_TARGET = 14.4;
				MARKETING_VERSION = 1.0;
				PRODUCT_BUNDLE_IDENTIFIER = "com.sahil..-8ScrollViews";
				PRODUCT_NAME = "$(TARGET_NAME)";
				SDKROOT = auto;
				SUPPORTED_PLATFORMS = "iphoneos iphonesimulator macosx";
				SWIFT_EMIT_LOC_STRINGS = YES;
				SWIFT_VERSION = 5.0;
				TARGETED_DEVICE_FAMILY = "1,2";
			};
			name = Release;
		};
		BA07C91D2C3D7382006EF90D /* Debug */ = {
			isa = XCBuildConfiguration;
			buildSettings = {
				ALWAYS_EMBED_SWIFT_STANDARD_LIBRARIES = YES;
				BUNDLE_LOADER = "$(TEST_HOST)";
				CODE_SIGN_STYLE = Automatic;
				CURRENT_PROJECT_VERSION = 1;
				GENERATE_INFOPLIST_FILE = YES;
				IPHONEOS_DEPLOYMENT_TARGET = 17.5;
				MACOSX_DEPLOYMENT_TARGET = 14.4;
				MARKETING_VERSION = 1.0;
				PRODUCT_BUNDLE_IDENTIFIER = "com.sahil..-8ScrollViewsTests";
				PRODUCT_NAME = "$(TARGET_NAME)";
				SDKROOT = auto;
				SUPPORTED_PLATFORMS = "iphoneos iphonesimulator macosx";
				SWIFT_EMIT_LOC_STRINGS = NO;
				SWIFT_VERSION = 5.0;
				TARGETED_DEVICE_FAMILY = "1,2";
				TEST_HOST = "$(BUILT_PRODUCTS_DIR)/18ScrollViews.app/$(BUNDLE_EXECUTABLE_FOLDER_PATH)/18ScrollViews";
			};
			name = Debug;
		};
		BA07C91E2C3D7382006EF90D /* Release */ = {
			isa = XCBuildConfiguration;
			buildSettings = {
				ALWAYS_EMBED_SWIFT_STANDARD_LIBRARIES = YES;
				BUNDLE_LOADER = "$(TEST_HOST)";
				CODE_SIGN_STYLE = Automatic;
				CURRENT_PROJECT_VERSION = 1;
				GENERATE_INFOPLIST_FILE = YES;
				IPHONEOS_DEPLOYMENT_TARGET = 17.5;
				MACOSX_DEPLOYMENT_TARGET = 14.4;
				MARKETING_VERSION = 1.0;
				PRODUCT_BUNDLE_IDENTIFIER = "com.sahil..-8ScrollViewsTests";
				PRODUCT_NAME = "$(TARGET_NAME)";
				SDKROOT = auto;
				SUPPORTED_PLATFORMS = "iphoneos iphonesimulator macosx";
				SWIFT_EMIT_LOC_STRINGS = NO;
				SWIFT_VERSION = 5.0;
				TARGETED_DEVICE_FAMILY = "1,2";
				TEST_HOST = "$(BUILT_PRODUCTS_DIR)/18ScrollViews.app/$(BUNDLE_EXECUTABLE_FOLDER_PATH)/18ScrollViews";
			};
			name = Release;
		};
		BA07C9202C3D7382006EF90D /* Debug */ = {
			isa = XCBuildConfiguration;
			buildSettings = {
				ALWAYS_EMBED_SWIFT_STANDARD_LIBRARIES = YES;
				CODE_SIGN_STYLE = Automatic;
				CURRENT_PROJECT_VERSION = 1;
				GENERATE_INFOPLIST_FILE = YES;
				IPHONEOS_DEPLOYMENT_TARGET = 17.5;
				MACOSX_DEPLOYMENT_TARGET = 14.4;
				MARKETING_VERSION = 1.0;
				PRODUCT_BUNDLE_IDENTIFIER = "com.sahil..-8ScrollViewsUITests";
				PRODUCT_NAME = "$(TARGET_NAME)";
				SDKROOT = auto;
				SUPPORTED_PLATFORMS = "iphoneos iphonesimulator macosx";
				SWIFT_EMIT_LOC_STRINGS = NO;
				SWIFT_VERSION = 5.0;
				TARGETED_DEVICE_FAMILY = "1,2";
				TEST_TARGET_NAME = 18ScrollViews;
			};
			name = Debug;
		};
		BA07C9212C3D7382006EF90D /* Release */ = {
			isa = XCBuildConfiguration;
			buildSettings = {
				ALWAYS_EMBED_SWIFT_STANDARD_LIBRARIES = YES;
				CODE_SIGN_STYLE = Automatic;
				CURRENT_PROJECT_VERSION = 1;
				GENERATE_INFOPLIST_FILE = YES;
				IPHONEOS_DEPLOYMENT_TARGET = 17.5;
				MACOSX_DEPLOYMENT_TARGET = 14.4;
				MARKETING_VERSION = 1.0;
				PRODUCT_BUNDLE_IDENTIFIER = "com.sahil..-8ScrollViewsUITests";
				PRODUCT_NAME = "$(TARGET_NAME)";
				SDKROOT = auto;
				SUPPORTED_PLATFORMS = "iphoneos iphonesimulator macosx";
				SWIFT_EMIT_LOC_STRINGS = NO;
				SWIFT_VERSION = 5.0;
				TARGETED_DEVICE_FAMILY = "1,2";
				TEST_TARGET_NAME = 18ScrollViews;
			};
			name = Release;
		};
/* End XCBuildConfiguration section */

/* Begin XCConfigurationList section */
		BA07C8EF2C3D737E006EF90D /* Build configuration list for PBXProject "18ScrollViews" */ = {
			isa = XCConfigurationList;
			buildConfigurations = (
				BA07C9172C3D7382006EF90D /* Debug */,
				BA07C9182C3D7382006EF90D /* Release */,
			);
			defaultConfigurationIsVisible = 0;
			defaultConfigurationName = Release;
		};
		BA07C9192C3D7382006EF90D /* Build configuration list for PBXNativeTarget "18ScrollViews" */ = {
			isa = XCConfigurationList;
			buildConfigurations = (
				BA07C91A2C3D7382006EF90D /* Debug */,
				BA07C91B2C3D7382006EF90D /* Release */,
			);
			defaultConfigurationIsVisible = 0;
			defaultConfigurationName = Release;
		};
		BA07C91C2C3D7382006EF90D /* Build configuration list for PBXNativeTarget "18ScrollViewsTests" */ = {
			isa = XCConfigurationList;
			buildConfigurations = (
				BA07C91D2C3D7382006EF90D /* Debug */,
				BA07C91E2C3D7382006EF90D /* Release */,
			);
			defaultConfigurationIsVisible = 0;
			defaultConfigurationName = Release;
		};
		BA07C91F2C3D7382006EF90D /* Build configuration list for PBXNativeTarget "18ScrollViewsUITests" */ = {
			isa = XCConfigurationList;
			buildConfigurations = (
				BA07C9202C3D7382006EF90D /* Debug */,
				BA07C9212C3D7382006EF90D /* Release */,
			);
			defaultConfigurationIsVisible = 0;
			defaultConfigurationName = Release;
		};
/* End XCConfigurationList section */
	};
	rootObject = BA07C8EC2C3D737E006EF90D /* Project object */;
}
