// !$*UTF8*$!
{
	archiveVersion = 1;
	classes = {
	};
	objectVersion = 56;
	objects = {

/* Begin PBXBuildFile section */
		BA07C8C12C3D6CA2006EF90D /* _7StacksAdvancedApp.swift in Sources */ = {isa = PBXBuildFile; fileRef = BA07C8C02C3D6CA2006EF90D /* _7StacksAdvancedApp.swift */; };
		BA07C8C32C3D6CA2006EF90D /* ContentView.swift in Sources */ = {isa = PBXBuildFile; fileRef = BA07C8C22C3D6CA2006EF90D /* ContentView.swift */; };
		BA07C8C52C3D6CA6006EF90D /* Assets.xcassets in Resources */ = {isa = PBXBuildFile; fileRef = BA07C8C42C3D6CA6006EF90D /* Assets.xcassets */; };
		BA07C8C92C3D6CA6006EF90D /* Preview Assets.xcassets in Resources */ = {isa = PBXBuildFile; fileRef = BA07C8C82C3D6CA6006EF90D /* Preview Assets.xcassets */; };
		BA07C8D32C3D6CA6006EF90D /* _7StacksAdvancedTests.swift in Sources */ = {isa = PBXBuildFile; fileRef = BA07C8D22C3D6CA6006EF90D /* _7StacksAdvancedTests.swift */; };
		BA07C8DD2C3D6CA6006EF90D /* _7StacksAdvancedUITests.swift in Sources */ = {isa = PBXBuildFile; fileRef = BA07C8DC2C3D6CA6006EF90D /* _7StacksAdvancedUITests.swift */; };
		BA07C8DF2C3D6CA6006EF90D /* _7StacksAdvancedUITestsLaunchTests.swift in Sources */ = {isa = PBXBuildFile; fileRef = BA07C8DE2C3D6CA6006EF90D /* _7StacksAdvancedUITestsLaunchTests.swift */; };
/* End PBXBuildFile section */

/* Begin PBXContainerItemProxy section */
		BA07C8CF2C3D6CA6006EF90D /* PBXContainerItemProxy */ = {
			isa = PBXContainerItemProxy;
			containerPortal = BA07C8B52C3D6CA2006EF90D /* Project object */;
			proxyType = 1;
			remoteGlobalIDString = BA07C8BC2C3D6CA2006EF90D;
			remoteInfo = 17StacksAdvanced;
		};
		BA07C8D92C3D6CA6006EF90D /* PBXContainerItemProxy */ = {
			isa = PBXContainerItemProxy;
			containerPortal = BA07C8B52C3D6CA2006EF90D /* Project object */;
			proxyType = 1;
			remoteGlobalIDString = BA07C8BC2C3D6CA2006EF90D;
			remoteInfo = 17StacksAdvanced;
		};
/* End PBXContainerItemProxy section */

/* Begin PBXFileReference section */
		BA07C8BD2C3D6CA2006EF90D /* 17StacksAdvanced.app */ = {isa = PBXFileReference; explicitFileType = wrapper.application; includeInIndex = 0; path = 17StacksAdvanced.app; sourceTree = BUILT_PRODUCTS_DIR; };
		BA07C8C02C3D6CA2006EF90D /* _7StacksAdvancedApp.swift */ = {isa = PBXFileReference; lastKnownFileType = sourcecode.swift; path = _7StacksAdvancedApp.swift; sourceTree = "<group>"; };
		BA07C8C22C3D6CA2006EF90D /* ContentView.swift */ = {isa = PBXFileReference; lastKnownFileType = sourcecode.swift; path = ContentView.swift; sourceTree = "<group>"; };
		BA07C8C42C3D6CA6006EF90D /* Assets.xcassets */ = {isa = PBXFileReference; lastKnownFileType = folder.assetcatalog; path = Assets.xcassets; sourceTree = "<group>"; };
		BA07C8C62C3D6CA6006EF90D /* _7StacksAdvanced.entitlements */ = {isa = PBXFileReference; lastKnownFileType = text.plist.entitlements; path = _7StacksAdvanced.entitlements; sourceTree = "<group>"; };
		BA07C8C82C3D6CA6006EF90D /* Preview Assets.xcassets */ = {isa = PBXFileReference; lastKnownFileType = folder.assetcatalog; path = "Preview Assets.xcassets"; sourceTree = "<group>"; };
		BA07C8CE2C3D6CA6006EF90D /* 17StacksAdvancedTests.xctest */ = {isa = PBXFileReference; explicitFileType = wrapper.cfbundle; includeInIndex = 0; path = 17StacksAdvancedTests.xctest; sourceTree = BUILT_PRODUCTS_DIR; };
		BA07C8D22C3D6CA6006EF90D /* _7StacksAdvancedTests.swift */ = {isa = PBXFileReference; lastKnownFileType = sourcecode.swift; path = _7StacksAdvancedTests.swift; sourceTree = "<group>"; };
		BA07C8D82C3D6CA6006EF90D /* 17StacksAdvancedUITests.xctest */ = {isa = PBXFileReference; explicitFileType = wrapper.cfbundle; includeInIndex = 0; path = 17StacksAdvancedUITests.xctest; sourceTree = BUILT_PRODUCTS_DIR; };
		BA07C8DC2C3D6CA6006EF90D /* _7StacksAdvancedUITests.swift */ = {isa = PBXFileReference; lastKnownFileType = sourcecode.swift; path = _7StacksAdvancedUITests.swift; sourceTree = "<group>"; };
		BA07C8DE2C3D6CA6006EF90D /* _7StacksAdvancedUITestsLaunchTests.swift */ = {isa = PBXFileReference; lastKnownFileType = sourcecode.swift; path = _7StacksAdvancedUITestsLaunchTests.swift; sourceTree = "<group>"; };
/* End PBXFileReference section */

/* Begin PBXFrameworksBuildPhase section */
		BA07C8BA2C3D6CA2006EF90D /* Frameworks */ = {
			isa = PBXFrameworksBuildPhase;
			buildActionMask = 2147483647;
			files = (
			);
			runOnlyForDeploymentPostprocessing = 0;
		};
		BA07C8CB2C3D6CA6006EF90D /* Frameworks */ = {
			isa = PBXFrameworksBuildPhase;
			buildActionMask = 2147483647;
			files = (
			);
			runOnlyForDeploymentPostprocessing = 0;
		};
		BA07C8D52C3D6CA6006EF90D /* Frameworks */ = {
			isa = PBXFrameworksBuildPhase;
			buildActionMask = 2147483647;
			files = (
			);
			runOnlyForDeploymentPostprocessing = 0;
		};
/* End PBXFrameworksBuildPhase section */

/* Begin PBXGroup section */
		BA07C8B42C3D6CA2006EF90D = {
			isa = PBXGroup;
			children = (
				BA07C8BF2C3D6CA2006EF90D /* 17StacksAdvanced */,
				BA07C8D12C3D6CA6006EF90D /* 17StacksAdvancedTests */,
				BA07C8DB2C3D6CA6006EF90D /* 17StacksAdvancedUITests */,
				BA07C8BE2C3D6CA2006EF90D /* Products */,
			);
			sourceTree = "<group>";
		};
		BA07C8BE2C3D6CA2006EF90D /* Products */ = {
			isa = PBXGroup;
			children = (
				BA07C8BD2C3D6CA2006EF90D /* 17StacksAdvanced.app */,
				BA07C8CE2C3D6CA6006EF90D /* 17StacksAdvancedTests.xctest */,
				BA07C8D82C3D6CA6006EF90D /* 17StacksAdvancedUITests.xctest */,
			);
			name = Products;
			sourceTree = "<group>";
		};
		BA07C8BF2C3D6CA2006EF90D /* 17StacksAdvanced */ = {
			isa = PBXGroup;
			children = (
				BA07C8C02C3D6CA2006EF90D /* _7StacksAdvancedApp.swift */,
				BA07C8C22C3D6CA2006EF90D /* ContentView.swift */,
				BA07C8C42C3D6CA6006EF90D /* Assets.xcassets */,
				BA07C8C62C3D6CA6006EF90D /* _7StacksAdvanced.entitlements */,
				BA07C8C72C3D6CA6006EF90D /* Preview Content */,
			);
			path = 17StacksAdvanced;
			sourceTree = "<group>";
		};
		BA07C8C72C3D6CA6006EF90D /* Preview Content */ = {
			isa = PBXGroup;
			children = (
				BA07C8C82C3D6CA6006EF90D /* Preview Assets.xcassets */,
			);
			path = "Preview Content";
			sourceTree = "<group>";
		};
		BA07C8D12C3D6CA6006EF90D /* 17StacksAdvancedTests */ = {
			isa = PBXGroup;
			children = (
				BA07C8D22C3D6CA6006EF90D /* _7StacksAdvancedTests.swift */,
			);
			path = 17StacksAdvancedTests;
			sourceTree = "<group>";
		};
		BA07C8DB2C3D6CA6006EF90D /* 17StacksAdvancedUITests */ = {
			isa = PBXGroup;
			children = (
				BA07C8DC2C3D6CA6006EF90D /* _7StacksAdvancedUITests.swift */,
				BA07C8DE2C3D6CA6006EF90D /* _7StacksAdvancedUITestsLaunchTests.swift */,
			);
			path = 17StacksAdvancedUITests;
			sourceTree = "<group>";
		};
/* End PBXGroup section */

/* Begin PBXNativeTarget section */
		BA07C8BC2C3D6CA2006EF90D /* 17StacksAdvanced */ = {
			isa = PBXNativeTarget;
			buildConfigurationList = BA07C8E22C3D6CA6006EF90D /* Build configuration list for PBXNativeTarget "17StacksAdvanced" */;
			buildPhases = (
				BA07C8B92C3D6CA2006EF90D /* Sources */,
				BA07C8BA2C3D6CA2006EF90D /* Frameworks */,
				BA07C8BB2C3D6CA2006EF90D /* Resources */,
			);
			buildRules = (
			);
			dependencies = (
			);
			name = 17StacksAdvanced;
			productName = 17StacksAdvanced;
			productReference = BA07C8BD2C3D6CA2006EF90D /* 17StacksAdvanced.app */;
			productType = "com.apple.product-type.application";
		};
		BA07C8CD2C3D6CA6006EF90D /* 17StacksAdvancedTests */ = {
			isa = PBXNativeTarget;
			buildConfigurationList = BA07C8E52C3D6CA6006EF90D /* Build configuration list for PBXNativeTarget "17StacksAdvancedTests" */;
			buildPhases = (
				BA07C8CA2C3D6CA6006EF90D /* Sources */,
				BA07C8CB2C3D6CA6006EF90D /* Frameworks */,
				BA07C8CC2C3D6CA6006EF90D /* Resources */,
			);
			buildRules = (
			);
			dependencies = (
				BA07C8D02C3D6CA6006EF90D /* PBXTargetDependency */,
			);
			name = 17StacksAdvancedTests;
			productName = 17StacksAdvancedTests;
			productReference = BA07C8CE2C3D6CA6006EF90D /* 17StacksAdvancedTests.xctest */;
			productType = "com.apple.product-type.bundle.unit-test";
		};
		BA07C8D72C3D6CA6006EF90D /* 17StacksAdvancedUITests */ = {
			isa = PBXNativeTarget;
			buildConfigurationList = BA07C8E82C3D6CA6006EF90D /* Build configuration list for PBXNativeTarget "17StacksAdvancedUITests" */;
			buildPhases = (
				BA07C8D42C3D6CA6006EF90D /* Sources */,
				BA07C8D52C3D6CA6006EF90D /* Frameworks */,
				BA07C8D62C3D6CA6006EF90D /* Resources */,
			);
			buildRules = (
			);
			dependencies = (
				BA07C8DA2C3D6CA6006EF90D /* PBXTargetDependency */,
			);
			name = 17StacksAdvancedUITests;
			productName = 17StacksAdvancedUITests;
			productReference = BA07C8D82C3D6CA6006EF90D /* 17StacksAdvancedUITests.xctest */;
			productType = "com.apple.product-type.bundle.ui-testing";
		};
/* End PBXNativeTarget section */

/* Begin PBXProject section */
		BA07C8B52C3D6CA2006EF90D /* Project object */ = {
			isa = PBXProject;
			attributes = {
				BuildIndependentTargetsInParallel = 1;
				LastSwiftUpdateCheck = 1540;
				LastUpgradeCheck = 1540;
				TargetAttributes = {
					BA07C8BC2C3D6CA2006EF90D = {
						CreatedOnToolsVersion = 15.4;
					};
					BA07C8CD2C3D6CA6006EF90D = {
						CreatedOnToolsVersion = 15.4;
						TestTargetID = BA07C8BC2C3D6CA2006EF90D;
					};
					BA07C8D72C3D6CA6006EF90D = {
						CreatedOnToolsVersion = 15.4;
						TestTargetID = BA07C8BC2C3D6CA2006EF90D;
					};
				};
			};
			buildConfigurationList = BA07C8B82C3D6CA2006EF90D /* Build configuration list for PBXProject "17StacksAdvanced" */;
			compatibilityVersion = "Xcode 14.0";
			developmentRegion = en;
			hasScannedForEncodings = 0;
			knownRegions = (
				en,
				Base,
			);
			mainGroup = BA07C8B42C3D6CA2006EF90D;
			productRefGroup = BA07C8BE2C3D6CA2006EF90D /* Products */;
			projectDirPath = "";
			projectRoot = "";
			targets = (
				BA07C8BC2C3D6CA2006EF90D /* 17StacksAdvanced */,
				BA07C8CD2C3D6CA6006EF90D /* 17StacksAdvancedTests */,
				BA07C8D72C3D6CA6006EF90D /* 17StacksAdvancedUITests */,
			);
		};
/* End PBXProject section */

/* Begin PBXResourcesBuildPhase section */
		BA07C8BB2C3D6CA2006EF90D /* Resources */ = {
			isa = PBXResourcesBuildPhase;
			buildActionMask = 2147483647;
			files = (
				BA07C8C92C3D6CA6006EF90D /* Preview Assets.xcassets in Resources */,
				BA07C8C52C3D6CA6006EF90D /* Assets.xcassets in Resources */,
			);
			runOnlyForDeploymentPostprocessing = 0;
		};
		BA07C8CC2C3D6CA6006EF90D /* Resources */ = {
			isa = PBXResourcesBuildPhase;
			buildActionMask = 2147483647;
			files = (
			);
			runOnlyForDeploymentPostprocessing = 0;
		};
		BA07C8D62C3D6CA6006EF90D /* Resources */ = {
			isa = PBXResourcesBuildPhase;
			buildActionMask = 2147483647;
			files = (
			);
			runOnlyForDeploymentPostprocessing = 0;
		};
/* End PBXResourcesBuildPhase section */

/* Begin PBXSourcesBuildPhase section */
		BA07C8B92C3D6CA2006EF90D /* Sources */ = {
			isa = PBXSourcesBuildPhase;
			buildActionMask = 2147483647;
			files = (
				BA07C8C32C3D6CA2006EF90D /* ContentView.swift in Sources */,
				BA07C8C12C3D6CA2006EF90D /* _7StacksAdvancedApp.swift in Sources */,
			);
			runOnlyForDeploymentPostprocessing = 0;
		};
		BA07C8CA2C3D6CA6006EF90D /* Sources */ = {
			isa = PBXSourcesBuildPhase;
			buildActionMask = 2147483647;
			files = (
				BA07C8D32C3D6CA6006EF90D /* _7StacksAdvancedTests.swift in Sources */,
			);
			runOnlyForDeploymentPostprocessing = 0;
		};
		BA07C8D42C3D6CA6006EF90D /* Sources */ = {
			isa = PBXSourcesBuildPhase;
			buildActionMask = 2147483647;
			files = (
				BA07C8DD2C3D6CA6006EF90D /* _7StacksAdvancedUITests.swift in Sources */,
				BA07C8DF2C3D6CA6006EF90D /* _7StacksAdvancedUITestsLaunchTests.swift in Sources */,
			);
			runOnlyForDeploymentPostprocessing = 0;
		};
/* End PBXSourcesBuildPhase section */

/* Begin PBXTargetDependency section */
		BA07C8D02C3D6CA6006EF90D /* PBXTargetDependency */ = {
			isa = PBXTargetDependency;
			target = BA07C8BC2C3D6CA2006EF90D /* 17StacksAdvanced */;
			targetProxy = BA07C8CF2C3D6CA6006EF90D /* PBXContainerItemProxy */;
		};
		BA07C8DA2C3D6CA6006EF90D /* PBXTargetDependency */ = {
			isa = PBXTargetDependency;
			target = BA07C8BC2C3D6CA2006EF90D /* 17StacksAdvanced */;
			targetProxy = BA07C8D92C3D6CA6006EF90D /* PBXContainerItemProxy */;
		};
/* End PBXTargetDependency section */

/* Begin XCBuildConfiguration section */
		BA07C8E02C3D6CA6006EF90D /* Debug */ = {
			isa = XCBuildConfiguration;
			buildSettings = {
				ALWAYS_SEARCH_USER_PATHS = NO;
				ASSETCATALOG_COMPILER_GENERATE_SWIFT_ASSET_SYMBOL_EXTENSIONS = YES;
				CLANG_ANALYZER_NONNULL = YES;
				CLANG_ANALYZER_NUMBER_OBJECT_CONVERSION = YES_AGGRESSIVE;
				CLANG_CXX_LANGUAGE_STANDARD = "gnu++20";
				CLANG_ENABLE_MODULES = YES;
				CLANG_ENABLE_OBJC_ARC = YES;
				CLANG_ENABLE_OBJC_WEAK = YES;
				CLANG_WARN_BLOCK_CAPTURE_AUTORELEASING = YES;
				CLANG_WARN_BOOL_CONVERSION = YES;
				CLANG_WARN_COMMA = YES;
				CLANG_WARN_CONSTANT_CONVERSION = YES;
				CLANG_WARN_DEPRECATED_OBJC_IMPLEMENTATIONS = YES;
				CLANG_WARN_DIRECT_OBJC_ISA_USAGE = YES_ERROR;
				CLANG_WARN_DOCUMENTATION_COMMENTS = YES;
				CLANG_WARN_EMPTY_BODY = YES;
				CLANG_WARN_ENUM_CONVERSION = YES;
				CLANG_WARN_INFINITE_RECURSION = YES;
				CLANG_WARN_INT_CONVERSION = YES;
				CLANG_WARN_NON_LITERAL_NULL_CONVERSION = YES;
				CLANG_WARN_OBJC_IMPLICIT_RETAIN_SELF = YES;
				CLANG_WARN_OBJC_LITERAL_CONVERSION = YES;
				CLANG_WARN_OBJC_ROOT_CLASS = YES_ERROR;
				CLANG_WARN_QUOTED_INCLUDE_IN_FRAMEWORK_HEADER = YES;
				CLANG_WARN_RANGE_LOOP_ANALYSIS = YES;
				CLANG_WARN_STRICT_PROTOTYPES = YES;
				CLANG_WARN_SUSPICIOUS_MOVE = YES;
				CLANG_WARN_UNGUARDED_AVAILABILITY = YES_AGGRESSIVE;
				CLANG_WARN_UNREACHABLE_CODE = YES;
				CLANG_WARN__DUPLICATE_METHOD_MATCH = YES;
				COPY_PHASE_STRIP = NO;
				DEBUG_INFORMATION_FORMAT = dwarf;
				ENABLE_STRICT_OBJC_MSGSEND = YES;
				ENABLE_TESTABILITY = YES;
				ENABLE_USER_SCRIPT_SANDBOXING = YES;
				GCC_C_LANGUAGE_STANDARD = gnu17;
				GCC_DYNAMIC_NO_PIC = NO;
				GCC_NO_COMMON_BLOCKS = YES;
				GCC_OPTIMIZATION_LEVEL = 0;
				GCC_PREPROCESSOR_DEFINITIONS = (
					"DEBUG=1",
					"$(inherited)",
				);
				GCC_WARN_64_TO_32_BIT_CONVERSION = YES;
				GCC_WARN_ABOUT_RETURN_TYPE = YES_ERROR;
				GCC_WARN_UNDECLARED_SELECTOR = YES;
				GCC_WARN_UNINITIALIZED_AUTOS = YES_AGGRESSIVE;
				GCC_WARN_UNUSED_FUNCTION = YES;
				GCC_WARN_UNUSED_VARIABLE = YES;
				LOCALIZATION_PREFERS_STRING_CATALOGS = YES;
				MTL_ENABLE_DEBUG_INFO = INCLUDE_SOURCE;
				MTL_FAST_MATH = YES;
				ONLY_ACTIVE_ARCH = YES;
				SWIFT_ACTIVE_COMPILATION_CONDITIONS = "DEBUG $(inherited)";
				SWIFT_OPTIMIZATION_LEVEL = "-Onone";
			};
			name = Debug;
		};
		BA07C8E12C3D6CA6006EF90D /* Release */ = {
			isa = XCBuildConfiguration;
			buildSettings = {
				ALWAYS_SEARCH_USER_PATHS = NO;
				ASSETCATALOG_COMPILER_GENERATE_SWIFT_ASSET_SYMBOL_EXTENSIONS = YES;
				CLANG_ANALYZER_NONNULL = YES;
				CLANG_ANALYZER_NUMBER_OBJECT_CONVERSION = YES_AGGRESSIVE;
				CLANG_CXX_LANGUAGE_STANDARD = "gnu++20";
				CLANG_ENABLE_MODULES = YES;
				CLANG_ENABLE_OBJC_ARC = YES;
				CLANG_ENABLE_OBJC_WEAK = YES;
				CLANG_WARN_BLOCK_CAPTURE_AUTORELEASING = YES;
				CLANG_WARN_BOOL_CONVERSION = YES;
				CLANG_WARN_COMMA = YES;
				CLANG_WARN_CONSTANT_CONVERSION = YES;
				CLANG_WARN_DEPRECATED_OBJC_IMPLEMENTATIONS = YES;
				CLANG_WARN_DIRECT_OBJC_ISA_USAGE = YES_ERROR;
				CLANG_WARN_DOCUMENTATION_COMMENTS = YES;
				CLANG_WARN_EMPTY_BODY = YES;
				CLANG_WARN_ENUM_CONVERSION = YES;
				CLANG_WARN_INFINITE_RECURSION = YES;
				CLANG_WARN_INT_CONVERSION = YES;
				CLANG_WARN_NON_LITERAL_NULL_CONVERSION = YES;
				CLANG_WARN_OBJC_IMPLICIT_RETAIN_SELF = YES;
				CLANG_WARN_OBJC_LITERAL_CONVERSION = YES;
				CLANG_WARN_OBJC_ROOT_CLASS = YES_ERROR;
				CLANG_WARN_QUOTED_INCLUDE_IN_FRAMEWORK_HEADER = YES;
				CLANG_WARN_RANGE_LOOP_ANALYSIS = YES;
				CLANG_WARN_STRICT_PROTOTYPES = YES;
				CLANG_WARN_SUSPICIOUS_MOVE = YES;
				CLANG_WARN_UNGUARDED_AVAILABILITY = YES_AGGRESSIVE;
				CLANG_WARN_UNREACHABLE_CODE = YES;
				CLANG_WARN__DUPLICATE_METHOD_MATCH = YES;
				COPY_PHASE_STRIP = NO;
				DEBUG_INFORMATION_FORMAT = "dwarf-with-dsym";
				ENABLE_NS_ASSERTIONS = NO;
				ENABLE_STRICT_OBJC_MSGSEND = YES;
				ENABLE_USER_SCRIPT_SANDBOXING = YES;
				GCC_C_LANGUAGE_STANDARD = gnu17;
				GCC_NO_COMMON_BLOCKS = YES;
				GCC_WARN_64_TO_32_BIT_CONVERSION = YES;
				GCC_WARN_ABOUT_RETURN_TYPE = YES_ERROR;
				GCC_WARN_UNDECLARED_SELECTOR = YES;
				GCC_WARN_UNINITIALIZED_AUTOS = YES_AGGRESSIVE;
				GCC_WARN_UNUSED_FUNCTION = YES;
				GCC_WARN_UNUSED_VARIABLE = YES;
				LOCALIZATION_PREFERS_STRING_CATALOGS = YES;
				MTL_ENABLE_DEBUG_INFO = NO;
				MTL_FAST_MATH = YES;
				SWIFT_COMPILATION_MODE = wholemodule;
			};
			name = Release;
		};
		BA07C8E32C3D6CA6006EF90D /* Debug */ = {
			isa = XCBuildConfiguration;
			buildSettings = {
				ASSETCATALOG_COMPILER_APPICON_NAME = AppIcon;
				ASSETCATALOG_COMPILER_GLOBAL_ACCENT_COLOR_NAME = AccentColor;
				CODE_SIGN_ENTITLEMENTS = 17StacksAdvanced/_7StacksAdvanced.entitlements;
				CODE_SIGN_STYLE = Automatic;
				CURRENT_PROJECT_VERSION = 1;
				DEVELOPMENT_ASSET_PATHS = "\"17StacksAdvanced/Preview Content\"";
				ENABLE_PREVIEWS = YES;
				GENERATE_INFOPLIST_FILE = YES;
				"INFOPLIST_KEY_UIApplicationSceneManifest_Generation[sdk=iphoneos*]" = YES;
				"INFOPLIST_KEY_UIApplicationSceneManifest_Generation[sdk=iphonesimulator*]" = YES;
				"INFOPLIST_KEY_UIApplicationSupportsIndirectInputEvents[sdk=iphoneos*]" = YES;
				"INFOPLIST_KEY_UIApplicationSupportsIndirectInputEvents[sdk=iphonesimulator*]" = YES;
				"INFOPLIST_KEY_UILaunchScreen_Generation[sdk=iphoneos*]" = YES;
				"INFOPLIST_KEY_UILaunchScreen_Generation[sdk=iphonesimulator*]" = YES;
				"INFOPLIST_KEY_UIStatusBarStyle[sdk=iphoneos*]" = UIStatusBarStyleDefault;
				"INFOPLIST_KEY_UIStatusBarStyle[sdk=iphonesimulator*]" = UIStatusBarStyleDefault;
				INFOPLIST_KEY_UISupportedInterfaceOrientations_iPad = "UIInterfaceOrientationPortrait UIInterfaceOrientationPortraitUpsideDown UIInterfaceOrientationLandscapeLeft UIInterfaceOrientationLandscapeRight";
				INFOPLIST_KEY_UISupportedInterfaceOrientations_iPhone = "UIInterfaceOrientationPortrait UIInterfaceOrientationLandscapeLeft UIInterfaceOrientationLandscapeRight";
				IPHONEOS_DEPLOYMENT_TARGET = 17.5;
				LD_RUNPATH_SEARCH_PATHS = "@executable_path/Frameworks";
				"LD_RUNPATH_SEARCH_PATHS[sdk=macosx*]" = "@executable_path/../Frameworks";
				MACOSX_DEPLOYMENT_TARGET = 14.4;
				MARKETING_VERSION = 1.0;
				PRODUCT_BUNDLE_IDENTIFIER = "com.sahil..-7StacksAdvanced";
				PRODUCT_NAME = "$(TARGET_NAME)";
				SDKROOT = auto;
				SUPPORTED_PLATFORMS = "iphoneos iphonesimulator macosx";
				SWIFT_EMIT_LOC_STRINGS = YES;
				SWIFT_VERSION = 5.0;
				TARGETED_DEVICE_FAMILY = "1,2";
			};
			name = Debug;
		};
		BA07C8E42C3D6CA6006EF90D /* Release */ = {
			isa = XCBuildConfiguration;
			buildSettings = {
				ASSETCATALOG_COMPILER_APPICON_NAME = AppIcon;
				ASSETCATALOG_COMPILER_GLOBAL_ACCENT_COLOR_NAME = AccentColor;
				CODE_SIGN_ENTITLEMENTS = 17StacksAdvanced/_7StacksAdvanced.entitlements;
				CODE_SIGN_STYLE = Automatic;
				CURRENT_PROJECT_VERSION = 1;
				DEVELOPMENT_ASSET_PATHS = "\"17StacksAdvanced/Preview Content\"";
				ENABLE_PREVIEWS = YES;
				GENERATE_INFOPLIST_FILE = YES;
				"INFOPLIST_KEY_UIApplicationSceneManifest_Generation[sdk=iphoneos*]" = YES;
				"INFOPLIST_KEY_UIApplicationSceneManifest_Generation[sdk=iphonesimulator*]" = YES;
				"INFOPLIST_KEY_UIApplicationSupportsIndirectInputEvents[sdk=iphoneos*]" = YES;
				"INFOPLIST_KEY_UIApplicationSupportsIndirectInputEvents[sdk=iphonesimulator*]" = YES;
				"INFOPLIST_KEY_UILaunchScreen_Generation[sdk=iphoneos*]" = YES;
				"INFOPLIST_KEY_UILaunchScreen_Generation[sdk=iphonesimulator*]" = YES;
				"INFOPLIST_KEY_UIStatusBarStyle[sdk=iphoneos*]" = UIStatusBarStyleDefault;
				"INFOPLIST_KEY_UIStatusBarStyle[sdk=iphonesimulator*]" = UIStatusBarStyleDefault;
				INFOPLIST_KEY_UISupportedInterfaceOrientations_iPad = "UIInterfaceOrientationPortrait UIInterfaceOrientationPortraitUpsideDown UIInterfaceOrientationLandscapeLeft UIInterfaceOrientationLandscapeRight";
				INFOPLIST_KEY_UISupportedInterfaceOrientations_iPhone = "UIInterfaceOrientationPortrait UIInterfaceOrientationLandscapeLeft UIInterfaceOrientationLandscapeRight";
				IPHONEOS_DEPLOYMENT_TARGET = 17.5;
				LD_RUNPATH_SEARCH_PATHS = "@executable_path/Frameworks";
				"LD_RUNPATH_SEARCH_PATHS[sdk=macosx*]" = "@executable_path/../Frameworks";
				MACOSX_DEPLOYMENT_TARGET = 14.4;
				MARKETING_VERSION = 1.0;
				PRODUCT_BUNDLE_IDENTIFIER = "com.sahil..-7StacksAdvanced";
				PRODUCT_NAME = "$(TARGET_NAME)";
				SDKROOT = auto;
				SUPPORTED_PLATFORMS = "iphoneos iphonesimulator macosx";
				SWIFT_EMIT_LOC_STRINGS = YES;
				SWIFT_VERSION = 5.0;
				TARGETED_DEVICE_FAMILY = "1,2";
			};
			name = Release;
		};
		BA07C8E62C3D6CA6006EF90D /* Debug */ = {
			isa = XCBuildConfiguration;
			buildSettings = {
				ALWAYS_EMBED_SWIFT_STANDARD_LIBRARIES = YES;
				BUNDLE_LOADER = "$(TEST_HOST)";
				CODE_SIGN_STYLE = Automatic;
				CURRENT_PROJECT_VERSION = 1;
				GENERATE_INFOPLIST_FILE = YES;
				IPHONEOS_DEPLOYMENT_TARGET = 17.5;
				MACOSX_DEPLOYMENT_TARGET = 14.4;
				MARKETING_VERSION = 1.0;
				PRODUCT_BUNDLE_IDENTIFIER = "com.sahil..-7StacksAdvancedTests";
				PRODUCT_NAME = "$(TARGET_NAME)";
				SDKROOT = auto;
				SUPPORTED_PLATFORMS = "iphoneos iphonesimulator macosx";
				SWIFT_EMIT_LOC_STRINGS = NO;
				SWIFT_VERSION = 5.0;
				TARGETED_DEVICE_FAMILY = "1,2";
				TEST_HOST = "$(BUILT_PRODUCTS_DIR)/17StacksAdvanced.app/$(BUNDLE_EXECUTABLE_FOLDER_PATH)/17StacksAdvanced";
			};
			name = Debug;
		};
		BA07C8E72C3D6CA6006EF90D /* Release */ = {
			isa = XCBuildConfiguration;
			buildSettings = {
				ALWAYS_EMBED_SWIFT_STANDARD_LIBRARIES = YES;
				BUNDLE_LOADER = "$(TEST_HOST)";
				CODE_SIGN_STYLE = Automatic;
				CURRENT_PROJECT_VERSION = 1;
				GENERATE_INFOPLIST_FILE = YES;
				IPHONEOS_DEPLOYMENT_TARGET = 17.5;
				MACOSX_DEPLOYMENT_TARGET = 14.4;
				MARKETING_VERSION = 1.0;
				PRODUCT_BUNDLE_IDENTIFIER = "com.sahil..-7StacksAdvancedTests";
				PRODUCT_NAME = "$(TARGET_NAME)";
				SDKROOT = auto;
				SUPPORTED_PLATFORMS = "iphoneos iphonesimulator macosx";
				SWIFT_EMIT_LOC_STRINGS = NO;
				SWIFT_VERSION = 5.0;
				TARGETED_DEVICE_FAMILY = "1,2";
				TEST_HOST = "$(BUILT_PRODUCTS_DIR)/17StacksAdvanced.app/$(BUNDLE_EXECUTABLE_FOLDER_PATH)/17StacksAdvanced";
			};
			name = Release;
		};
		BA07C8E92C3D6CA6006EF90D /* Debug */ = {
			isa = XCBuildConfiguration;
			buildSettings = {
				ALWAYS_EMBED_SWIFT_STANDARD_LIBRARIES = YES;
				CODE_SIGN_STYLE = Automatic;
				CURRENT_PROJECT_VERSION = 1;
				GENERATE_INFOPLIST_FILE = YES;
				IPHONEOS_DEPLOYMENT_TARGET = 17.5;
				MACOSX_DEPLOYMENT_TARGET = 14.4;
				MARKETING_VERSION = 1.0;
				PRODUCT_BUNDLE_IDENTIFIER = "com.sahil..-7StacksAdvancedUITests";
				PRODUCT_NAME = "$(TARGET_NAME)";
				SDKROOT = auto;
				SUPPORTED_PLATFORMS = "iphoneos iphonesimulator macosx";
				SWIFT_EMIT_LOC_STRINGS = NO;
				SWIFT_VERSION = 5.0;
				TARGETED_DEVICE_FAMILY = "1,2";
				TEST_TARGET_NAME = 17StacksAdvanced;
			};
			name = Debug;
		};
		BA07C8EA2C3D6CA6006EF90D /* Release */ = {
			isa = XCBuildConfiguration;
			buildSettings = {
				ALWAYS_EMBED_SWIFT_STANDARD_LIBRARIES = YES;
				CODE_SIGN_STYLE = Automatic;
				CURRENT_PROJECT_VERSION = 1;
				GENERATE_INFOPLIST_FILE = YES;
				IPHONEOS_DEPLOYMENT_TARGET = 17.5;
				MACOSX_DEPLOYMENT_TARGET = 14.4;
				MARKETING_VERSION = 1.0;
				PRODUCT_BUNDLE_IDENTIFIER = "com.sahil..-7StacksAdvancedUITests";
				PRODUCT_NAME = "$(TARGET_NAME)";
				SDKROOT = auto;
				SUPPORTED_PLATFORMS = "iphoneos iphonesimulator macosx";
				SWIFT_EMIT_LOC_STRINGS = NO;
				SWIFT_VERSION = 5.0;
				TARGETED_DEVICE_FAMILY = "1,2";
				TEST_TARGET_NAME = 17StacksAdvanced;
			};
			name = Release;
		};
/* End XCBuildConfiguration section */

/* Begin XCConfigurationList section */
		BA07C8B82C3D6CA2006EF90D /* Build configuration list for PBXProject "17StacksAdvanced" */ = {
			isa = XCConfigurationList;
			buildConfigurations = (
				BA07C8E02C3D6CA6006EF90D /* Debug */,
				BA07C8E12C3D6CA6006EF90D /* Release */,
			);
			defaultConfigurationIsVisible = 0;
			defaultConfigurationName = Release;
		};
		BA07C8E22C3D6CA6006EF90D /* Build configuration list for PBXNativeTarget "17StacksAdvanced" */ = {
			isa = XCConfigurationList;
			buildConfigurations = (
				BA07C8E32C3D6CA6006EF90D /* Debug */,
				BA07C8E42C3D6CA6006EF90D /* Release */,
			);
			defaultConfigurationIsVisible = 0;
			defaultConfigurationName = Release;
		};
		BA07C8E52C3D6CA6006EF90D /* Build configuration list for PBXNativeTarget "17StacksAdvancedTests" */ = {
			isa = XCConfigurationList;
			buildConfigurations = (
				BA07C8E62C3D6CA6006EF90D /* Debug */,
				BA07C8E72C3D6CA6006EF90D /* Release */,
			);
			defaultConfigurationIsVisible = 0;
			defaultConfigurationName = Release;
		};
		BA07C8E82C3D6CA6006EF90D /* Build configuration list for PBXNativeTarget "17StacksAdvancedUITests" */ = {
			isa = XCConfigurationList;
			buildConfigurations = (
				BA07C8E92C3D6CA6006EF90D /* Debug */,
				BA07C8EA2C3D6CA6006EF90D /* Release */,
			);
			defaultConfigurationIsVisible = 0;
			defaultConfigurationName = Release;
		};
/* End XCConfigurationList section */
	};
	rootObject = BA07C8B52C3D6CA2006EF90D /* Project object */;
}
